// !$*UTF8*$!
{
	archiveVersion = 1;
	classes = {
	};
	objectVersion = 50;
	objects = {

/* Begin PBXBuildFile section */
		4DB8EFFF259F17050012F02B /* HeaderView.swift in Sources */ = {isa = PBXBuildFile; fileRef = 4DB8EFFE259F17050012F02B /* HeaderView.swift */; };
		4DB8F004259F1E190012F02B /* BodyView.swift in Sources */ = {isa = PBXBuildFile; fileRef = 4DB8F003259F1E190012F02B /* BodyView.swift */; };
		4DD13FD9259ED18300C98EB8 /* AppDelegate.swift in Sources */ = {isa = PBXBuildFile; fileRef = 4DD13FD8259ED18300C98EB8 /* AppDelegate.swift */; };
		4DD13FDB259ED18300C98EB8 /* SceneDelegate.swift in Sources */ = {isa = PBXBuildFile; fileRef = 4DD13FDA259ED18300C98EB8 /* SceneDelegate.swift */; };
		4DD13FDD259ED18300C98EB8 /* ContentView.swift in Sources */ = {isa = PBXBuildFile; fileRef = 4DD13FDC259ED18300C98EB8 /* ContentView.swift */; };
		4DD13FE2259ED18600C98EB8 /* Assets.xcassets in Resources */ = {isa = PBXBuildFile; fileRef = 4DD13FE1259ED18600C98EB8 /* Assets.xcassets */; };
		4DD13FE5259ED18600C98EB8 /* PreviewAssets.xcassets in Resources */ = {isa = PBXBuildFile; fileRef = 4DD13FE4259ED18600C98EB8 /* PreviewAssets.xcassets */; };
		4DD13FF3259ED18700C98EB8 /* LoggingTests.swift in Sources */ = {isa = PBXBuildFile; fileRef = 4DD13FF2259ED18700C98EB8 /* LoggingTests.swift */; };
		4DD13FFE259ED18700C98EB8 /* LoggingUITests.swift in Sources */ = {isa = PBXBuildFile; fileRef = 4DD13FFD259ED18700C98EB8 /* LoggingUITests.swift */; };
		4DE18EF025A38E3C0027A580 /* LaunchScreen.storyboard in Resources */ = {isa = PBXBuildFile; fileRef = 4DE18EEF25A38E3B0027A580 /* LaunchScreen.storyboard */; };
		4DFF496825A55A6600C65720 /* OverviewView.swift in Sources */ = {isa = PBXBuildFile; fileRef = 4DFF496725A55A6600C65720 /* OverviewView.swift */; };
		4DFF497125A5776900C65720 /* AircrewListView.swift in Sources */ = {isa = PBXBuildFile; fileRef = 4DFF497025A5776900C65720 /* AircrewListView.swift */; };
		4DFF497625A577AC00C65720 /* AircrewDataView.swift in Sources */ = {isa = PBXBuildFile; fileRef = 4DFF497525A577AC00C65720 /* AircrewDataView.swift */; };
		7F83DA7725A3B22300D5860C /* DMSans-Medium.ttf in Resources */ = {isa = PBXBuildFile; fileRef = 7F83DA7425A3B22300D5860C /* DMSans-Medium.ttf */; };
		7F83DA7825A3B22300D5860C /* DMSans-Regular.ttf in Resources */ = {isa = PBXBuildFile; fileRef = 7F83DA7525A3B22300D5860C /* DMSans-Regular.ttf */; };
		7F83DA7925A3B22300D5860C /* DMSans-Bold.ttf in Resources */ = {isa = PBXBuildFile; fileRef = 7F83DA7625A3B22300D5860C /* DMSans-Bold.ttf */; };
		7F83DA8B25A3C16200D5860C /* FormView.swift in Sources */ = {isa = PBXBuildFile; fileRef = 7F83DA8A25A3C16200D5860C /* FormView.swift */; };
		7F83DA9C25A4BAF000D5860C /* SideView.swift in Sources */ = {isa = PBXBuildFile; fileRef = 7F83DA9B25A4BAF000D5860C /* SideView.swift */; };
		7F83DAAA25A4BB7E00D5860C /* SideViewButton.swift in Sources */ = {isa = PBXBuildFile; fileRef = 7F83DAA925A4BB7E00D5860C /* SideViewButton.swift */; };
		7F83DAB225A4C2EF00D5860C /* TextAndIconButton.swift in Sources */ = {isa = PBXBuildFile; fileRef = 7F83DAB125A4C2EF00D5860C /* TextAndIconButton.swift */; };
		7F83DABF25A4C44A00D5860C /* BoldText.swift in Sources */ = {isa = PBXBuildFile; fileRef = 7F83DABE25A4C44A00D5860C /* BoldText.swift */; };
		7F83DAC425A4C6A900D5860C /* MissionDataView.swift in Sources */ = {isa = PBXBuildFile; fileRef = 7F83DAC325A4C6A900D5860C /* MissionDataView.swift */; };
		7F83DAC925A4CC5D00D5860C /* FormHeaderView.swift in Sources */ = {isa = PBXBuildFile; fileRef = 7F83DAC825A4CC5D00D5860C /* FormHeaderView.swift */; };
		7F83DACE25A4CF4200D5860C /* MissionDataInfoView.swift in Sources */ = {isa = PBXBuildFile; fileRef = 7F83DACD25A4CF4200D5860C /* MissionDataInfoView.swift */; };
		7F83DAD325A4CFE600D5860C /* FlightSeqListView.swift in Sources */ = {isa = PBXBuildFile; fileRef = 7F83DAD225A4CFE600D5860C /* FlightSeqListView.swift */; };
		7FF0FE5A25A6229400097C66 /* FlightSeqCellView.swift in Sources */ = {isa = PBXBuildFile; fileRef = 7FF0FE5925A6229400097C66 /* FlightSeqCellView.swift */; };
		7FF0FE5F25A6291200097C66 /* AircrewList.swift in Sources */ = {isa = PBXBuildFile; fileRef = 7FF0FE5E25A6291200097C66 /* AircrewList.swift */; };
		7FF0FE6425A6295A00097C66 /* AircrewListCellView.swift in Sources */ = {isa = PBXBuildFile; fileRef = 7FF0FE6325A6295A00097C66 /* AircrewListCellView.swift */; };
		7FF0FE6925A629DC00097C66 /* CellText.swift in Sources */ = {isa = PBXBuildFile; fileRef = 7FF0FE6825A629DC00097C66 /* CellText.swift */; };
		7FF0FE7125A648FE00097C66 /* FlightTimeListView.swift in Sources */ = {isa = PBXBuildFile; fileRef = 7FF0FE7025A648FE00097C66 /* FlightTimeListView.swift */; };
		7FF0FE7625A64B0B00097C66 /* FlightTimeCellView.swift in Sources */ = {isa = PBXBuildFile; fileRef = 7FF0FE7525A64B0B00097C66 /* FlightTimeCellView.swift */; };
		7FF0FE7B25A64CC700097C66 /* RegularText.swift in Sources */ = {isa = PBXBuildFile; fileRef = 7FF0FE7A25A64CC700097C66 /* RegularText.swift */; };
		7FF0FE8325A64D9200097C66 /* ListHeaderText.swift in Sources */ = {isa = PBXBuildFile; fileRef = 7FF0FE8225A64D9200097C66 /* ListHeaderText.swift */; };
		BF4056F925A555D700872E70 /* Form781+SwiftUIHelpers.swift in Sources */ = {isa = PBXBuildFile; fileRef = BF4056F825A555D700872E70 /* Form781+SwiftUIHelpers.swift */; };
		BF5C1F2425A683690075404C /* AlertProvider.swift in Sources */ = {isa = PBXBuildFile; fileRef = BF5C1F2325A683690075404C /* AlertProvider.swift */; };
		BF982CC825A54B0500C14019 /* PBLogging.xcdatamodeld in Sources */ = {isa = PBXBuildFile; fileRef = BF982CC625A54B0500C14019 /* PBLogging.xcdatamodeld */; };
		BF982CD025A54E3D00C14019 /* Persistence.swift in Sources */ = {isa = PBXBuildFile; fileRef = BF982CCF25A54E3D00C14019 /* Persistence.swift */; };
		BF982CD525A54E5900C14019 /* FauxData.swift in Sources */ = {isa = PBXBuildFile; fileRef = BF982CD425A54E5900C14019 /* FauxData.swift */; };
		BF982CE225A54ECF00C14019 /* Form781+CoreDataClass.swift in Sources */ = {isa = PBXBuildFile; fileRef = BF982CDC25A54ECF00C14019 /* Form781+CoreDataClass.swift */; };
		BF982CE325A54ECF00C14019 /* Form781+CoreDataProperties.swift in Sources */ = {isa = PBXBuildFile; fileRef = BF982CDD25A54ECF00C14019 /* Form781+CoreDataProperties.swift */; };
		BF982CE425A54ECF00C14019 /* AircrewData+CoreDataClass.swift in Sources */ = {isa = PBXBuildFile; fileRef = BF982CDE25A54ECF00C14019 /* AircrewData+CoreDataClass.swift */; };
		BF982CE525A54ECF00C14019 /* AircrewData+CoreDataProperties.swift in Sources */ = {isa = PBXBuildFile; fileRef = BF982CDF25A54ECF00C14019 /* AircrewData+CoreDataProperties.swift */; };
		BF982CE625A54ECF00C14019 /* Flight+CoreDataClass.swift in Sources */ = {isa = PBXBuildFile; fileRef = BF982CE025A54ECF00C14019 /* Flight+CoreDataClass.swift */; };
		BF982CE725A54ECF00C14019 /* Flight+CoreDataProperties.swift in Sources */ = {isa = PBXBuildFile; fileRef = BF982CE125A54ECF00C14019 /* Flight+CoreDataProperties.swift */; };
		BF982CEF25A54EFE00C14019 /* Date+Ext.swift in Sources */ = {isa = PBXBuildFile; fileRef = BF982CEE25A54EFE00C14019 /* Date+Ext.swift */; };
		BFDD329425A4FE83000FE732 /* Color+PBLStyle.swift in Sources */ = {isa = PBXBuildFile; fileRef = BFDD329325A4FE83000FE732 /* Color+PBLStyle.swift */; };
/* End PBXBuildFile section */

/* Begin PBXContainerItemProxy section */
		4DD13FEF259ED18700C98EB8 /* PBXContainerItemProxy */ = {
			isa = PBXContainerItemProxy;
			containerPortal = 4DD13FCD259ED18300C98EB8 /* Project object */;
			proxyType = 1;
			remoteGlobalIDString = 4DD13FD4259ED18300C98EB8;
			remoteInfo = Logging;
		};
		4DD13FFA259ED18700C98EB8 /* PBXContainerItemProxy */ = {
			isa = PBXContainerItemProxy;
			containerPortal = 4DD13FCD259ED18300C98EB8 /* Project object */;
			proxyType = 1;
			remoteGlobalIDString = 4DD13FD4259ED18300C98EB8;
			remoteInfo = Logging;
		};
/* End PBXContainerItemProxy section */

/* Begin PBXFileReference section */
		4DB8EFFE259F17050012F02B /* HeaderView.swift */ = {isa = PBXFileReference; lastKnownFileType = sourcecode.swift; path = HeaderView.swift; sourceTree = "<group>"; };
		4DB8F003259F1E190012F02B /* BodyView.swift */ = {isa = PBXFileReference; lastKnownFileType = sourcecode.swift; path = BodyView.swift; sourceTree = "<group>"; };
		4DD13FD5259ED18300C98EB8 /* Logging.app */ = {isa = PBXFileReference; explicitFileType = wrapper.application; includeInIndex = 0; path = Logging.app; sourceTree = BUILT_PRODUCTS_DIR; };
		4DD13FD8259ED18300C98EB8 /* AppDelegate.swift */ = {isa = PBXFileReference; lastKnownFileType = sourcecode.swift; path = AppDelegate.swift; sourceTree = "<group>"; };
		4DD13FDA259ED18300C98EB8 /* SceneDelegate.swift */ = {isa = PBXFileReference; lastKnownFileType = sourcecode.swift; path = SceneDelegate.swift; sourceTree = "<group>"; };
		4DD13FDC259ED18300C98EB8 /* ContentView.swift */ = {isa = PBXFileReference; lastKnownFileType = sourcecode.swift; path = ContentView.swift; sourceTree = "<group>"; };
		4DD13FE1259ED18600C98EB8 /* Assets.xcassets */ = {isa = PBXFileReference; lastKnownFileType = folder.assetcatalog; path = Assets.xcassets; sourceTree = "<group>"; };
		4DD13FE4259ED18600C98EB8 /* PreviewAssets.xcassets */ = {isa = PBXFileReference; lastKnownFileType = folder.assetcatalog; path = PreviewAssets.xcassets; sourceTree = "<group>"; };
		4DD13FE9259ED18600C98EB8 /* Info.plist */ = {isa = PBXFileReference; lastKnownFileType = text.plist.xml; path = Info.plist; sourceTree = "<group>"; };
		4DD13FEE259ED18700C98EB8 /* LoggingTests.xctest */ = {isa = PBXFileReference; explicitFileType = wrapper.cfbundle; includeInIndex = 0; path = LoggingTests.xctest; sourceTree = BUILT_PRODUCTS_DIR; };
		4DD13FF2259ED18700C98EB8 /* LoggingTests.swift */ = {isa = PBXFileReference; lastKnownFileType = sourcecode.swift; path = LoggingTests.swift; sourceTree = "<group>"; };
		4DD13FF4259ED18700C98EB8 /* Info.plist */ = {isa = PBXFileReference; lastKnownFileType = text.plist.xml; path = Info.plist; sourceTree = "<group>"; };
		4DD13FF9259ED18700C98EB8 /* LoggingUITests.xctest */ = {isa = PBXFileReference; explicitFileType = wrapper.cfbundle; includeInIndex = 0; path = LoggingUITests.xctest; sourceTree = BUILT_PRODUCTS_DIR; };
		4DD13FFD259ED18700C98EB8 /* LoggingUITests.swift */ = {isa = PBXFileReference; lastKnownFileType = sourcecode.swift; path = LoggingUITests.swift; sourceTree = "<group>"; };
		4DD13FFF259ED18700C98EB8 /* Info.plist */ = {isa = PBXFileReference; lastKnownFileType = text.plist.xml; path = Info.plist; sourceTree = "<group>"; };
		4DE18EEF25A38E3B0027A580 /* LaunchScreen.storyboard */ = {isa = PBXFileReference; fileEncoding = 4; lastKnownFileType = file.storyboard; path = LaunchScreen.storyboard; sourceTree = "<group>"; };
		4DFF496725A55A6600C65720 /* OverviewView.swift */ = {isa = PBXFileReference; lastKnownFileType = sourcecode.swift; path = OverviewView.swift; sourceTree = "<group>"; };
		4DFF497025A5776900C65720 /* AircrewListView.swift */ = {isa = PBXFileReference; lastKnownFileType = sourcecode.swift; path = AircrewListView.swift; sourceTree = "<group>"; };
		4DFF497525A577AC00C65720 /* AircrewDataView.swift */ = {isa = PBXFileReference; lastKnownFileType = sourcecode.swift; path = AircrewDataView.swift; sourceTree = "<group>"; };
		7F83DA7425A3B22300D5860C /* DMSans-Medium.ttf */ = {isa = PBXFileReference; lastKnownFileType = file; path = "DMSans-Medium.ttf"; sourceTree = "<group>"; };
		7F83DA7525A3B22300D5860C /* DMSans-Regular.ttf */ = {isa = PBXFileReference; lastKnownFileType = file; path = "DMSans-Regular.ttf"; sourceTree = "<group>"; };
		7F83DA7625A3B22300D5860C /* DMSans-Bold.ttf */ = {isa = PBXFileReference; lastKnownFileType = file; path = "DMSans-Bold.ttf"; sourceTree = "<group>"; };
		7F83DA8A25A3C16200D5860C /* FormView.swift */ = {isa = PBXFileReference; lastKnownFileType = sourcecode.swift; path = FormView.swift; sourceTree = "<group>"; };
		7F83DA9B25A4BAF000D5860C /* SideView.swift */ = {isa = PBXFileReference; lastKnownFileType = sourcecode.swift; path = SideView.swift; sourceTree = "<group>"; };
		7F83DAA925A4BB7E00D5860C /* SideViewButton.swift */ = {isa = PBXFileReference; lastKnownFileType = sourcecode.swift; path = SideViewButton.swift; sourceTree = "<group>"; };
		7F83DAB125A4C2EF00D5860C /* TextAndIconButton.swift */ = {isa = PBXFileReference; lastKnownFileType = sourcecode.swift; path = TextAndIconButton.swift; sourceTree = "<group>"; };
		7F83DABE25A4C44A00D5860C /* BoldText.swift */ = {isa = PBXFileReference; lastKnownFileType = sourcecode.swift; path = BoldText.swift; sourceTree = "<group>"; };
		7F83DAC325A4C6A900D5860C /* MissionDataView.swift */ = {isa = PBXFileReference; lastKnownFileType = sourcecode.swift; path = MissionDataView.swift; sourceTree = "<group>"; };
		7F83DAC825A4CC5D00D5860C /* FormHeaderView.swift */ = {isa = PBXFileReference; lastKnownFileType = sourcecode.swift; path = FormHeaderView.swift; sourceTree = "<group>"; };
		7F83DACD25A4CF4200D5860C /* MissionDataInfoView.swift */ = {isa = PBXFileReference; lastKnownFileType = sourcecode.swift; path = MissionDataInfoView.swift; sourceTree = "<group>"; };
		7F83DAD225A4CFE600D5860C /* FlightSeqListView.swift */ = {isa = PBXFileReference; lastKnownFileType = sourcecode.swift; path = FlightSeqListView.swift; sourceTree = "<group>"; };
		7FF0FE5925A6229400097C66 /* FlightSeqCellView.swift */ = {isa = PBXFileReference; lastKnownFileType = sourcecode.swift; path = FlightSeqCellView.swift; sourceTree = "<group>"; };
		7FF0FE5E25A6291200097C66 /* AircrewList.swift */ = {isa = PBXFileReference; lastKnownFileType = sourcecode.swift; path = AircrewList.swift; sourceTree = "<group>"; };
		7FF0FE6325A6295A00097C66 /* AircrewListCellView.swift */ = {isa = PBXFileReference; lastKnownFileType = sourcecode.swift; path = AircrewListCellView.swift; sourceTree = "<group>"; };
		7FF0FE6825A629DC00097C66 /* CellText.swift */ = {isa = PBXFileReference; lastKnownFileType = sourcecode.swift; path = CellText.swift; sourceTree = "<group>"; };
		7FF0FE7025A648FE00097C66 /* FlightTimeListView.swift */ = {isa = PBXFileReference; lastKnownFileType = sourcecode.swift; path = FlightTimeListView.swift; sourceTree = "<group>"; };
		7FF0FE7525A64B0B00097C66 /* FlightTimeCellView.swift */ = {isa = PBXFileReference; lastKnownFileType = sourcecode.swift; path = FlightTimeCellView.swift; sourceTree = "<group>"; };
		7FF0FE7A25A64CC700097C66 /* RegularText.swift */ = {isa = PBXFileReference; lastKnownFileType = sourcecode.swift; path = RegularText.swift; sourceTree = "<group>"; };
		7FF0FE8225A64D9200097C66 /* ListHeaderText.swift */ = {isa = PBXFileReference; lastKnownFileType = sourcecode.swift; path = ListHeaderText.swift; sourceTree = "<group>"; };
		BF4056F825A555D700872E70 /* Form781+SwiftUIHelpers.swift */ = {isa = PBXFileReference; fileEncoding = 4; lastKnownFileType = sourcecode.swift; path = "Form781+SwiftUIHelpers.swift"; sourceTree = "<group>"; };
		BF5C1F2325A683690075404C /* AlertProvider.swift */ = {isa = PBXFileReference; lastKnownFileType = sourcecode.swift; path = AlertProvider.swift; sourceTree = "<group>"; };
		BF982CC725A54B0500C14019 /* PBLiOS.xcdatamodel */ = {isa = PBXFileReference; lastKnownFileType = wrapper.xcdatamodel; path = PBLiOS.xcdatamodel; sourceTree = "<group>"; };
		BF982CCF25A54E3D00C14019 /* Persistence.swift */ = {isa = PBXFileReference; fileEncoding = 4; lastKnownFileType = sourcecode.swift; path = Persistence.swift; sourceTree = "<group>"; };
		BF982CD425A54E5900C14019 /* FauxData.swift */ = {isa = PBXFileReference; fileEncoding = 4; lastKnownFileType = sourcecode.swift; path = FauxData.swift; sourceTree = "<group>"; };
		BF982CDC25A54ECF00C14019 /* Form781+CoreDataClass.swift */ = {isa = PBXFileReference; lastKnownFileType = sourcecode.swift; path = "Form781+CoreDataClass.swift"; sourceTree = "<group>"; };
		BF982CDD25A54ECF00C14019 /* Form781+CoreDataProperties.swift */ = {isa = PBXFileReference; lastKnownFileType = sourcecode.swift; path = "Form781+CoreDataProperties.swift"; sourceTree = "<group>"; };
		BF982CDE25A54ECF00C14019 /* AircrewData+CoreDataClass.swift */ = {isa = PBXFileReference; lastKnownFileType = sourcecode.swift; path = "AircrewData+CoreDataClass.swift"; sourceTree = "<group>"; };
		BF982CDF25A54ECF00C14019 /* AircrewData+CoreDataProperties.swift */ = {isa = PBXFileReference; lastKnownFileType = sourcecode.swift; path = "AircrewData+CoreDataProperties.swift"; sourceTree = "<group>"; };
		BF982CE025A54ECF00C14019 /* Flight+CoreDataClass.swift */ = {isa = PBXFileReference; lastKnownFileType = sourcecode.swift; path = "Flight+CoreDataClass.swift"; sourceTree = "<group>"; };
		BF982CE125A54ECF00C14019 /* Flight+CoreDataProperties.swift */ = {isa = PBXFileReference; lastKnownFileType = sourcecode.swift; path = "Flight+CoreDataProperties.swift"; sourceTree = "<group>"; };
		BF982CEE25A54EFE00C14019 /* Date+Ext.swift */ = {isa = PBXFileReference; fileEncoding = 4; lastKnownFileType = sourcecode.swift; path = "Date+Ext.swift"; sourceTree = "<group>"; };
		BFDD329325A4FE83000FE732 /* Color+PBLStyle.swift */ = {isa = PBXFileReference; lastKnownFileType = sourcecode.swift; path = "Color+PBLStyle.swift"; sourceTree = "<group>"; };
/* End PBXFileReference section */

/* Begin PBXFrameworksBuildPhase section */
		4DD13FD2259ED18300C98EB8 /* Frameworks */ = {
			isa = PBXFrameworksBuildPhase;
			buildActionMask = 2147483647;
			files = (
			);
			runOnlyForDeploymentPostprocessing = 0;
		};
		4DD13FEB259ED18700C98EB8 /* Frameworks */ = {
			isa = PBXFrameworksBuildPhase;
			buildActionMask = 2147483647;
			files = (
			);
			runOnlyForDeploymentPostprocessing = 0;
		};
		4DD13FF6259ED18700C98EB8 /* Frameworks */ = {
			isa = PBXFrameworksBuildPhase;
			buildActionMask = 2147483647;
			files = (
			);
			runOnlyForDeploymentPostprocessing = 0;
		};
/* End PBXFrameworksBuildPhase section */

/* Begin PBXGroup section */
		4D8A8F2125A5325500D197FD /* SideViews */ = {
			isa = PBXGroup;
			children = (
				7F83DA9B25A4BAF000D5860C /* SideView.swift */,
				7F83DAA925A4BB7E00D5860C /* SideViewButton.swift */,
			);
			path = SideViews;
			sourceTree = "<group>";
		};
		4D8A8F2525A5330B00D197FD /* Misc */ = {
			isa = PBXGroup;
			children = (
				7F83DABE25A4C44A00D5860C /* BoldText.swift */,
				7FF0FE7A25A64CC700097C66 /* RegularText.swift */,
				7F83DAB125A4C2EF00D5860C /* TextAndIconButton.swift */,
				7FF0FE6825A629DC00097C66 /* CellText.swift */,
				7FF0FE8225A64D9200097C66 /* ListHeaderText.swift */,
			);
			path = Misc;
			sourceTree = "<group>";
		};
		4D8A8F2925A5357F00D197FD /* FormViews */ = {
			isa = PBXGroup;
			children = (
				7F83DA8A25A3C16200D5860C /* FormView.swift */,
				7F83DAC825A4CC5D00D5860C /* FormHeaderView.swift */,
				4DFF496325A559A000C65720 /* Overview */,
				4DFF496425A559AA00C65720 /* MissionData */,
				4DFF496525A559B900C65720 /* AircrewList */,
				4DFF496625A559CB00C65720 /* AircrewData */,
				7F83DAD225A4CFE600D5860C /* FlightSeqListView.swift */,
				7FF0FE5925A6229400097C66 /* FlightSeqCellView.swift */,
			);
			path = FormViews;
			sourceTree = "<group>";
		};
		4DD13FCC259ED18300C98EB8 = {
			isa = PBXGroup;
			children = (
				4DD13FD7259ED18300C98EB8 /* PBLogging */,
				4DD13FF1259ED18700C98EB8 /* LoggingTests */,
				4DD13FFC259ED18700C98EB8 /* LoggingUITests */,
				4DD13FD6259ED18300C98EB8 /* Products */,
			);
			sourceTree = "<group>";
		};
		4DD13FD6259ED18300C98EB8 /* Products */ = {
			isa = PBXGroup;
			children = (
				4DD13FD5259ED18300C98EB8 /* Logging.app */,
				4DD13FEE259ED18700C98EB8 /* LoggingTests.xctest */,
				4DD13FF9259ED18700C98EB8 /* LoggingUITests.xctest */,
			);
			name = Products;
			sourceTree = "<group>";
		};
		4DD13FD7259ED18300C98EB8 /* PBLogging */ = {
			isa = PBXGroup;
			children = (
				4DD1400E259ED1DB00C98EB8 /* App */,
				4DD14010259ED22800C98EB8 /* Views */,
				4DD14011259ED23900C98EB8 /* Data */,
				BFDD329225A4FE70000FE732 /* Extensions */,
				4DD13FE9259ED18600C98EB8 /* Info.plist */,
				4DE18EEF25A38E3B0027A580 /* LaunchScreen.storyboard */,
				4DD1400F259ED1F500C98EB8 /* Resources */,
				BF5C1F2225A6835A0075404C /* Utilities */,
				4DD13FE3259ED18600C98EB8 /* PreviewContent */,
			);
			path = PBLogging;
			sourceTree = "<group>";
		};
		4DD13FE3259ED18600C98EB8 /* PreviewContent */ = {
			isa = PBXGroup;
			children = (
				4DD13FE4259ED18600C98EB8 /* PreviewAssets.xcassets */,
			);
			path = PreviewContent;
			sourceTree = "<group>";
		};
		4DD13FF1259ED18700C98EB8 /* LoggingTests */ = {
			isa = PBXGroup;
			children = (
				4DD13FF2259ED18700C98EB8 /* LoggingTests.swift */,
				4DD13FF4259ED18700C98EB8 /* Info.plist */,
			);
			path = LoggingTests;
			sourceTree = "<group>";
		};
		4DD13FFC259ED18700C98EB8 /* LoggingUITests */ = {
			isa = PBXGroup;
			children = (
				4DD13FFD259ED18700C98EB8 /* LoggingUITests.swift */,
				4DD13FFF259ED18700C98EB8 /* Info.plist */,
			);
			path = LoggingUITests;
			sourceTree = "<group>";
		};
		4DD1400E259ED1DB00C98EB8 /* App */ = {
			isa = PBXGroup;
			children = (
				4DD13FD8259ED18300C98EB8 /* AppDelegate.swift */,
				4DD13FDA259ED18300C98EB8 /* SceneDelegate.swift */,
			);
			path = App;
			sourceTree = "<group>";
		};
		4DD1400F259ED1F500C98EB8 /* Resources */ = {
			isa = PBXGroup;
			children = (
				7F83DA7325A3B17400D5860C /* Fonts */,
				4DD13FE1259ED18600C98EB8 /* Assets.xcassets */,
			);
			path = Resources;
			sourceTree = "<group>";
		};
		4DD14010259ED22800C98EB8 /* Views */ = {
			isa = PBXGroup;
			children = (
				4DD13FDC259ED18300C98EB8 /* ContentView.swift */,
				4DB8EFFE259F17050012F02B /* HeaderView.swift */,
				4DB8F003259F1E190012F02B /* BodyView.swift */,
				4D8A8F2125A5325500D197FD /* SideViews */,
				4D8A8F2925A5357F00D197FD /* FormViews */,
				4D8A8F2525A5330B00D197FD /* Misc */,
			);
			path = Views;
			sourceTree = "<group>";
		};
		4DD14011259ED23900C98EB8 /* Data */ = {
			isa = PBXGroup;
			children = (
				BF982CDC25A54ECF00C14019 /* Form781+CoreDataClass.swift */,
				BF982CDD25A54ECF00C14019 /* Form781+CoreDataProperties.swift */,
				BF4056F825A555D700872E70 /* Form781+SwiftUIHelpers.swift */,
				BF982CDE25A54ECF00C14019 /* AircrewData+CoreDataClass.swift */,
				BF982CDF25A54ECF00C14019 /* AircrewData+CoreDataProperties.swift */,
				BF982CE025A54ECF00C14019 /* Flight+CoreDataClass.swift */,
				BF982CE125A54ECF00C14019 /* Flight+CoreDataProperties.swift */,
				BF982CD425A54E5900C14019 /* FauxData.swift */,
				BF982CCF25A54E3D00C14019 /* Persistence.swift */,
				BF982CC625A54B0500C14019 /* PBLogging.xcdatamodeld */,
			);
			path = Data;
			sourceTree = "<group>";
		};
		4DFF496325A559A000C65720 /* Overview */ = {
			isa = PBXGroup;
			children = (
				4DFF496725A55A6600C65720 /* OverviewView.swift */,
			);
			path = Overview;
			sourceTree = "<group>";
		};
		4DFF496425A559AA00C65720 /* MissionData */ = {
			isa = PBXGroup;
			children = (
				7F83DAC325A4C6A900D5860C /* MissionDataView.swift */,
				7F83DACD25A4CF4200D5860C /* MissionDataInfoView.swift */,
			);
			path = MissionData;
			sourceTree = "<group>";
		};
		4DFF496525A559B900C65720 /* AircrewList */ = {
			isa = PBXGroup;
			children = (
				4DFF497025A5776900C65720 /* AircrewListView.swift */,
				7FF0FE5E25A6291200097C66 /* AircrewList.swift */,
				7FF0FE6325A6295A00097C66 /* AircrewListCellView.swift */,
			);
			path = AircrewList;
			sourceTree = "<group>";
		};
		4DFF496625A559CB00C65720 /* AircrewData */ = {
			isa = PBXGroup;
			children = (
				4DFF497525A577AC00C65720 /* AircrewDataView.swift */,
				7FF0FE7025A648FE00097C66 /* FlightTimeListView.swift */,
				7FF0FE7525A64B0B00097C66 /* FlightTimeCellView.swift */,
			);
			path = AircrewData;
			sourceTree = "<group>";
		};
		7F83DA7325A3B17400D5860C /* Fonts */ = {
			isa = PBXGroup;
			children = (
				7F83DA7625A3B22300D5860C /* DMSans-Bold.ttf */,
				7F83DA7425A3B22300D5860C /* DMSans-Medium.ttf */,
				7F83DA7525A3B22300D5860C /* DMSans-Regular.ttf */,
			);
			path = Fonts;
			sourceTree = "<group>";
		};
		BF5C1F2225A6835A0075404C /* Utilities */ = {
			isa = PBXGroup;
			children = (
				BF5C1F2325A683690075404C /* AlertProvider.swift */,
			);
			path = Utilities;
			sourceTree = "<group>";
		};
		BFDD329225A4FE70000FE732 /* Extensions */ = {
			isa = PBXGroup;
			children = (
				BF982CEE25A54EFE00C14019 /* Date+Ext.swift */,
				BFDD329325A4FE83000FE732 /* Color+PBLStyle.swift */,
			);
			path = Extensions;
			sourceTree = "<group>";
		};
/* End PBXGroup section */

/* Begin PBXNativeTarget section */
		4DD13FD4259ED18300C98EB8 /* Logging */ = {
			isa = PBXNativeTarget;
			buildConfigurationList = 4DD14002259ED18700C98EB8 /* Build configuration list for PBXNativeTarget "Logging" */;
			buildPhases = (
				4DD13FD1259ED18300C98EB8 /* Sources */,
				4DD13FD2259ED18300C98EB8 /* Frameworks */,
				4DD13FD3259ED18300C98EB8 /* Resources */,
				4D6E40F6259FECFC00F89538 /* Set Build Version Script */,
			);
			buildRules = (
			);
			dependencies = (
			);
			name = Logging;
			productName = Logging;
			productReference = 4DD13FD5259ED18300C98EB8 /* Logging.app */;
			productType = "com.apple.product-type.application";
		};
		4DD13FED259ED18700C98EB8 /* LoggingTests */ = {
			isa = PBXNativeTarget;
			buildConfigurationList = 4DD14005259ED18700C98EB8 /* Build configuration list for PBXNativeTarget "LoggingTests" */;
			buildPhases = (
				4DD13FEA259ED18700C98EB8 /* Sources */,
				4DD13FEB259ED18700C98EB8 /* Frameworks */,
				4DD13FEC259ED18700C98EB8 /* Resources */,
			);
			buildRules = (
			);
			dependencies = (
				4DD13FF0259ED18700C98EB8 /* PBXTargetDependency */,
			);
			name = LoggingTests;
			productName = LoggingTests;
			productReference = 4DD13FEE259ED18700C98EB8 /* LoggingTests.xctest */;
			productType = "com.apple.product-type.bundle.unit-test";
		};
		4DD13FF8259ED18700C98EB8 /* LoggingUITests */ = {
			isa = PBXNativeTarget;
			buildConfigurationList = 4DD14008259ED18700C98EB8 /* Build configuration list for PBXNativeTarget "LoggingUITests" */;
			buildPhases = (
				4DD13FF5259ED18700C98EB8 /* Sources */,
				4DD13FF6259ED18700C98EB8 /* Frameworks */,
				4DD13FF7259ED18700C98EB8 /* Resources */,
			);
			buildRules = (
			);
			dependencies = (
				4DD13FFB259ED18700C98EB8 /* PBXTargetDependency */,
			);
			name = LoggingUITests;
			productName = LoggingUITests;
			productReference = 4DD13FF9259ED18700C98EB8 /* LoggingUITests.xctest */;
			productType = "com.apple.product-type.bundle.ui-testing";
		};
/* End PBXNativeTarget section */

/* Begin PBXProject section */
		4DD13FCD259ED18300C98EB8 /* Project object */ = {
			isa = PBXProject;
			attributes = {
				LastSwiftUpdateCheck = 1230;
				LastUpgradeCheck = 1230;
				TargetAttributes = {
					4DD13FD4259ED18300C98EB8 = {
						CreatedOnToolsVersion = 12.3;
					};
					4DD13FED259ED18700C98EB8 = {
						CreatedOnToolsVersion = 12.3;
						TestTargetID = 4DD13FD4259ED18300C98EB8;
					};
					4DD13FF8259ED18700C98EB8 = {
						CreatedOnToolsVersion = 12.3;
						TestTargetID = 4DD13FD4259ED18300C98EB8;
					};
				};
			};
			buildConfigurationList = 4DD13FD0259ED18300C98EB8 /* Build configuration list for PBXProject "PBLogging" */;
			compatibilityVersion = "Xcode 9.3";
			developmentRegion = en;
			hasScannedForEncodings = 0;
			knownRegions = (
				en,
				Base,
			);
			mainGroup = 4DD13FCC259ED18300C98EB8;
			productRefGroup = 4DD13FD6259ED18300C98EB8 /* Products */;
			projectDirPath = "";
			projectRoot = "";
			targets = (
				4DD13FD4259ED18300C98EB8 /* Logging */,
				4DD13FED259ED18700C98EB8 /* LoggingTests */,
				4DD13FF8259ED18700C98EB8 /* LoggingUITests */,
			);
		};
/* End PBXProject section */

/* Begin PBXResourcesBuildPhase section */
		4DD13FD3259ED18300C98EB8 /* Resources */ = {
			isa = PBXResourcesBuildPhase;
			buildActionMask = 2147483647;
			files = (
				7F83DA7825A3B22300D5860C /* DMSans-Regular.ttf in Resources */,
				7F83DA7925A3B22300D5860C /* DMSans-Bold.ttf in Resources */,
				4DE18EF025A38E3C0027A580 /* LaunchScreen.storyboard in Resources */,
				7F83DA7725A3B22300D5860C /* DMSans-Medium.ttf in Resources */,
				4DD13FE5259ED18600C98EB8 /* PreviewAssets.xcassets in Resources */,
				4DD13FE2259ED18600C98EB8 /* Assets.xcassets in Resources */,
			);
			runOnlyForDeploymentPostprocessing = 0;
		};
		4DD13FEC259ED18700C98EB8 /* Resources */ = {
			isa = PBXResourcesBuildPhase;
			buildActionMask = 2147483647;
			files = (
			);
			runOnlyForDeploymentPostprocessing = 0;
		};
		4DD13FF7259ED18700C98EB8 /* Resources */ = {
			isa = PBXResourcesBuildPhase;
			buildActionMask = 2147483647;
			files = (
			);
			runOnlyForDeploymentPostprocessing = 0;
		};
/* End PBXResourcesBuildPhase section */

/* Begin PBXShellScriptBuildPhase section */
		4D6E40F6259FECFC00F89538 /* Set Build Version Script */ = {
			isa = PBXShellScriptBuildPhase;
			buildActionMask = 2147483647;
			files = (
			);
			inputFileListPaths = (
			);
			inputPaths = (
			);
			name = "Set Build Version Script";
			outputFileListPaths = (
			);
			outputPaths = (
			);
			runOnlyForDeploymentPostprocessing = 0;
			shellPath = /bin/sh;
			shellScript = "# Type a script or drag a script file from your workspace to insert its path.\ngit=`sh /etc/profile; which git`\nbundleVersion=`\"$git\" log --oneline | wc -l`\n/usr/libexec/PlistBuddy -c \"Set :CFBundleVersion $bundleVersion\" \"${TARGET_BUILD_DIR}/${INFOPLIST_PATH}\"    \n";
		};
/* End PBXShellScriptBuildPhase section */

/* Begin PBXSourcesBuildPhase section */
		4DD13FD1259ED18300C98EB8 /* Sources */ = {
			isa = PBXSourcesBuildPhase;
			buildActionMask = 2147483647;
			files = (
				7FF0FE5A25A6229400097C66 /* FlightSeqCellView.swift in Sources */,
				7F83DAC925A4CC5D00D5860C /* FormHeaderView.swift in Sources */,
				7FF0FE7625A64B0B00097C66 /* FlightTimeCellView.swift in Sources */,
				4DB8EFFF259F17050012F02B /* HeaderView.swift in Sources */,
				BF4056F925A555D700872E70 /* Form781+SwiftUIHelpers.swift in Sources */,
				BF5C1F2425A683690075404C /* AlertProvider.swift in Sources */,
				BF982CD025A54E3D00C14019 /* Persistence.swift in Sources */,
				BF982CE725A54ECF00C14019 /* Flight+CoreDataProperties.swift in Sources */,
				BF982CE525A54ECF00C14019 /* AircrewData+CoreDataProperties.swift in Sources */,
				7F83DAD325A4CFE600D5860C /* FlightSeqListView.swift in Sources */,
				4DD13FD9259ED18300C98EB8 /* AppDelegate.swift in Sources */,
				7F83DAAA25A4BB7E00D5860C /* SideViewButton.swift in Sources */,
				4DB8F004259F1E190012F02B /* BodyView.swift in Sources */,
				BF982CEF25A54EFE00C14019 /* Date+Ext.swift in Sources */,
				7F83DAC425A4C6A900D5860C /* MissionDataView.swift in Sources */,
				7FF0FE6925A629DC00097C66 /* CellText.swift in Sources */,
				7FF0FE7B25A64CC700097C66 /* RegularText.swift in Sources */,
				7FF0FE5F25A6291200097C66 /* AircrewList.swift in Sources */,
				BF982CE325A54ECF00C14019 /* Form781+CoreDataProperties.swift in Sources */,
				7F83DACE25A4CF4200D5860C /* MissionDataInfoView.swift in Sources */,
				4DFF497125A5776900C65720 /* AircrewListView.swift in Sources */,
				BF982CD525A54E5900C14019 /* FauxData.swift in Sources */,
				7FF0FE7125A648FE00097C66 /* FlightTimeListView.swift in Sources */,
				BF982CE625A54ECF00C14019 /* Flight+CoreDataClass.swift in Sources */,
				BF982CE425A54ECF00C14019 /* AircrewData+CoreDataClass.swift in Sources */,
				BFDD329425A4FE83000FE732 /* Color+PBLStyle.swift in Sources */,
				4DD13FDB259ED18300C98EB8 /* SceneDelegate.swift in Sources */,
				7F83DABF25A4C44A00D5860C /* BoldText.swift in Sources */,
				7FF0FE8325A64D9200097C66 /* ListHeaderText.swift in Sources */,
				BF982CC825A54B0500C14019 /* PBLogging.xcdatamodeld in Sources */,
				7FF0FE6425A6295A00097C66 /* AircrewListCellView.swift in Sources */,
				4DD13FDD259ED18300C98EB8 /* ContentView.swift in Sources */,
				7F83DA9C25A4BAF000D5860C /* SideView.swift in Sources */,
				7F83DA8B25A3C16200D5860C /* FormView.swift in Sources */,
				4DFF497625A577AC00C65720 /* AircrewDataView.swift in Sources */,
				BF982CE225A54ECF00C14019 /* Form781+CoreDataClass.swift in Sources */,
				7F83DAB225A4C2EF00D5860C /* TextAndIconButton.swift in Sources */,
				4DFF496825A55A6600C65720 /* OverviewView.swift in Sources */,
			);
			runOnlyForDeploymentPostprocessing = 0;
		};
		4DD13FEA259ED18700C98EB8 /* Sources */ = {
			isa = PBXSourcesBuildPhase;
			buildActionMask = 2147483647;
			files = (
				4DD13FF3259ED18700C98EB8 /* LoggingTests.swift in Sources */,
			);
			runOnlyForDeploymentPostprocessing = 0;
		};
		4DD13FF5259ED18700C98EB8 /* Sources */ = {
			isa = PBXSourcesBuildPhase;
			buildActionMask = 2147483647;
			files = (
				4DD13FFE259ED18700C98EB8 /* LoggingUITests.swift in Sources */,
			);
			runOnlyForDeploymentPostprocessing = 0;
		};
/* End PBXSourcesBuildPhase section */

/* Begin PBXTargetDependency section */
		4DD13FF0259ED18700C98EB8 /* PBXTargetDependency */ = {
			isa = PBXTargetDependency;
			target = 4DD13FD4259ED18300C98EB8 /* Logging */;
			targetProxy = 4DD13FEF259ED18700C98EB8 /* PBXContainerItemProxy */;
		};
		4DD13FFB259ED18700C98EB8 /* PBXTargetDependency */ = {
			isa = PBXTargetDependency;
			target = 4DD13FD4259ED18300C98EB8 /* Logging */;
			targetProxy = 4DD13FFA259ED18700C98EB8 /* PBXContainerItemProxy */;
		};
/* End PBXTargetDependency section */

/* Begin XCBuildConfiguration section */
		4DD14000259ED18700C98EB8 /* Debug */ = {
			isa = XCBuildConfiguration;
			buildSettings = {
				ALWAYS_SEARCH_USER_PATHS = NO;
				CLANG_ANALYZER_NONNULL = YES;
				CLANG_ANALYZER_NUMBER_OBJECT_CONVERSION = YES_AGGRESSIVE;
				CLANG_CXX_LANGUAGE_STANDARD = "gnu++14";
				CLANG_CXX_LIBRARY = "libc++";
				CLANG_ENABLE_MODULES = YES;
				CLANG_ENABLE_OBJC_ARC = YES;
				CLANG_ENABLE_OBJC_WEAK = YES;
				CLANG_WARN_BLOCK_CAPTURE_AUTORELEASING = YES;
				CLANG_WARN_BOOL_CONVERSION = YES;
				CLANG_WARN_COMMA = YES;
				CLANG_WARN_CONSTANT_CONVERSION = YES;
				CLANG_WARN_DEPRECATED_OBJC_IMPLEMENTATIONS = YES;
				CLANG_WARN_DIRECT_OBJC_ISA_USAGE = YES_ERROR;
				CLANG_WARN_DOCUMENTATION_COMMENTS = YES;
				CLANG_WARN_EMPTY_BODY = YES;
				CLANG_WARN_ENUM_CONVERSION = YES;
				CLANG_WARN_INFINITE_RECURSION = YES;
				CLANG_WARN_INT_CONVERSION = YES;
				CLANG_WARN_NON_LITERAL_NULL_CONVERSION = YES;
				CLANG_WARN_OBJC_IMPLICIT_RETAIN_SELF = YES;
				CLANG_WARN_OBJC_LITERAL_CONVERSION = YES;
				CLANG_WARN_OBJC_ROOT_CLASS = YES_ERROR;
				CLANG_WARN_QUOTED_INCLUDE_IN_FRAMEWORK_HEADER = YES;
				CLANG_WARN_RANGE_LOOP_ANALYSIS = YES;
				CLANG_WARN_STRICT_PROTOTYPES = YES;
				CLANG_WARN_SUSPICIOUS_MOVE = YES;
				CLANG_WARN_UNGUARDED_AVAILABILITY = YES_AGGRESSIVE;
				CLANG_WARN_UNREACHABLE_CODE = YES;
				CLANG_WARN__DUPLICATE_METHOD_MATCH = YES;
				COPY_PHASE_STRIP = NO;
				DEBUG_INFORMATION_FORMAT = dwarf;
				ENABLE_STRICT_OBJC_MSGSEND = YES;
				ENABLE_TESTABILITY = YES;
				GCC_C_LANGUAGE_STANDARD = gnu11;
				GCC_DYNAMIC_NO_PIC = NO;
				GCC_NO_COMMON_BLOCKS = YES;
				GCC_OPTIMIZATION_LEVEL = 0;
				GCC_PREPROCESSOR_DEFINITIONS = (
					"DEBUG=1",
					"$(inherited)",
				);
				GCC_TREAT_INCOMPATIBLE_POINTER_TYPE_WARNINGS_AS_ERRORS = YES;
				GCC_TREAT_WARNINGS_AS_ERRORS = YES;
				GCC_WARN_64_TO_32_BIT_CONVERSION = YES;
				GCC_WARN_ABOUT_RETURN_TYPE = YES_ERROR;
				GCC_WARN_UNDECLARED_SELECTOR = YES;
				GCC_WARN_UNINITIALIZED_AUTOS = YES_AGGRESSIVE;
				GCC_WARN_UNUSED_FUNCTION = YES;
				GCC_WARN_UNUSED_VARIABLE = YES;
				IPHONEOS_DEPLOYMENT_TARGET = 13.0;
				MTL_ENABLE_DEBUG_INFO = INCLUDE_SOURCE;
				MTL_FAST_MATH = YES;
				ONLY_ACTIVE_ARCH = YES;
				SDKROOT = iphoneos;
				SWIFT_ACTIVE_COMPILATION_CONDITIONS = DEBUG;
				SWIFT_OPTIMIZATION_LEVEL = "-Onone";
				SWIFT_TREAT_WARNINGS_AS_ERRORS = YES;
			};
			name = Debug;
		};
		4DD14001259ED18700C98EB8 /* Release */ = {
			isa = XCBuildConfiguration;
			buildSettings = {
				ALWAYS_SEARCH_USER_PATHS = NO;
				CLANG_ANALYZER_NONNULL = YES;
				CLANG_ANALYZER_NUMBER_OBJECT_CONVERSION = YES_AGGRESSIVE;
				CLANG_CXX_LANGUAGE_STANDARD = "gnu++14";
				CLANG_CXX_LIBRARY = "libc++";
				CLANG_ENABLE_MODULES = YES;
				CLANG_ENABLE_OBJC_ARC = YES;
				CLANG_ENABLE_OBJC_WEAK = YES;
				CLANG_WARN_BLOCK_CAPTURE_AUTORELEASING = YES;
				CLANG_WARN_BOOL_CONVERSION = YES;
				CLANG_WARN_COMMA = YES;
				CLANG_WARN_CONSTANT_CONVERSION = YES;
				CLANG_WARN_DEPRECATED_OBJC_IMPLEMENTATIONS = YES;
				CLANG_WARN_DIRECT_OBJC_ISA_USAGE = YES_ERROR;
				CLANG_WARN_DOCUMENTATION_COMMENTS = YES;
				CLANG_WARN_EMPTY_BODY = YES;
				CLANG_WARN_ENUM_CONVERSION = YES;
				CLANG_WARN_INFINITE_RECURSION = YES;
				CLANG_WARN_INT_CONVERSION = YES;
				CLANG_WARN_NON_LITERAL_NULL_CONVERSION = YES;
				CLANG_WARN_OBJC_IMPLICIT_RETAIN_SELF = YES;
				CLANG_WARN_OBJC_LITERAL_CONVERSION = YES;
				CLANG_WARN_OBJC_ROOT_CLASS = YES_ERROR;
				CLANG_WARN_QUOTED_INCLUDE_IN_FRAMEWORK_HEADER = YES;
				CLANG_WARN_RANGE_LOOP_ANALYSIS = YES;
				CLANG_WARN_STRICT_PROTOTYPES = YES;
				CLANG_WARN_SUSPICIOUS_MOVE = YES;
				CLANG_WARN_UNGUARDED_AVAILABILITY = YES_AGGRESSIVE;
				CLANG_WARN_UNREACHABLE_CODE = YES;
				CLANG_WARN__DUPLICATE_METHOD_MATCH = YES;
				COPY_PHASE_STRIP = NO;
				DEBUG_INFORMATION_FORMAT = "dwarf-with-dsym";
				ENABLE_NS_ASSERTIONS = NO;
				ENABLE_STRICT_OBJC_MSGSEND = YES;
				GCC_C_LANGUAGE_STANDARD = gnu11;
				GCC_NO_COMMON_BLOCKS = YES;
				GCC_TREAT_INCOMPATIBLE_POINTER_TYPE_WARNINGS_AS_ERRORS = YES;
				GCC_TREAT_WARNINGS_AS_ERRORS = YES;
				GCC_WARN_64_TO_32_BIT_CONVERSION = YES;
				GCC_WARN_ABOUT_RETURN_TYPE = YES_ERROR;
				GCC_WARN_UNDECLARED_SELECTOR = YES;
				GCC_WARN_UNINITIALIZED_AUTOS = YES_AGGRESSIVE;
				GCC_WARN_UNUSED_FUNCTION = YES;
				GCC_WARN_UNUSED_VARIABLE = YES;
				IPHONEOS_DEPLOYMENT_TARGET = 13.0;
				MTL_ENABLE_DEBUG_INFO = NO;
				MTL_FAST_MATH = YES;
				SDKROOT = iphoneos;
				SWIFT_COMPILATION_MODE = wholemodule;
				SWIFT_OPTIMIZATION_LEVEL = "-O";
				SWIFT_TREAT_WARNINGS_AS_ERRORS = YES;
				VALIDATE_PRODUCT = YES;
			};
			name = Release;
		};
		4DD14003259ED18700C98EB8 /* Debug */ = {
			isa = XCBuildConfiguration;
			buildSettings = {
				ASSETCATALOG_COMPILER_APPICON_NAME = AppIcon;
				ASSETCATALOG_COMPILER_GLOBAL_ACCENT_COLOR_NAME = AccentColor;
				CODE_SIGN_STYLE = Automatic;
				CURRENT_PROJECT_VERSION = 0;
				DEVELOPMENT_ASSET_PATHS = "\"PBLogging/PreviewContent\"";
				DEVELOPMENT_TEAM = 4W9F335W5Y;
				ENABLE_PREVIEWS = YES;
				INFOPLIST_FILE = PBLogging/Info.plist;
				IPHONEOS_DEPLOYMENT_TARGET = 13.0;
				LD_RUNPATH_SEARCH_PATHS = (
					"$(inherited)",
					"@executable_path/Frameworks",
				);
				MARKETING_VERSION = 0.2.0;
				PRODUCT_BUNDLE_IDENTIFIER = mil.airmencoders.logging;
				PRODUCT_NAME = "$(TARGET_NAME)";
				SWIFT_VERSION = 5.0;
				TARGETED_DEVICE_FAMILY = 2;
			};
			name = Debug;
		};
		4DD14004259ED18700C98EB8 /* Release */ = {
			isa = XCBuildConfiguration;
			buildSettings = {
				ASSETCATALOG_COMPILER_APPICON_NAME = AppIcon;
				ASSETCATALOG_COMPILER_GLOBAL_ACCENT_COLOR_NAME = AccentColor;
				CODE_SIGN_IDENTITY = "iPhone Distribution";
				CODE_SIGN_STYLE = Manual;
				CURRENT_PROJECT_VERSION = 0;
				DEVELOPMENT_ASSET_PATHS = "\"PBLogging/PreviewContent\"";
				DEVELOPMENT_TEAM = RQ9T47YT3S;
				ENABLE_PREVIEWS = YES;
				INFOPLIST_FILE = PBLogging/Info.plist;
				IPHONEOS_DEPLOYMENT_TARGET = 13.0;
				LD_RUNPATH_SEARCH_PATHS = (
					"$(inherited)",
					"@executable_path/Frameworks",
				);
				MARKETING_VERSION = 0.2.0;
				PRODUCT_BUNDLE_IDENTIFIER = mil.airmencoders.logging;
				PRODUCT_NAME = "$(TARGET_NAME)";
				PROVISIONING_PROFILE_SPECIFIER = "GitHub Actions PBL";
				SWIFT_VERSION = 5.0;
				TARGETED_DEVICE_FAMILY = 2;
			};
			name = Release;
		};
		4DD14006259ED18700C98EB8 /* Debug */ = {
			isa = XCBuildConfiguration;
			buildSettings = {
				ALWAYS_EMBED_SWIFT_STANDARD_LIBRARIES = YES;
				BUNDLE_LOADER = "$(TEST_HOST)";
				CODE_SIGN_STYLE = Automatic;
				INFOPLIST_FILE = LoggingTests/Info.plist;
				IPHONEOS_DEPLOYMENT_TARGET = 14.3;
				LD_RUNPATH_SEARCH_PATHS = (
					"$(inherited)",
					"@executable_path/Frameworks",
					"@loader_path/Frameworks",
				);
				PRODUCT_BUNDLE_IDENTIFIER = mil.airmencoders.LoggingTests;
				PRODUCT_NAME = "$(TARGET_NAME)";
				SWIFT_VERSION = 5.0;
				TARGETED_DEVICE_FAMILY = "1,2";
				TEST_HOST = "$(BUILT_PRODUCTS_DIR)/Logging.app/Logging";
			};
			name = Debug;
		};
		4DD14007259ED18700C98EB8 /* Release */ = {
			isa = XCBuildConfiguration;
			buildSettings = {
				ALWAYS_EMBED_SWIFT_STANDARD_LIBRARIES = YES;
				BUNDLE_LOADER = "$(TEST_HOST)";
				CODE_SIGN_STYLE = Automatic;
				INFOPLIST_FILE = LoggingTests/Info.plist;
				IPHONEOS_DEPLOYMENT_TARGET = 14.3;
				LD_RUNPATH_SEARCH_PATHS = (
					"$(inherited)",
					"@executable_path/Frameworks",
					"@loader_path/Frameworks",
				);
				PRODUCT_BUNDLE_IDENTIFIER = mil.airmencoders.LoggingTests;
				PRODUCT_NAME = "$(TARGET_NAME)";
				SWIFT_VERSION = 5.0;
				TARGETED_DEVICE_FAMILY = "1,2";
				TEST_HOST = "$(BUILT_PRODUCTS_DIR)/Logging.app/Logging";
			};
			name = Release;
		};
		4DD14009259ED18700C98EB8 /* Debug */ = {
			isa = XCBuildConfiguration;
			buildSettings = {
				ALWAYS_EMBED_SWIFT_STANDARD_LIBRARIES = YES;
				CODE_SIGN_STYLE = Automatic;
				INFOPLIST_FILE = LoggingUITests/Info.plist;
				LD_RUNPATH_SEARCH_PATHS = (
					"$(inherited)",
					"@executable_path/Frameworks",
					"@loader_path/Frameworks",
				);
				PRODUCT_BUNDLE_IDENTIFIER = mil.airmencoders.LoggingUITests;
				PRODUCT_NAME = "$(TARGET_NAME)";
				SWIFT_VERSION = 5.0;
				TARGETED_DEVICE_FAMILY = "1,2";
				TEST_TARGET_NAME = Logging;
			};
			name = Debug;
		};
		4DD1400A259ED18700C98EB8 /* Release */ = {
			isa = XCBuildConfiguration;
			buildSettings = {
				ALWAYS_EMBED_SWIFT_STANDARD_LIBRARIES = YES;
				CODE_SIGN_STYLE = Automatic;
				INFOPLIST_FILE = LoggingUITests/Info.plist;
				LD_RUNPATH_SEARCH_PATHS = (
					"$(inherited)",
					"@executable_path/Frameworks",
					"@loader_path/Frameworks",
				);
				PRODUCT_BUNDLE_IDENTIFIER = mil.airmencoders.LoggingUITests;
				PRODUCT_NAME = "$(TARGET_NAME)";
				SWIFT_VERSION = 5.0;
				TARGETED_DEVICE_FAMILY = "1,2";
				TEST_TARGET_NAME = Logging;
			};
			name = Release;
		};
/* End XCBuildConfiguration section */

/* Begin XCConfigurationList section */
		4DD13FD0259ED18300C98EB8 /* Build configuration list for PBXProject "PBLogging" */ = {
			isa = XCConfigurationList;
			buildConfigurations = (
				4DD14000259ED18700C98EB8 /* Debug */,
				4DD14001259ED18700C98EB8 /* Release */,
			);
			defaultConfigurationIsVisible = 0;
			defaultConfigurationName = Release;
		};
		4DD14002259ED18700C98EB8 /* Build configuration list for PBXNativeTarget "Logging" */ = {
			isa = XCConfigurationList;
			buildConfigurations = (
				4DD14003259ED18700C98EB8 /* Debug */,
				4DD14004259ED18700C98EB8 /* Release */,
			);
			defaultConfigurationIsVisible = 0;
			defaultConfigurationName = Release;
		};
		4DD14005259ED18700C98EB8 /* Build configuration list for PBXNativeTarget "LoggingTests" */ = {
			isa = XCConfigurationList;
			buildConfigurations = (
				4DD14006259ED18700C98EB8 /* Debug */,
				4DD14007259ED18700C98EB8 /* Release */,
			);
			defaultConfigurationIsVisible = 0;
			defaultConfigurationName = Release;
		};
		4DD14008259ED18700C98EB8 /* Build configuration list for PBXNativeTarget "LoggingUITests" */ = {
			isa = XCConfigurationList;
			buildConfigurations = (
				4DD14009259ED18700C98EB8 /* Debug */,
				4DD1400A259ED18700C98EB8 /* Release */,
			);
			defaultConfigurationIsVisible = 0;
			defaultConfigurationName = Release;
		};
/* End XCConfigurationList section */

/* Begin XCVersionGroup section */
		BF982CC625A54B0500C14019 /* PBLogging.xcdatamodeld */ = {
			isa = XCVersionGroup;
			children = (
				BF982CC725A54B0500C14019 /* PBLiOS.xcdatamodel */,
			);
			currentVersion = BF982CC725A54B0500C14019 /* PBLiOS.xcdatamodel */;
			path = PBLogging.xcdatamodeld;
			sourceTree = "<group>";
			versionGroupType = wrapper.xcdatamodel;
		};
/* End XCVersionGroup section */
	};
	rootObject = 4DD13FCD259ED18300C98EB8 /* Project object */;
}
