// !$*UTF8*$!
{
	archiveVersion = 1;
	classes = {
	};
	objectVersion = 50;
	objects = {

/* Begin PBXBuildFile section */
		13549C0325B103210000C875 /* String+Ext.swift in Sources */ = {isa = PBXBuildFile; fileRef = 13549C0225B103210000C875 /* String+Ext.swift */; };
		1383049225B0CDDB00DFBBCE /* AircrewCard.swift in Sources */ = {isa = PBXBuildFile; fileRef = 1383049125B0CDDB00DFBBCE /* AircrewCard.swift */; };
		1383049725B0E31200DFBBCE /* AircrewDetail.swift in Sources */ = {isa = PBXBuildFile; fileRef = 1383049625B0E31200DFBBCE /* AircrewDetail.swift */; };
		1383049C25B0EDC800DFBBCE /* AircrewDetailFlightTime.swift in Sources */ = {isa = PBXBuildFile; fileRef = 1383049B25B0EDC800DFBBCE /* AircrewDetailFlightTime.swift */; };
		138304A125B0EDE000DFBBCE /* AircrewDetailFlightConditions.swift in Sources */ = {isa = PBXBuildFile; fileRef = 138304A025B0EDE000DFBBCE /* AircrewDetailFlightConditions.swift */; };
		138520A825B9F10D00C0733B /* DateFieldWithLabel.swift in Sources */ = {isa = PBXBuildFile; fileRef = 138520A725B9F10D00C0733B /* DateFieldWithLabel.swift */; };
		13B0A4E825A78054007304DB /* AircrewData+SwiftUIHelpers.swift in Sources */ = {isa = PBXBuildFile; fileRef = 13B0A4E625A78054007304DB /* AircrewData+SwiftUIHelpers.swift */; };
		13B0A4E925A78054007304DB /* Flight+SwiftUIHelpers.swift in Sources */ = {isa = PBXBuildFile; fileRef = 13B0A4E725A78054007304DB /* Flight+SwiftUIHelpers.swift */; };
		4D84000925AE57F80089AAB7 /* Form781+PDF.swift in Sources */ = {isa = PBXBuildFile; fileRef = 4D84000825AE57F80089AAB7 /* Form781+PDF.swift */; };
		4DA26E0A25AE7D2E00D0A66D /* fillable781v3.pdf in Resources */ = {isa = PBXBuildFile; fileRef = 4DA26E0925AE7D2E00D0A66D /* fillable781v3.pdf */; };
		4DB3178225BA4E9400DB1201 /* SectionHeaderModifier.swift in Sources */ = {isa = PBXBuildFile; fileRef = 4DB3178125BA4E9400DB1201 /* SectionHeaderModifier.swift */; };
		4DB3178F25BA516F00DB1201 /* MissionDataSection.swift in Sources */ = {isa = PBXBuildFile; fileRef = 4DB3178E25BA516F00DB1201 /* MissionDataSection.swift */; };
		4DD13FD9259ED18300C98EB8 /* AppDelegate.swift in Sources */ = {isa = PBXBuildFile; fileRef = 4DD13FD8259ED18300C98EB8 /* AppDelegate.swift */; };
		4DD13FDB259ED18300C98EB8 /* SceneDelegate.swift in Sources */ = {isa = PBXBuildFile; fileRef = 4DD13FDA259ED18300C98EB8 /* SceneDelegate.swift */; };
		4DD13FE2259ED18600C98EB8 /* Assets.xcassets in Resources */ = {isa = PBXBuildFile; fileRef = 4DD13FE1259ED18600C98EB8 /* Assets.xcassets */; };
		4DD13FE5259ED18600C98EB8 /* PreviewAssets.xcassets in Resources */ = {isa = PBXBuildFile; fileRef = 4DD13FE4259ED18600C98EB8 /* PreviewAssets.xcassets */; };
		4DD13FF3259ED18700C98EB8 /* LoggingTests.swift in Sources */ = {isa = PBXBuildFile; fileRef = 4DD13FF2259ED18700C98EB8 /* LoggingTests.swift */; };
		4DD13FFE259ED18700C98EB8 /* LoggingUITests.swift in Sources */ = {isa = PBXBuildFile; fileRef = 4DD13FFD259ED18700C98EB8 /* LoggingUITests.swift */; };
		4DE18EF025A38E3C0027A580 /* LaunchScreen.storyboard in Resources */ = {isa = PBXBuildFile; fileRef = 4DE18EEF25A38E3B0027A580 /* LaunchScreen.storyboard */; };
		4DF7C78B25BB666F00EB1E5C /* FontModifiers.swift in Sources */ = {isa = PBXBuildFile; fileRef = 4DF7C78A25BB666F00EB1E5C /* FontModifiers.swift */; };
		4DF7C79C25BF4A0000EB1E5C /* PBLMath.swift in Sources */ = {isa = PBXBuildFile; fileRef = 4DF7C79B25BF4A0000EB1E5C /* PBLMath.swift */; };
		4DF7C7A125BF4A9700EB1E5C /* PBLMathTests.swift in Sources */ = {isa = PBXBuildFile; fileRef = 4DF7C7A025BF4A9700EB1E5C /* PBLMathTests.swift */; };
		4DF7C7AF25BFB87600EB1E5C /* String+ExtTests.swift in Sources */ = {isa = PBXBuildFile; fileRef = 4DF7C7AE25BFB87600EB1E5C /* String+ExtTests.swift */; };
		7F83DA7725A3B22300D5860C /* DMSans-Medium.ttf in Resources */ = {isa = PBXBuildFile; fileRef = 7F83DA7425A3B22300D5860C /* DMSans-Medium.ttf */; };
		7F83DA7825A3B22300D5860C /* DMSans-Regular.ttf in Resources */ = {isa = PBXBuildFile; fileRef = 7F83DA7525A3B22300D5860C /* DMSans-Regular.ttf */; };
		7F83DA7925A3B22300D5860C /* DMSans-Bold.ttf in Resources */ = {isa = PBXBuildFile; fileRef = 7F83DA7625A3B22300D5860C /* DMSans-Bold.ttf */; };
		7F83DAB225A4C2EF00D5860C /* TextAndIconButton.swift in Sources */ = {isa = PBXBuildFile; fileRef = 7F83DAB125A4C2EF00D5860C /* TextAndIconButton.swift */; };
		7F83DABF25A4C44A00D5860C /* BoldText.swift in Sources */ = {isa = PBXBuildFile; fileRef = 7F83DABE25A4C44A00D5860C /* BoldText.swift */; };
		7FF0FEFC25B137FA00097C66 /* TextFieldWithLabel.swift in Sources */ = {isa = PBXBuildFile; fileRef = 7FF0FEFB25B137FA00097C66 /* TextFieldWithLabel.swift */; };
		7FF0FF0725B74A3D00097C66 /* IconText.swift in Sources */ = {isa = PBXBuildFile; fileRef = 7FF0FF0625B74A3D00097C66 /* IconText.swift */; };
		BF4056F925A555D700872E70 /* Form781+SwiftUIHelpers.swift in Sources */ = {isa = PBXBuildFile; fileRef = BF4056F825A555D700872E70 /* Form781+SwiftUIHelpers.swift */; };
		BF5C1F2425A683690075404C /* AlertProvider.swift in Sources */ = {isa = PBXBuildFile; fileRef = BF5C1F2325A683690075404C /* AlertProvider.swift */; };
		BF634B1D25AD170A00BE6425 /* Animation+Ext.swift in Sources */ = {isa = PBXBuildFile; fileRef = BF634B1B25AD170A00BE6425 /* Animation+Ext.swift */; };
		BF634B1E25AD170A00BE6425 /* UIDevice+Ext.swift in Sources */ = {isa = PBXBuildFile; fileRef = BF634B1C25AD170A00BE6425 /* UIDevice+Ext.swift */; };
		BF8B81EC25AD816200EC91C7 /* Font+Ext.swift in Sources */ = {isa = PBXBuildFile; fileRef = BF8B81EB25AD816200EC91C7 /* Font+Ext.swift */; };
		BF982CC825A54B0500C14019 /* PBLogging.xcdatamodeld in Sources */ = {isa = PBXBuildFile; fileRef = BF982CC625A54B0500C14019 /* PBLogging.xcdatamodeld */; };
		BF982CD025A54E3D00C14019 /* Persistence.swift in Sources */ = {isa = PBXBuildFile; fileRef = BF982CCF25A54E3D00C14019 /* Persistence.swift */; };
		BF982CD525A54E5900C14019 /* FakeData.swift in Sources */ = {isa = PBXBuildFile; fileRef = BF982CD425A54E5900C14019 /* FakeData.swift */; };
		BF982CE225A54ECF00C14019 /* Form781+CoreDataClass.swift in Sources */ = {isa = PBXBuildFile; fileRef = BF982CDC25A54ECF00C14019 /* Form781+CoreDataClass.swift */; };
		BF982CE325A54ECF00C14019 /* Form781+CoreDataProperties.swift in Sources */ = {isa = PBXBuildFile; fileRef = BF982CDD25A54ECF00C14019 /* Form781+CoreDataProperties.swift */; };
		BF982CE425A54ECF00C14019 /* AircrewData+CoreDataClass.swift in Sources */ = {isa = PBXBuildFile; fileRef = BF982CDE25A54ECF00C14019 /* AircrewData+CoreDataClass.swift */; };
		BF982CE525A54ECF00C14019 /* AircrewData+CoreDataProperties.swift in Sources */ = {isa = PBXBuildFile; fileRef = BF982CDF25A54ECF00C14019 /* AircrewData+CoreDataProperties.swift */; };
		BF982CE625A54ECF00C14019 /* Flight+CoreDataClass.swift in Sources */ = {isa = PBXBuildFile; fileRef = BF982CE025A54ECF00C14019 /* Flight+CoreDataClass.swift */; };
		BF982CE725A54ECF00C14019 /* Flight+CoreDataProperties.swift in Sources */ = {isa = PBXBuildFile; fileRef = BF982CE125A54ECF00C14019 /* Flight+CoreDataProperties.swift */; };
		BF982CEF25A54EFE00C14019 /* Date+Ext.swift in Sources */ = {isa = PBXBuildFile; fileRef = BF982CEE25A54EFE00C14019 /* Date+Ext.swift */; };
		BFBAF95C25AFA98A00BBFBD8 /* ContentView.swift in Sources */ = {isa = PBXBuildFile; fileRef = BFBAF95B25AFA98A00BBFBD8 /* ContentView.swift */; };
		BFBAF96925AFAA3C00BBFBD8 /* Form781Card.swift in Sources */ = {isa = PBXBuildFile; fileRef = BFBAF96825AFAA3C00BBFBD8 /* Form781Card.swift */; };
		BFBAF97125AFAC3900BBFBD8 /* ContentHeaderView.swift in Sources */ = {isa = PBXBuildFile; fileRef = BFBAF97025AFAC3900BBFBD8 /* ContentHeaderView.swift */; };
		BFBAF97F25AFADD600BBFBD8 /* InfoModalView.swift in Sources */ = {isa = PBXBuildFile; fileRef = BFBAF97E25AFADD600BBFBD8 /* InfoModalView.swift */; };
		BFBAF98425AFAEF200BBFBD8 /* FormNavigationView.swift in Sources */ = {isa = PBXBuildFile; fileRef = BFBAF98325AFAEF200BBFBD8 /* FormNavigationView.swift */; };
		BFBAF98D25AFB54D00BBFBD8 /* Main781FormView.swift in Sources */ = {isa = PBXBuildFile; fileRef = BFBAF98C25AFB54D00BBFBD8 /* Main781FormView.swift */; };
		BFBAF99525AFB90600BBFBD8 /* Main781FormHeaderView.swift in Sources */ = {isa = PBXBuildFile; fileRef = BFBAF99425AFB90600BBFBD8 /* Main781FormHeaderView.swift */; };
		BFBAF99E25AFBD9C00BBFBD8 /* PDFPreviewView.swift in Sources */ = {isa = PBXBuildFile; fileRef = BFBAF99D25AFBD9C00BBFBD8 /* PDFPreviewView.swift */; };
		BFBAF9A325AFC42800BBFBD8 /* AllAircrewView.swift in Sources */ = {isa = PBXBuildFile; fileRef = BFBAF9A225AFC42800BBFBD8 /* AllAircrewView.swift */; };
		BFBAF9AF25AFC56300BBFBD8 /* AllFlightsView.swift in Sources */ = {isa = PBXBuildFile; fileRef = BFBAF9AE25AFC56300BBFBD8 /* AllFlightsView.swift */; };
		BFBAF9B425AFC57500BBFBD8 /* SingleFlightRowView.swift in Sources */ = {isa = PBXBuildFile; fileRef = BFBAF9B325AFC57500BBFBD8 /* SingleFlightRowView.swift */; };
		BFDD329425A4FE83000FE732 /* Color+PBLStyle.swift in Sources */ = {isa = PBXBuildFile; fileRef = BFDD329325A4FE83000FE732 /* Color+PBLStyle.swift */; };
		D2223E5625B7691C00B6A33F /* PreviewMods.swift in Sources */ = {isa = PBXBuildFile; fileRef = D2223E5525B7691C00B6A33F /* PreviewMods.swift */; };
/* End PBXBuildFile section */

/* Begin PBXContainerItemProxy section */
		4DD13FEF259ED18700C98EB8 /* PBXContainerItemProxy */ = {
			isa = PBXContainerItemProxy;
			containerPortal = 4DD13FCD259ED18300C98EB8 /* Project object */;
			proxyType = 1;
			remoteGlobalIDString = 4DD13FD4259ED18300C98EB8;
			remoteInfo = Logging;
		};
		4DD13FFA259ED18700C98EB8 /* PBXContainerItemProxy */ = {
			isa = PBXContainerItemProxy;
			containerPortal = 4DD13FCD259ED18300C98EB8 /* Project object */;
			proxyType = 1;
			remoteGlobalIDString = 4DD13FD4259ED18300C98EB8;
			remoteInfo = Logging;
		};
/* End PBXContainerItemProxy section */

/* Begin PBXFileReference section */
		13549C0225B103210000C875 /* String+Ext.swift */ = {isa = PBXFileReference; lastKnownFileType = sourcecode.swift; path = "String+Ext.swift"; sourceTree = "<group>"; };
		1383049125B0CDDB00DFBBCE /* AircrewCard.swift */ = {isa = PBXFileReference; lastKnownFileType = sourcecode.swift; path = AircrewCard.swift; sourceTree = "<group>"; };
		1383049625B0E31200DFBBCE /* AircrewDetail.swift */ = {isa = PBXFileReference; lastKnownFileType = sourcecode.swift; path = AircrewDetail.swift; sourceTree = "<group>"; };
		1383049B25B0EDC800DFBBCE /* AircrewDetailFlightTime.swift */ = {isa = PBXFileReference; lastKnownFileType = sourcecode.swift; path = AircrewDetailFlightTime.swift; sourceTree = "<group>"; };
		138304A025B0EDE000DFBBCE /* AircrewDetailFlightConditions.swift */ = {isa = PBXFileReference; lastKnownFileType = sourcecode.swift; path = AircrewDetailFlightConditions.swift; sourceTree = "<group>"; };
		138520A725B9F10D00C0733B /* DateFieldWithLabel.swift */ = {isa = PBXFileReference; lastKnownFileType = sourcecode.swift; path = DateFieldWithLabel.swift; sourceTree = "<group>"; };
		13B0A4E625A78054007304DB /* AircrewData+SwiftUIHelpers.swift */ = {isa = PBXFileReference; fileEncoding = 4; lastKnownFileType = sourcecode.swift; path = "AircrewData+SwiftUIHelpers.swift"; sourceTree = "<group>"; };
		13B0A4E725A78054007304DB /* Flight+SwiftUIHelpers.swift */ = {isa = PBXFileReference; fileEncoding = 4; lastKnownFileType = sourcecode.swift; path = "Flight+SwiftUIHelpers.swift"; sourceTree = "<group>"; };
		4D84000825AE57F80089AAB7 /* Form781+PDF.swift */ = {isa = PBXFileReference; lastKnownFileType = sourcecode.swift; path = "Form781+PDF.swift"; sourceTree = "<group>"; };
		4DA26E0925AE7D2E00D0A66D /* fillable781v3.pdf */ = {isa = PBXFileReference; lastKnownFileType = image.pdf; path = fillable781v3.pdf; sourceTree = "<group>"; };
		4DB3178125BA4E9400DB1201 /* SectionHeaderModifier.swift */ = {isa = PBXFileReference; fileEncoding = 4; lastKnownFileType = sourcecode.swift; path = SectionHeaderModifier.swift; sourceTree = "<group>"; };
		4DB3178E25BA516F00DB1201 /* MissionDataSection.swift */ = {isa = PBXFileReference; fileEncoding = 4; lastKnownFileType = sourcecode.swift; path = MissionDataSection.swift; sourceTree = "<group>"; };
		4DD13FD5259ED18300C98EB8 /* Logging.app */ = {isa = PBXFileReference; explicitFileType = wrapper.application; includeInIndex = 0; path = Logging.app; sourceTree = BUILT_PRODUCTS_DIR; };
		4DD13FD8259ED18300C98EB8 /* AppDelegate.swift */ = {isa = PBXFileReference; lastKnownFileType = sourcecode.swift; path = AppDelegate.swift; sourceTree = "<group>"; };
		4DD13FDA259ED18300C98EB8 /* SceneDelegate.swift */ = {isa = PBXFileReference; lastKnownFileType = sourcecode.swift; path = SceneDelegate.swift; sourceTree = "<group>"; };
		4DD13FE1259ED18600C98EB8 /* Assets.xcassets */ = {isa = PBXFileReference; lastKnownFileType = folder.assetcatalog; path = Assets.xcassets; sourceTree = "<group>"; };
		4DD13FE4259ED18600C98EB8 /* PreviewAssets.xcassets */ = {isa = PBXFileReference; lastKnownFileType = folder.assetcatalog; path = PreviewAssets.xcassets; sourceTree = "<group>"; };
		4DD13FE9259ED18600C98EB8 /* Info.plist */ = {isa = PBXFileReference; lastKnownFileType = text.plist.xml; path = Info.plist; sourceTree = "<group>"; };
		4DD13FEE259ED18700C98EB8 /* LoggingTests.xctest */ = {isa = PBXFileReference; explicitFileType = wrapper.cfbundle; includeInIndex = 0; path = LoggingTests.xctest; sourceTree = BUILT_PRODUCTS_DIR; };
		4DD13FF2259ED18700C98EB8 /* LoggingTests.swift */ = {isa = PBXFileReference; lastKnownFileType = sourcecode.swift; path = LoggingTests.swift; sourceTree = "<group>"; };
		4DD13FF4259ED18700C98EB8 /* Info.plist */ = {isa = PBXFileReference; lastKnownFileType = text.plist.xml; path = Info.plist; sourceTree = "<group>"; };
		4DD13FF9259ED18700C98EB8 /* LoggingUITests.xctest */ = {isa = PBXFileReference; explicitFileType = wrapper.cfbundle; includeInIndex = 0; path = LoggingUITests.xctest; sourceTree = BUILT_PRODUCTS_DIR; };
		4DD13FFD259ED18700C98EB8 /* LoggingUITests.swift */ = {isa = PBXFileReference; lastKnownFileType = sourcecode.swift; path = LoggingUITests.swift; sourceTree = "<group>"; };
		4DD13FFF259ED18700C98EB8 /* Info.plist */ = {isa = PBXFileReference; lastKnownFileType = text.plist.xml; path = Info.plist; sourceTree = "<group>"; };
		4DE18EEF25A38E3B0027A580 /* LaunchScreen.storyboard */ = {isa = PBXFileReference; fileEncoding = 4; lastKnownFileType = file.storyboard; path = LaunchScreen.storyboard; sourceTree = "<group>"; };
		4DF7C78A25BB666F00EB1E5C /* FontModifiers.swift */ = {isa = PBXFileReference; fileEncoding = 4; lastKnownFileType = sourcecode.swift; path = FontModifiers.swift; sourceTree = "<group>"; };
		4DF7C79B25BF4A0000EB1E5C /* PBLMath.swift */ = {isa = PBXFileReference; lastKnownFileType = sourcecode.swift; path = PBLMath.swift; sourceTree = "<group>"; };
		4DF7C7A025BF4A9700EB1E5C /* PBLMathTests.swift */ = {isa = PBXFileReference; lastKnownFileType = sourcecode.swift; path = PBLMathTests.swift; sourceTree = "<group>"; };
		4DF7C7AE25BFB87600EB1E5C /* String+ExtTests.swift */ = {isa = PBXFileReference; lastKnownFileType = sourcecode.swift; path = "String+ExtTests.swift"; sourceTree = "<group>"; };
		7F83DA7425A3B22300D5860C /* DMSans-Medium.ttf */ = {isa = PBXFileReference; lastKnownFileType = file; path = "DMSans-Medium.ttf"; sourceTree = "<group>"; };
		7F83DA7525A3B22300D5860C /* DMSans-Regular.ttf */ = {isa = PBXFileReference; lastKnownFileType = file; path = "DMSans-Regular.ttf"; sourceTree = "<group>"; };
		7F83DA7625A3B22300D5860C /* DMSans-Bold.ttf */ = {isa = PBXFileReference; lastKnownFileType = file; path = "DMSans-Bold.ttf"; sourceTree = "<group>"; };
		7F83DAB125A4C2EF00D5860C /* TextAndIconButton.swift */ = {isa = PBXFileReference; lastKnownFileType = sourcecode.swift; path = TextAndIconButton.swift; sourceTree = "<group>"; };
		7F83DABE25A4C44A00D5860C /* BoldText.swift */ = {isa = PBXFileReference; lastKnownFileType = sourcecode.swift; path = BoldText.swift; sourceTree = "<group>"; };
		7FF0FEFB25B137FA00097C66 /* TextFieldWithLabel.swift */ = {isa = PBXFileReference; lastKnownFileType = sourcecode.swift; path = TextFieldWithLabel.swift; sourceTree = "<group>"; };
		7FF0FF0625B74A3D00097C66 /* IconText.swift */ = {isa = PBXFileReference; lastKnownFileType = sourcecode.swift; path = IconText.swift; sourceTree = "<group>"; };
		BF4056F825A555D700872E70 /* Form781+SwiftUIHelpers.swift */ = {isa = PBXFileReference; fileEncoding = 4; lastKnownFileType = sourcecode.swift; path = "Form781+SwiftUIHelpers.swift"; sourceTree = "<group>"; };
		BF5C1F2325A683690075404C /* AlertProvider.swift */ = {isa = PBXFileReference; lastKnownFileType = sourcecode.swift; path = AlertProvider.swift; sourceTree = "<group>"; };
		BF634B1B25AD170A00BE6425 /* Animation+Ext.swift */ = {isa = PBXFileReference; fileEncoding = 4; lastKnownFileType = sourcecode.swift; path = "Animation+Ext.swift"; sourceTree = "<group>"; };
		BF634B1C25AD170A00BE6425 /* UIDevice+Ext.swift */ = {isa = PBXFileReference; fileEncoding = 4; lastKnownFileType = sourcecode.swift; path = "UIDevice+Ext.swift"; sourceTree = "<group>"; };
		BF8B81EB25AD816200EC91C7 /* Font+Ext.swift */ = {isa = PBXFileReference; lastKnownFileType = sourcecode.swift; path = "Font+Ext.swift"; sourceTree = "<group>"; };
		BF982CC725A54B0500C14019 /* PBLiOS.xcdatamodel */ = {isa = PBXFileReference; lastKnownFileType = wrapper.xcdatamodel; path = PBLiOS.xcdatamodel; sourceTree = "<group>"; };
		BF982CCF25A54E3D00C14019 /* Persistence.swift */ = {isa = PBXFileReference; fileEncoding = 4; lastKnownFileType = sourcecode.swift; path = Persistence.swift; sourceTree = "<group>"; };
		BF982CD425A54E5900C14019 /* FakeData.swift */ = {isa = PBXFileReference; fileEncoding = 4; lastKnownFileType = sourcecode.swift; path = FakeData.swift; sourceTree = "<group>"; };
		BF982CDC25A54ECF00C14019 /* Form781+CoreDataClass.swift */ = {isa = PBXFileReference; lastKnownFileType = sourcecode.swift; path = "Form781+CoreDataClass.swift"; sourceTree = "<group>"; };
		BF982CDD25A54ECF00C14019 /* Form781+CoreDataProperties.swift */ = {isa = PBXFileReference; lastKnownFileType = sourcecode.swift; path = "Form781+CoreDataProperties.swift"; sourceTree = "<group>"; };
		BF982CDE25A54ECF00C14019 /* AircrewData+CoreDataClass.swift */ = {isa = PBXFileReference; lastKnownFileType = sourcecode.swift; path = "AircrewData+CoreDataClass.swift"; sourceTree = "<group>"; };
		BF982CDF25A54ECF00C14019 /* AircrewData+CoreDataProperties.swift */ = {isa = PBXFileReference; lastKnownFileType = sourcecode.swift; path = "AircrewData+CoreDataProperties.swift"; sourceTree = "<group>"; };
		BF982CE025A54ECF00C14019 /* Flight+CoreDataClass.swift */ = {isa = PBXFileReference; lastKnownFileType = sourcecode.swift; path = "Flight+CoreDataClass.swift"; sourceTree = "<group>"; };
		BF982CE125A54ECF00C14019 /* Flight+CoreDataProperties.swift */ = {isa = PBXFileReference; lastKnownFileType = sourcecode.swift; path = "Flight+CoreDataProperties.swift"; sourceTree = "<group>"; };
		BF982CEE25A54EFE00C14019 /* Date+Ext.swift */ = {isa = PBXFileReference; fileEncoding = 4; lastKnownFileType = sourcecode.swift; path = "Date+Ext.swift"; sourceTree = "<group>"; };
		BFBAF95B25AFA98A00BBFBD8 /* ContentView.swift */ = {isa = PBXFileReference; lastKnownFileType = sourcecode.swift; path = ContentView.swift; sourceTree = "<group>"; };
		BFBAF96825AFAA3C00BBFBD8 /* Form781Card.swift */ = {isa = PBXFileReference; lastKnownFileType = sourcecode.swift; path = Form781Card.swift; sourceTree = "<group>"; };
		BFBAF97025AFAC3900BBFBD8 /* ContentHeaderView.swift */ = {isa = PBXFileReference; lastKnownFileType = sourcecode.swift; path = ContentHeaderView.swift; sourceTree = "<group>"; };
		BFBAF97E25AFADD600BBFBD8 /* InfoModalView.swift */ = {isa = PBXFileReference; lastKnownFileType = sourcecode.swift; path = InfoModalView.swift; sourceTree = "<group>"; };
		BFBAF98325AFAEF200BBFBD8 /* FormNavigationView.swift */ = {isa = PBXFileReference; lastKnownFileType = sourcecode.swift; path = FormNavigationView.swift; sourceTree = "<group>"; };
		BFBAF98C25AFB54D00BBFBD8 /* Main781FormView.swift */ = {isa = PBXFileReference; lastKnownFileType = sourcecode.swift; path = Main781FormView.swift; sourceTree = "<group>"; };
		BFBAF99425AFB90600BBFBD8 /* Main781FormHeaderView.swift */ = {isa = PBXFileReference; lastKnownFileType = sourcecode.swift; path = Main781FormHeaderView.swift; sourceTree = "<group>"; };
		BFBAF99D25AFBD9C00BBFBD8 /* PDFPreviewView.swift */ = {isa = PBXFileReference; lastKnownFileType = sourcecode.swift; path = PDFPreviewView.swift; sourceTree = "<group>"; };
		BFBAF9A225AFC42800BBFBD8 /* AllAircrewView.swift */ = {isa = PBXFileReference; lastKnownFileType = sourcecode.swift; path = AllAircrewView.swift; sourceTree = "<group>"; };
		BFBAF9AE25AFC56300BBFBD8 /* AllFlightsView.swift */ = {isa = PBXFileReference; lastKnownFileType = sourcecode.swift; path = AllFlightsView.swift; sourceTree = "<group>"; };
		BFBAF9B325AFC57500BBFBD8 /* SingleFlightRowView.swift */ = {isa = PBXFileReference; lastKnownFileType = sourcecode.swift; path = SingleFlightRowView.swift; sourceTree = "<group>"; };
		BFDD329325A4FE83000FE732 /* Color+PBLStyle.swift */ = {isa = PBXFileReference; lastKnownFileType = sourcecode.swift; path = "Color+PBLStyle.swift"; sourceTree = "<group>"; };
		D2223E5525B7691C00B6A33F /* PreviewMods.swift */ = {isa = PBXFileReference; lastKnownFileType = sourcecode.swift; path = PreviewMods.swift; sourceTree = "<group>"; };
/* End PBXFileReference section */

/* Begin PBXFrameworksBuildPhase section */
		4DD13FD2259ED18300C98EB8 /* Frameworks */ = {
			isa = PBXFrameworksBuildPhase;
			buildActionMask = 2147483647;
			files = (
			);
			runOnlyForDeploymentPostprocessing = 0;
		};
		4DD13FEB259ED18700C98EB8 /* Frameworks */ = {
			isa = PBXFrameworksBuildPhase;
			buildActionMask = 2147483647;
			files = (
			);
			runOnlyForDeploymentPostprocessing = 0;
		};
		4DD13FF6259ED18700C98EB8 /* Frameworks */ = {
			isa = PBXFrameworksBuildPhase;
			buildActionMask = 2147483647;
			files = (
			);
			runOnlyForDeploymentPostprocessing = 0;
		};
/* End PBXFrameworksBuildPhase section */

/* Begin PBXGroup section */
		4DB3178025BA4E9400DB1201 /* Modifiers */ = {
			isa = PBXGroup;
			children = (
				4DF7C78A25BB666F00EB1E5C /* FontModifiers.swift */,
				4DB3178125BA4E9400DB1201 /* SectionHeaderModifier.swift */,
			);
			path = Modifiers;
			sourceTree = "<group>";
		};
		4DB3178D25BA516F00DB1201 /* CurrentForm */ = {
			isa = PBXGroup;
			children = (
				BFBAF98C25AFB54D00BBFBD8 /* Main781FormView.swift */,
				BFBAF99425AFB90600BBFBD8 /* Main781FormHeaderView.swift */,
				4DB3178E25BA516F00DB1201 /* MissionDataSection.swift */,
			);
			path = CurrentForm;
			sourceTree = "<group>";
		};
		4DBDD02A25B78FFE00C7C3DB /* Overview */ = {
			isa = PBXGroup;
			children = (
				BFBAF95B25AFA98A00BBFBD8 /* ContentView.swift */,
				BFBAF97025AFAC3900BBFBD8 /* ContentHeaderView.swift */,
				BFBAF98325AFAEF200BBFBD8 /* FormNavigationView.swift */,
				BFBAF96825AFAA3C00BBFBD8 /* Form781Card.swift */,
			);
			name = Overview;
			path = Form781View/Overview;
			sourceTree = "<group>";
		};
		4DBDD02E25B790AC00C7C3DB /* UtilityViews */ = {
			isa = PBXGroup;
			children = (
				7F83DABE25A4C44A00D5860C /* BoldText.swift */,
				BFBAF97E25AFADD600BBFBD8 /* InfoModalView.swift */,
				7FF0FF0625B74A3D00097C66 /* IconText.swift */,
				7F83DAB125A4C2EF00D5860C /* TextAndIconButton.swift */,
			);
			path = UtilityViews;
			sourceTree = "<group>";
		};
		4DD13FCC259ED18300C98EB8 = {
			isa = PBXGroup;
			children = (
				4DD13FD7259ED18300C98EB8 /* PBLogging */,
				4DD13FF1259ED18700C98EB8 /* LoggingTests */,
				4DD13FFC259ED18700C98EB8 /* LoggingUITests */,
				4DD13FD6259ED18300C98EB8 /* Products */,
			);
			sourceTree = "<group>";
		};
		4DD13FD6259ED18300C98EB8 /* Products */ = {
			isa = PBXGroup;
			children = (
				4DD13FD5259ED18300C98EB8 /* Logging.app */,
				4DD13FEE259ED18700C98EB8 /* LoggingTests.xctest */,
				4DD13FF9259ED18700C98EB8 /* LoggingUITests.xctest */,
			);
			name = Products;
			sourceTree = "<group>";
		};
		4DD13FD7259ED18300C98EB8 /* PBLogging */ = {
			isa = PBXGroup;
			children = (
				4DD1400E259ED1DB00C98EB8 /* App */,
				BFBAF95725AFA93A00BBFBD8 /* NewNavViews */,
				4DD14011259ED23900C98EB8 /* Data */,
				BFDD329225A4FE70000FE732 /* Extensions */,
				4DD13FE9259ED18600C98EB8 /* Info.plist */,
				4DE18EEF25A38E3B0027A580 /* LaunchScreen.storyboard */,
				4DB3178025BA4E9400DB1201 /* Modifiers */,
				4DD1400F259ED1F500C98EB8 /* Resources */,
				BF5C1F2225A6835A0075404C /* Utilities */,
				4DD13FE3259ED18600C98EB8 /* PreviewContent */,
			);
			path = PBLogging;
			sourceTree = "<group>";
		};
		4DD13FE3259ED18600C98EB8 /* PreviewContent */ = {
			isa = PBXGroup;
			children = (
				4DD13FE4259ED18600C98EB8 /* PreviewAssets.xcassets */,
			);
			path = PreviewContent;
			sourceTree = "<group>";
		};
		4DD13FF1259ED18700C98EB8 /* LoggingTests */ = {
			isa = PBXGroup;
			children = (
				4DD13FF4259ED18700C98EB8 /* Info.plist */,
				4DD13FF2259ED18700C98EB8 /* LoggingTests.swift */,
				4DF7C7A025BF4A9700EB1E5C /* PBLMathTests.swift */,
				4DF7C7AE25BFB87600EB1E5C /* String+ExtTests.swift */,
			);
			path = LoggingTests;
			sourceTree = "<group>";
		};
		4DD13FFC259ED18700C98EB8 /* LoggingUITests */ = {
			isa = PBXGroup;
			children = (
				4DD13FFD259ED18700C98EB8 /* LoggingUITests.swift */,
				4DD13FFF259ED18700C98EB8 /* Info.plist */,
			);
			path = LoggingUITests;
			sourceTree = "<group>";
		};
		4DD1400E259ED1DB00C98EB8 /* App */ = {
			isa = PBXGroup;
			children = (
				4DD13FD8259ED18300C98EB8 /* AppDelegate.swift */,
				4DD13FDA259ED18300C98EB8 /* SceneDelegate.swift */,
			);
			path = App;
			sourceTree = "<group>";
		};
		4DD1400F259ED1F500C98EB8 /* Resources */ = {
			isa = PBXGroup;
			children = (
				7F83DA7325A3B17400D5860C /* Fonts */,
				4DD13FE1259ED18600C98EB8 /* Assets.xcassets */,
				4DA26E0925AE7D2E00D0A66D /* fillable781v3.pdf */,
			);
			path = Resources;
			sourceTree = "<group>";
		};
		4DD14011259ED23900C98EB8 /* Data */ = {
			isa = PBXGroup;
			children = (
				BF982CDC25A54ECF00C14019 /* Form781+CoreDataClass.swift */,
				BF982CDD25A54ECF00C14019 /* Form781+CoreDataProperties.swift */,
				BF4056F825A555D700872E70 /* Form781+SwiftUIHelpers.swift */,
				4D84000825AE57F80089AAB7 /* Form781+PDF.swift */,
				BF982CDE25A54ECF00C14019 /* AircrewData+CoreDataClass.swift */,
				BF982CDF25A54ECF00C14019 /* AircrewData+CoreDataProperties.swift */,
				13B0A4E625A78054007304DB /* AircrewData+SwiftUIHelpers.swift */,
				BF982CE025A54ECF00C14019 /* Flight+CoreDataClass.swift */,
				BF982CE125A54ECF00C14019 /* Flight+CoreDataProperties.swift */,
				13B0A4E725A78054007304DB /* Flight+SwiftUIHelpers.swift */,
				BF982CD425A54E5900C14019 /* FakeData.swift */,
				BF982CCF25A54E3D00C14019 /* Persistence.swift */,
				BF982CC625A54B0500C14019 /* PBLogging.xcdatamodeld */,
			);
			path = Data;
			sourceTree = "<group>";
		};
		7F83DA7325A3B17400D5860C /* Fonts */ = {
			isa = PBXGroup;
			children = (
				7F83DA7625A3B22300D5860C /* DMSans-Bold.ttf */,
				7F83DA7425A3B22300D5860C /* DMSans-Medium.ttf */,
				7F83DA7525A3B22300D5860C /* DMSans-Regular.ttf */,
			);
			path = Fonts;
			sourceTree = "<group>";
		};
		BF5C1F2225A6835A0075404C /* Utilities */ = {
			isa = PBXGroup;
			children = (
				D2223E5525B7691C00B6A33F /* PreviewMods.swift */,
				BF5C1F2325A683690075404C /* AlertProvider.swift */,
				4DF7C79B25BF4A0000EB1E5C /* PBLMath.swift */,
			);
			path = Utilities;
			sourceTree = "<group>";
		};
		BFBAF95725AFA93A00BBFBD8 /* NewNavViews */ = {
			isa = PBXGroup;
			children = (
				4DBDD02A25B78FFE00C7C3DB /* Overview */,
				BFBAF99C25AFBD5800BBFBD8 /* PDFPreview */,
				BFBAF98B25AFB53300BBFBD8 /* Form781View */,
				4DBDD02E25B790AC00C7C3DB /* UtilityViews */,
			);
			path = NewNavViews;
			sourceTree = "<group>";
		};
		BFBAF98B25AFB53300BBFBD8 /* Form781View */ = {
			isa = PBXGroup;
			children = (
				4DB3178D25BA516F00DB1201 /* CurrentForm */,
				BFBAF9AD25AFC54000BBFBD8 /* FlightsSection */,
				BFBAF9A725AFC4D900BBFBD8 /* AircrewSection */,
				7FF0FEFB25B137FA00097C66 /* TextFieldWithLabel.swift */,
				138520A725B9F10D00C0733B /* DateFieldWithLabel.swift */,
			);
			path = Form781View;
			sourceTree = "<group>";
		};
		BFBAF99C25AFBD5800BBFBD8 /* PDFPreview */ = {
			isa = PBXGroup;
			children = (
				BFBAF99D25AFBD9C00BBFBD8 /* PDFPreviewView.swift */,
			);
			path = PDFPreview;
			sourceTree = "<group>";
		};
		BFBAF9A725AFC4D900BBFBD8 /* AircrewSection */ = {
			isa = PBXGroup;
			children = (
				BFBAF9A225AFC42800BBFBD8 /* AllAircrewView.swift */,
				1383049125B0CDDB00DFBBCE /* AircrewCard.swift */,
				1383049625B0E31200DFBBCE /* AircrewDetail.swift */,
				1383049B25B0EDC800DFBBCE /* AircrewDetailFlightTime.swift */,
				138304A025B0EDE000DFBBCE /* AircrewDetailFlightConditions.swift */,
			);
			path = AircrewSection;
			sourceTree = "<group>";
		};
		BFBAF9AD25AFC54000BBFBD8 /* FlightsSection */ = {
			isa = PBXGroup;
			children = (
				BFBAF9AE25AFC56300BBFBD8 /* AllFlightsView.swift */,
				BFBAF9B325AFC57500BBFBD8 /* SingleFlightRowView.swift */,
			);
			path = FlightsSection;
			sourceTree = "<group>";
		};
		BFDD329225A4FE70000FE732 /* Extensions */ = {
			isa = PBXGroup;
			children = (
				BF634B1B25AD170A00BE6425 /* Animation+Ext.swift */,
				BF634B1C25AD170A00BE6425 /* UIDevice+Ext.swift */,
				BF982CEE25A54EFE00C14019 /* Date+Ext.swift */,
				BFDD329325A4FE83000FE732 /* Color+PBLStyle.swift */,
				BF8B81EB25AD816200EC91C7 /* Font+Ext.swift */,
				13549C0225B103210000C875 /* String+Ext.swift */,
			);
			path = Extensions;
			sourceTree = "<group>";
		};
/* End PBXGroup section */

/* Begin PBXNativeTarget section */
		4DD13FD4259ED18300C98EB8 /* Logging */ = {
			isa = PBXNativeTarget;
			buildConfigurationList = 4DD14002259ED18700C98EB8 /* Build configuration list for PBXNativeTarget "Logging" */;
			buildPhases = (
				4DD13FD1259ED18300C98EB8 /* Sources */,
				4DD13FD2259ED18300C98EB8 /* Frameworks */,
				4DD13FD3259ED18300C98EB8 /* Resources */,
				4D6E40F6259FECFC00F89538 /* Set Build Version Script */,
			);
			buildRules = (
			);
			dependencies = (
			);
			name = Logging;
			productName = Logging;
			productReference = 4DD13FD5259ED18300C98EB8 /* Logging.app */;
			productType = "com.apple.product-type.application";
		};
		4DD13FED259ED18700C98EB8 /* LoggingTests */ = {
			isa = PBXNativeTarget;
			buildConfigurationList = 4DD14005259ED18700C98EB8 /* Build configuration list for PBXNativeTarget "LoggingTests" */;
			buildPhases = (
				4DD13FEA259ED18700C98EB8 /* Sources */,
				4DD13FEB259ED18700C98EB8 /* Frameworks */,
				4DD13FEC259ED18700C98EB8 /* Resources */,
			);
			buildRules = (
			);
			dependencies = (
				4DD13FF0259ED18700C98EB8 /* PBXTargetDependency */,
			);
			name = LoggingTests;
			productName = LoggingTests;
			productReference = 4DD13FEE259ED18700C98EB8 /* LoggingTests.xctest */;
			productType = "com.apple.product-type.bundle.unit-test";
		};
		4DD13FF8259ED18700C98EB8 /* LoggingUITests */ = {
			isa = PBXNativeTarget;
			buildConfigurationList = 4DD14008259ED18700C98EB8 /* Build configuration list for PBXNativeTarget "LoggingUITests" */;
			buildPhases = (
				4DD13FF5259ED18700C98EB8 /* Sources */,
				4DD13FF6259ED18700C98EB8 /* Frameworks */,
				4DD13FF7259ED18700C98EB8 /* Resources */,
			);
			buildRules = (
			);
			dependencies = (
				4DD13FFB259ED18700C98EB8 /* PBXTargetDependency */,
			);
			name = LoggingUITests;
			productName = LoggingUITests;
			productReference = 4DD13FF9259ED18700C98EB8 /* LoggingUITests.xctest */;
			productType = "com.apple.product-type.bundle.ui-testing";
		};
/* End PBXNativeTarget section */

/* Begin PBXProject section */
		4DD13FCD259ED18300C98EB8 /* Project object */ = {
			isa = PBXProject;
			attributes = {
				LastSwiftUpdateCheck = 1230;
				LastUpgradeCheck = 1230;
				TargetAttributes = {
					4DD13FD4259ED18300C98EB8 = {
						CreatedOnToolsVersion = 12.3;
					};
					4DD13FED259ED18700C98EB8 = {
						CreatedOnToolsVersion = 12.3;
						TestTargetID = 4DD13FD4259ED18300C98EB8;
					};
					4DD13FF8259ED18700C98EB8 = {
						CreatedOnToolsVersion = 12.3;
						TestTargetID = 4DD13FD4259ED18300C98EB8;
					};
				};
			};
			buildConfigurationList = 4DD13FD0259ED18300C98EB8 /* Build configuration list for PBXProject "PBLogging" */;
			compatibilityVersion = "Xcode 9.3";
			developmentRegion = en;
			hasScannedForEncodings = 0;
			knownRegions = (
				en,
				Base,
			);
			mainGroup = 4DD13FCC259ED18300C98EB8;
			productRefGroup = 4DD13FD6259ED18300C98EB8 /* Products */;
			projectDirPath = "";
			projectRoot = "";
			targets = (
				4DD13FD4259ED18300C98EB8 /* Logging */,
				4DD13FED259ED18700C98EB8 /* LoggingTests */,
				4DD13FF8259ED18700C98EB8 /* LoggingUITests */,
			);
		};
/* End PBXProject section */

/* Begin PBXResourcesBuildPhase section */
		4DD13FD3259ED18300C98EB8 /* Resources */ = {
			isa = PBXResourcesBuildPhase;
			buildActionMask = 2147483647;
			files = (
				7F83DA7825A3B22300D5860C /* DMSans-Regular.ttf in Resources */,
				4DA26E0A25AE7D2E00D0A66D /* fillable781v3.pdf in Resources */,
				7F83DA7925A3B22300D5860C /* DMSans-Bold.ttf in Resources */,
				4DE18EF025A38E3C0027A580 /* LaunchScreen.storyboard in Resources */,
				7F83DA7725A3B22300D5860C /* DMSans-Medium.ttf in Resources */,
				4DD13FE5259ED18600C98EB8 /* PreviewAssets.xcassets in Resources */,
				4DD13FE2259ED18600C98EB8 /* Assets.xcassets in Resources */,
			);
			runOnlyForDeploymentPostprocessing = 0;
		};
		4DD13FEC259ED18700C98EB8 /* Resources */ = {
			isa = PBXResourcesBuildPhase;
			buildActionMask = 2147483647;
			files = (
			);
			runOnlyForDeploymentPostprocessing = 0;
		};
		4DD13FF7259ED18700C98EB8 /* Resources */ = {
			isa = PBXResourcesBuildPhase;
			buildActionMask = 2147483647;
			files = (
			);
			runOnlyForDeploymentPostprocessing = 0;
		};
/* End PBXResourcesBuildPhase section */

/* Begin PBXShellScriptBuildPhase section */
		4D6E40F6259FECFC00F89538 /* Set Build Version Script */ = {
			isa = PBXShellScriptBuildPhase;
			buildActionMask = 2147483647;
			files = (
			);
			inputFileListPaths = (
			);
			inputPaths = (
			);
			name = "Set Build Version Script";
			outputFileListPaths = (
			);
			outputPaths = (
			);
			runOnlyForDeploymentPostprocessing = 0;
			shellPath = /bin/sh;
			shellScript = "# Type a script or drag a script file from your workspace to insert its path.\ngit=`sh /etc/profile; which git`\nbundleVersion=`\"$git\" log --oneline | wc -l`\n/usr/libexec/PlistBuddy -c \"Set :CFBundleVersion $bundleVersion\" \"${TARGET_BUILD_DIR}/${INFOPLIST_PATH}\"    \n";
		};
/* End PBXShellScriptBuildPhase section */

/* Begin PBXSourcesBuildPhase section */
		4DD13FD1259ED18300C98EB8 /* Sources */ = {
			isa = PBXSourcesBuildPhase;
			buildActionMask = 2147483647;
			files = (
				13549C0325B103210000C875 /* String+Ext.swift in Sources */,
				BF4056F925A555D700872E70 /* Form781+SwiftUIHelpers.swift in Sources */,
				BF5C1F2425A683690075404C /* AlertProvider.swift in Sources */,
				BF982CD025A54E3D00C14019 /* Persistence.swift in Sources */,
				4D84000925AE57F80089AAB7 /* Form781+PDF.swift in Sources */,
				BFBAF95C25AFA98A00BBFBD8 /* ContentView.swift in Sources */,
				4DF7C79C25BF4A0000EB1E5C /* PBLMath.swift in Sources */,
				BFBAF98D25AFB54D00BBFBD8 /* Main781FormView.swift in Sources */,
				BF982CE725A54ECF00C14019 /* Flight+CoreDataProperties.swift in Sources */,
				D2223E5625B7691C00B6A33F /* PreviewMods.swift in Sources */,
				BF982CE525A54ECF00C14019 /* AircrewData+CoreDataProperties.swift in Sources */,
				4DB3178F25BA516F00DB1201 /* MissionDataSection.swift in Sources */,
				1383049725B0E31200DFBBCE /* AircrewDetail.swift in Sources */,
				4DD13FD9259ED18300C98EB8 /* AppDelegate.swift in Sources */,
				BF982CEF25A54EFE00C14019 /* Date+Ext.swift in Sources */,
				7FF0FEFC25B137FA00097C66 /* TextFieldWithLabel.swift in Sources */,
				1383049225B0CDDB00DFBBCE /* AircrewCard.swift in Sources */,
				BF982CE325A54ECF00C14019 /* Form781+CoreDataProperties.swift in Sources */,
				4DF7C78B25BB666F00EB1E5C /* FontModifiers.swift in Sources */,
				138304A125B0EDE000DFBBCE /* AircrewDetailFlightConditions.swift in Sources */,
				4DB3178225BA4E9400DB1201 /* SectionHeaderModifier.swift in Sources */,
				BFBAF9B425AFC57500BBFBD8 /* SingleFlightRowView.swift in Sources */,
				BF982CD525A54E5900C14019 /* FakeData.swift in Sources */,
				BF634B1D25AD170A00BE6425 /* Animation+Ext.swift in Sources */,
				BF982CE625A54ECF00C14019 /* Flight+CoreDataClass.swift in Sources */,
				BF982CE425A54ECF00C14019 /* AircrewData+CoreDataClass.swift in Sources */,
				BFDD329425A4FE83000FE732 /* Color+PBLStyle.swift in Sources */,
				4DD13FDB259ED18300C98EB8 /* SceneDelegate.swift in Sources */,
				BFBAF99525AFB90600BBFBD8 /* Main781FormHeaderView.swift in Sources */,
				7F83DABF25A4C44A00D5860C /* BoldText.swift in Sources */,
				13B0A4E925A78054007304DB /* Flight+SwiftUIHelpers.swift in Sources */,
				BF634B1E25AD170A00BE6425 /* UIDevice+Ext.swift in Sources */,
				BFBAF99E25AFBD9C00BBFBD8 /* PDFPreviewView.swift in Sources */,
				BFBAF96925AFAA3C00BBFBD8 /* Form781Card.swift in Sources */,
				BF982CC825A54B0500C14019 /* PBLogging.xcdatamodeld in Sources */,
				BFBAF97125AFAC3900BBFBD8 /* ContentHeaderView.swift in Sources */,
				138520A825B9F10D00C0733B /* DateFieldWithLabel.swift in Sources */,
				BFBAF97F25AFADD600BBFBD8 /* InfoModalView.swift in Sources */,
				7FF0FF0725B74A3D00097C66 /* IconText.swift in Sources */,
				BF982CE225A54ECF00C14019 /* Form781+CoreDataClass.swift in Sources */,
				1383049C25B0EDC800DFBBCE /* AircrewDetailFlightTime.swift in Sources */,
				7F83DAB225A4C2EF00D5860C /* TextAndIconButton.swift in Sources */,
				BFBAF9A325AFC42800BBFBD8 /* AllAircrewView.swift in Sources */,
				13B0A4E825A78054007304DB /* AircrewData+SwiftUIHelpers.swift in Sources */,
				BFBAF98425AFAEF200BBFBD8 /* FormNavigationView.swift in Sources */,
				BF8B81EC25AD816200EC91C7 /* Font+Ext.swift in Sources */,
				BFBAF9AF25AFC56300BBFBD8 /* AllFlightsView.swift in Sources */,
			);
			runOnlyForDeploymentPostprocessing = 0;
		};
		4DD13FEA259ED18700C98EB8 /* Sources */ = {
			isa = PBXSourcesBuildPhase;
			buildActionMask = 2147483647;
			files = (
				4DF7C7A125BF4A9700EB1E5C /* PBLMathTests.swift in Sources */,
				4DD13FF3259ED18700C98EB8 /* LoggingTests.swift in Sources */,
				4DF7C7AF25BFB87600EB1E5C /* String+ExtTests.swift in Sources */,
			);
			runOnlyForDeploymentPostprocessing = 0;
		};
		4DD13FF5259ED18700C98EB8 /* Sources */ = {
			isa = PBXSourcesBuildPhase;
			buildActionMask = 2147483647;
			files = (
				4DD13FFE259ED18700C98EB8 /* LoggingUITests.swift in Sources */,
			);
			runOnlyForDeploymentPostprocessing = 0;
		};
/* End PBXSourcesBuildPhase section */

/* Begin PBXTargetDependency section */
		4DD13FF0259ED18700C98EB8 /* PBXTargetDependency */ = {
			isa = PBXTargetDependency;
			target = 4DD13FD4259ED18300C98EB8 /* Logging */;
			targetProxy = 4DD13FEF259ED18700C98EB8 /* PBXContainerItemProxy */;
		};
		4DD13FFB259ED18700C98EB8 /* PBXTargetDependency */ = {
			isa = PBXTargetDependency;
			target = 4DD13FD4259ED18300C98EB8 /* Logging */;
			targetProxy = 4DD13FFA259ED18700C98EB8 /* PBXContainerItemProxy */;
		};
/* End PBXTargetDependency section */

/* Begin XCBuildConfiguration section */
		4DD14000259ED18700C98EB8 /* Debug */ = {
			isa = XCBuildConfiguration;
			buildSettings = {
				ALWAYS_SEARCH_USER_PATHS = NO;
				CLANG_ANALYZER_NONNULL = YES;
				CLANG_ANALYZER_NUMBER_OBJECT_CONVERSION = YES_AGGRESSIVE;
				CLANG_CXX_LANGUAGE_STANDARD = "gnu++14";
				CLANG_CXX_LIBRARY = "libc++";
				CLANG_ENABLE_MODULES = YES;
				CLANG_ENABLE_OBJC_ARC = YES;
				CLANG_ENABLE_OBJC_WEAK = YES;
				CLANG_WARN_BLOCK_CAPTURE_AUTORELEASING = YES;
				CLANG_WARN_BOOL_CONVERSION = YES;
				CLANG_WARN_COMMA = YES;
				CLANG_WARN_CONSTANT_CONVERSION = YES;
				CLANG_WARN_DEPRECATED_OBJC_IMPLEMENTATIONS = YES;
				CLANG_WARN_DIRECT_OBJC_ISA_USAGE = YES_ERROR;
				CLANG_WARN_DOCUMENTATION_COMMENTS = YES;
				CLANG_WARN_EMPTY_BODY = YES;
				CLANG_WARN_ENUM_CONVERSION = YES;
				CLANG_WARN_INFINITE_RECURSION = YES;
				CLANG_WARN_INT_CONVERSION = YES;
				CLANG_WARN_NON_LITERAL_NULL_CONVERSION = YES;
				CLANG_WARN_OBJC_IMPLICIT_RETAIN_SELF = YES;
				CLANG_WARN_OBJC_LITERAL_CONVERSION = YES;
				CLANG_WARN_OBJC_ROOT_CLASS = YES_ERROR;
				CLANG_WARN_QUOTED_INCLUDE_IN_FRAMEWORK_HEADER = YES;
				CLANG_WARN_RANGE_LOOP_ANALYSIS = YES;
				CLANG_WARN_STRICT_PROTOTYPES = YES;
				CLANG_WARN_SUSPICIOUS_MOVE = YES;
				CLANG_WARN_UNGUARDED_AVAILABILITY = YES_AGGRESSIVE;
				CLANG_WARN_UNREACHABLE_CODE = YES;
				CLANG_WARN__DUPLICATE_METHOD_MATCH = YES;
				COPY_PHASE_STRIP = NO;
				DEBUG_INFORMATION_FORMAT = "dwarf-with-dsym";
				ENABLE_STRICT_OBJC_MSGSEND = YES;
				ENABLE_TESTABILITY = YES;
				GCC_C_LANGUAGE_STANDARD = gnu11;
				GCC_DYNAMIC_NO_PIC = NO;
				GCC_NO_COMMON_BLOCKS = YES;
				GCC_OPTIMIZATION_LEVEL = 0;
				GCC_PREPROCESSOR_DEFINITIONS = (
					"DEBUG=1",
					"$(inherited)",
				);
				GCC_TREAT_INCOMPATIBLE_POINTER_TYPE_WARNINGS_AS_ERRORS = YES;
				GCC_TREAT_WARNINGS_AS_ERRORS = YES;
				GCC_WARN_64_TO_32_BIT_CONVERSION = YES;
				GCC_WARN_ABOUT_RETURN_TYPE = YES_ERROR;
				GCC_WARN_UNDECLARED_SELECTOR = YES;
				GCC_WARN_UNINITIALIZED_AUTOS = YES_AGGRESSIVE;
				GCC_WARN_UNUSED_FUNCTION = YES;
				GCC_WARN_UNUSED_VARIABLE = YES;
				IPHONEOS_DEPLOYMENT_TARGET = 13.0;
				MTL_ENABLE_DEBUG_INFO = INCLUDE_SOURCE;
				MTL_FAST_MATH = YES;
				ONLY_ACTIVE_ARCH = YES;
				SDKROOT = iphoneos;
				SWIFT_ACTIVE_COMPILATION_CONDITIONS = DEBUG;
				SWIFT_OPTIMIZATION_LEVEL = "-Onone";
				SWIFT_TREAT_WARNINGS_AS_ERRORS = YES;
			};
			name = Debug;
		};
		4DD14001259ED18700C98EB8 /* Release */ = {
			isa = XCBuildConfiguration;
			buildSettings = {
				ALWAYS_SEARCH_USER_PATHS = NO;
				CLANG_ANALYZER_NONNULL = YES;
				CLANG_ANALYZER_NUMBER_OBJECT_CONVERSION = YES_AGGRESSIVE;
				CLANG_CXX_LANGUAGE_STANDARD = "gnu++14";
				CLANG_CXX_LIBRARY = "libc++";
				CLANG_ENABLE_MODULES = YES;
				CLANG_ENABLE_OBJC_ARC = YES;
				CLANG_ENABLE_OBJC_WEAK = YES;
				CLANG_WARN_BLOCK_CAPTURE_AUTORELEASING = YES;
				CLANG_WARN_BOOL_CONVERSION = YES;
				CLANG_WARN_COMMA = YES;
				CLANG_WARN_CONSTANT_CONVERSION = YES;
				CLANG_WARN_DEPRECATED_OBJC_IMPLEMENTATIONS = YES;
				CLANG_WARN_DIRECT_OBJC_ISA_USAGE = YES_ERROR;
				CLANG_WARN_DOCUMENTATION_COMMENTS = YES;
				CLANG_WARN_EMPTY_BODY = YES;
				CLANG_WARN_ENUM_CONVERSION = YES;
				CLANG_WARN_INFINITE_RECURSION = YES;
				CLANG_WARN_INT_CONVERSION = YES;
				CLANG_WARN_NON_LITERAL_NULL_CONVERSION = YES;
				CLANG_WARN_OBJC_IMPLICIT_RETAIN_SELF = YES;
				CLANG_WARN_OBJC_LITERAL_CONVERSION = YES;
				CLANG_WARN_OBJC_ROOT_CLASS = YES_ERROR;
				CLANG_WARN_QUOTED_INCLUDE_IN_FRAMEWORK_HEADER = YES;
				CLANG_WARN_RANGE_LOOP_ANALYSIS = YES;
				CLANG_WARN_STRICT_PROTOTYPES = YES;
				CLANG_WARN_SUSPICIOUS_MOVE = YES;
				CLANG_WARN_UNGUARDED_AVAILABILITY = YES_AGGRESSIVE;
				CLANG_WARN_UNREACHABLE_CODE = YES;
				CLANG_WARN__DUPLICATE_METHOD_MATCH = YES;
				COPY_PHASE_STRIP = NO;
				DEBUG_INFORMATION_FORMAT = "dwarf-with-dsym";
				ENABLE_NS_ASSERTIONS = NO;
				ENABLE_STRICT_OBJC_MSGSEND = YES;
				GCC_C_LANGUAGE_STANDARD = gnu11;
				GCC_NO_COMMON_BLOCKS = YES;
				GCC_TREAT_INCOMPATIBLE_POINTER_TYPE_WARNINGS_AS_ERRORS = YES;
				GCC_TREAT_WARNINGS_AS_ERRORS = YES;
				GCC_WARN_64_TO_32_BIT_CONVERSION = YES;
				GCC_WARN_ABOUT_RETURN_TYPE = YES_ERROR;
				GCC_WARN_UNDECLARED_SELECTOR = YES;
				GCC_WARN_UNINITIALIZED_AUTOS = YES_AGGRESSIVE;
				GCC_WARN_UNUSED_FUNCTION = YES;
				GCC_WARN_UNUSED_VARIABLE = YES;
				IPHONEOS_DEPLOYMENT_TARGET = 13.0;
				MTL_ENABLE_DEBUG_INFO = NO;
				MTL_FAST_MATH = YES;
				SDKROOT = iphoneos;
				SWIFT_COMPILATION_MODE = wholemodule;
				SWIFT_OPTIMIZATION_LEVEL = "-O";
				SWIFT_TREAT_WARNINGS_AS_ERRORS = YES;
				VALIDATE_PRODUCT = YES;
			};
			name = Release;
		};
		4DD14003259ED18700C98EB8 /* Debug */ = {
			isa = XCBuildConfiguration;
			buildSettings = {
				ASSETCATALOG_COMPILER_APPICON_NAME = AppIcon;
				ASSETCATALOG_COMPILER_GLOBAL_ACCENT_COLOR_NAME = primary;
				CODE_SIGN_STYLE = Automatic;
				CURRENT_PROJECT_VERSION = 0;
				DEVELOPMENT_ASSET_PATHS = "\"PBLogging/PreviewContent\"";
				DEVELOPMENT_TEAM = 4W9F335W5Y;
				ENABLE_PREVIEWS = YES;
				INFOPLIST_FILE = PBLogging/Info.plist;
				IPHONEOS_DEPLOYMENT_TARGET = 13.0;
				LD_RUNPATH_SEARCH_PATHS = (
					"$(inherited)",
					"@executable_path/Frameworks",
				);
				MARKETING_VERSION = 0.2.0;
				PRODUCT_BUNDLE_IDENTIFIER = mil.airmencoders.logging;
				PRODUCT_NAME = "$(TARGET_NAME)";
				SWIFT_VERSION = 5.0;
				TARGETED_DEVICE_FAMILY = 2;
			};
			name = Debug;
		};
		4DD14004259ED18700C98EB8 /* Release */ = {
			isa = XCBuildConfiguration;
			buildSettings = {
				ASSETCATALOG_COMPILER_APPICON_NAME = AppIcon;
				ASSETCATALOG_COMPILER_GLOBAL_ACCENT_COLOR_NAME = primary;
				CODE_SIGN_IDENTITY = "iPhone Distribution";
				CODE_SIGN_STYLE = Manual;
				CURRENT_PROJECT_VERSION = 0;
				DEVELOPMENT_ASSET_PATHS = "\"PBLogging/PreviewContent\"";
				DEVELOPMENT_TEAM = RQ9T47YT3S;
				ENABLE_PREVIEWS = YES;
				INFOPLIST_FILE = PBLogging/Info.plist;
				IPHONEOS_DEPLOYMENT_TARGET = 13.0;
				LD_RUNPATH_SEARCH_PATHS = (
					"$(inherited)",
					"@executable_path/Frameworks",
				);
				MARKETING_VERSION = 0.2.0;
				PRODUCT_BUNDLE_IDENTIFIER = mil.airmencoders.logging;
				PRODUCT_NAME = "$(TARGET_NAME)";
				PROVISIONING_PROFILE_SPECIFIER = "GitHub Actions PBL";
				SWIFT_VERSION = 5.0;
				TARGETED_DEVICE_FAMILY = 2;
			};
			name = Release;
		};
		4DD14006259ED18700C98EB8 /* Debug */ = {
			isa = XCBuildConfiguration;
			buildSettings = {
				ALWAYS_EMBED_SWIFT_STANDARD_LIBRARIES = YES;
				BUNDLE_LOADER = "$(TEST_HOST)";
				CODE_SIGN_STYLE = Automatic;
				INFOPLIST_FILE = LoggingTests/Info.plist;
				IPHONEOS_DEPLOYMENT_TARGET = 13.0;
				LD_RUNPATH_SEARCH_PATHS = (
					"$(inherited)",
					"@executable_path/Frameworks",
					"@loader_path/Frameworks",
				);
				PRODUCT_BUNDLE_IDENTIFIER = mil.airmencoders.LoggingTests;
				PRODUCT_NAME = "$(TARGET_NAME)";
				SWIFT_VERSION = 5.0;
				TARGETED_DEVICE_FAMILY = "1,2";
				TEST_HOST = "$(BUILT_PRODUCTS_DIR)/Logging.app/Logging";
			};
			name = Debug;
		};
		4DD14007259ED18700C98EB8 /* Release */ = {
			isa = XCBuildConfiguration;
			buildSettings = {
				ALWAYS_EMBED_SWIFT_STANDARD_LIBRARIES = YES;
				BUNDLE_LOADER = "$(TEST_HOST)";
				CODE_SIGN_STYLE = Automatic;
				INFOPLIST_FILE = LoggingTests/Info.plist;
				IPHONEOS_DEPLOYMENT_TARGET = 13.0;
				LD_RUNPATH_SEARCH_PATHS = (
					"$(inherited)",
					"@executable_path/Frameworks",
					"@loader_path/Frameworks",
				);
				PRODUCT_BUNDLE_IDENTIFIER = mil.airmencoders.LoggingTests;
				PRODUCT_NAME = "$(TARGET_NAME)";
				SWIFT_VERSION = 5.0;
				TARGETED_DEVICE_FAMILY = "1,2";
				TEST_HOST = "$(BUILT_PRODUCTS_DIR)/Logging.app/Logging";
			};
			name = Release;
		};
		4DD14009259ED18700C98EB8 /* Debug */ = {
			isa = XCBuildConfiguration;
			buildSettings = {
				ALWAYS_EMBED_SWIFT_STANDARD_LIBRARIES = YES;
				CODE_SIGN_STYLE = Automatic;
				INFOPLIST_FILE = LoggingUITests/Info.plist;
				LD_RUNPATH_SEARCH_PATHS = (
					"$(inherited)",
					"@executable_path/Frameworks",
					"@loader_path/Frameworks",
				);
				PRODUCT_BUNDLE_IDENTIFIER = mil.airmencoders.LoggingUITests;
				PRODUCT_NAME = "$(TARGET_NAME)";
				SWIFT_VERSION = 5.0;
				TARGETED_DEVICE_FAMILY = "1,2";
				TEST_TARGET_NAME = Logging;
			};
			name = Debug;
		};
		4DD1400A259ED18700C98EB8 /* Release */ = {
			isa = XCBuildConfiguration;
			buildSettings = {
				ALWAYS_EMBED_SWIFT_STANDARD_LIBRARIES = YES;
				CODE_SIGN_STYLE = Automatic;
				INFOPLIST_FILE = LoggingUITests/Info.plist;
				LD_RUNPATH_SEARCH_PATHS = (
					"$(inherited)",
					"@executable_path/Frameworks",
					"@loader_path/Frameworks",
				);
				PRODUCT_BUNDLE_IDENTIFIER = mil.airmencoders.LoggingUITests;
				PRODUCT_NAME = "$(TARGET_NAME)";
				SWIFT_VERSION = 5.0;
				TARGETED_DEVICE_FAMILY = "1,2";
				TEST_TARGET_NAME = Logging;
			};
			name = Release;
		};
/* End XCBuildConfiguration section */

/* Begin XCConfigurationList section */
		4DD13FD0259ED18300C98EB8 /* Build configuration list for PBXProject "PBLogging" */ = {
			isa = XCConfigurationList;
			buildConfigurations = (
				4DD14000259ED18700C98EB8 /* Debug */,
				4DD14001259ED18700C98EB8 /* Release */,
			);
			defaultConfigurationIsVisible = 0;
			defaultConfigurationName = Release;
		};
		4DD14002259ED18700C98EB8 /* Build configuration list for PBXNativeTarget "Logging" */ = {
			isa = XCConfigurationList;
			buildConfigurations = (
				4DD14003259ED18700C98EB8 /* Debug */,
				4DD14004259ED18700C98EB8 /* Release */,
			);
			defaultConfigurationIsVisible = 0;
			defaultConfigurationName = Release;
		};
		4DD14005259ED18700C98EB8 /* Build configuration list for PBXNativeTarget "LoggingTests" */ = {
			isa = XCConfigurationList;
			buildConfigurations = (
				4DD14006259ED18700C98EB8 /* Debug */,
				4DD14007259ED18700C98EB8 /* Release */,
			);
			defaultConfigurationIsVisible = 0;
			defaultConfigurationName = Release;
		};
		4DD14008259ED18700C98EB8 /* Build configuration list for PBXNativeTarget "LoggingUITests" */ = {
			isa = XCConfigurationList;
			buildConfigurations = (
				4DD14009259ED18700C98EB8 /* Debug */,
				4DD1400A259ED18700C98EB8 /* Release */,
			);
			defaultConfigurationIsVisible = 0;
			defaultConfigurationName = Release;
		};
/* End XCConfigurationList section */

/* Begin XCVersionGroup section */
		BF982CC625A54B0500C14019 /* PBLogging.xcdatamodeld */ = {
			isa = XCVersionGroup;
			children = (
				BF982CC725A54B0500C14019 /* PBLiOS.xcdatamodel */,
			);
			currentVersion = BF982CC725A54B0500C14019 /* PBLiOS.xcdatamodel */;
			path = PBLogging.xcdatamodeld;
			sourceTree = "<group>";
			versionGroupType = wrapper.xcdatamodel;
		};
/* End XCVersionGroup section */
	};
	rootObject = 4DD13FCD259ED18300C98EB8 /* Project object */;
}
