// !$*UTF8*$!
{
	archiveVersion = 1;
	classes = {
	};
	objectVersion = 50;
	objects = {

/* Begin PBXBuildFile section */
		13549C0325B103210000C875 /* String+Ext.swift in Sources */ = {isa = PBXBuildFile; fileRef = 13549C0225B103210000C875 /* String+Ext.swift */; };
		4D26117425D770B90016A27E /* MissionSortieInfoView.swift in Sources */ = {isa = PBXBuildFile; fileRef = 7F03C0CB25D6F91300F7AA5B /* MissionSortieInfoView.swift */; };
		4D8A7E0525E9A5EE00C70D7E /* View+Ext.swift in Sources */ = {isa = PBXBuildFile; fileRef = 4D8A7E0425E9A5EE00C70D7E /* View+Ext.swift */; };
		4D9E3F6225E097B0003903B0 /* SortieFuelInfoView.swift in Sources */ = {isa = PBXBuildFile; fileRef = 4D9E3F6125E097B0003903B0 /* SortieFuelInfoView.swift */; };
		4D9E3F6725E0A908003903B0 /* SortieAirlandInfoView.swift in Sources */ = {isa = PBXBuildFile; fileRef = 4D9E3F6625E0A908003903B0 /* SortieAirlandInfoView.swift */; };
		4D9E3F6F25E0C62E003903B0 /* SortieAirdropInfoView.swift in Sources */ = {isa = PBXBuildFile; fileRef = 4D9E3F6E25E0C62E003903B0 /* SortieAirdropInfoView.swift */; };
		4DA26E0A25AE7D2E00D0A66D /* fillable781v3.pdf in Resources */ = {isa = PBXBuildFile; fileRef = 4DA26E0925AE7D2E00D0A66D /* fillable781v3.pdf */; };
		4DCD426425DC83A200EB6FF3 /* ContentView.swift in Sources */ = {isa = PBXBuildFile; fileRef = 4DCD426325DC83A200EB6FF3 /* ContentView.swift */; };
		4DCD426925DC83AF00EB6FF3 /* ContentHeaderView.swift in Sources */ = {isa = PBXBuildFile; fileRef = 4DCD426825DC83AF00EB6FF3 /* ContentHeaderView.swift */; };
		4DCD426E25DC83BD00EB6FF3 /* EventsOverview.swift in Sources */ = {isa = PBXBuildFile; fileRef = 4DCD426D25DC83BD00EB6FF3 /* EventsOverview.swift */; };
		4DCD427325DC83C600EB6FF3 /* EventCard.swift in Sources */ = {isa = PBXBuildFile; fileRef = 4DCD427225DC83C600EB6FF3 /* EventCard.swift */; };
		4DCD42B225DC9B0000EB6FF3 /* RecentSortiesList.swift in Sources */ = {isa = PBXBuildFile; fileRef = 4DCD42B125DC9B0000EB6FF3 /* RecentSortiesList.swift */; };
		4DCD42B725DCA29B00EB6FF3 /* SortieCard.swift in Sources */ = {isa = PBXBuildFile; fileRef = 4DCD42B625DCA29B00EB6FF3 /* SortieCard.swift */; };
		4DD13FD9259ED18300C98EB8 /* AppDelegate.swift in Sources */ = {isa = PBXBuildFile; fileRef = 4DD13FD8259ED18300C98EB8 /* AppDelegate.swift */; };
		4DD13FDB259ED18300C98EB8 /* SceneDelegate.swift in Sources */ = {isa = PBXBuildFile; fileRef = 4DD13FDA259ED18300C98EB8 /* SceneDelegate.swift */; };
		4DD13FE2259ED18600C98EB8 /* Assets.xcassets in Resources */ = {isa = PBXBuildFile; fileRef = 4DD13FE1259ED18600C98EB8 /* Assets.xcassets */; };
		4DD13FE5259ED18600C98EB8 /* PreviewAssets.xcassets in Resources */ = {isa = PBXBuildFile; fileRef = 4DD13FE4259ED18600C98EB8 /* PreviewAssets.xcassets */; };
		4DD13FFE259ED18700C98EB8 /* LoggingUITests.swift in Sources */ = {isa = PBXBuildFile; fileRef = 4DD13FFD259ED18700C98EB8 /* LoggingUITests.swift */; };
		4DE18EF025A38E3C0027A580 /* LaunchScreen.storyboard in Resources */ = {isa = PBXBuildFile; fileRef = 4DE18EEF25A38E3B0027A580 /* LaunchScreen.storyboard */; };
		4DE7A98925E8321E00FD03D2 /* FatalErrorUtil.swift in Sources */ = {isa = PBXBuildFile; fileRef = 4DE7A98325E822A700FD03D2 /* FatalErrorUtil.swift */; };
		4DE7A99125E83A4500FD03D2 /* XCTestCase+FatalError.swift in Sources */ = {isa = PBXBuildFile; fileRef = 4DE7A99025E83A4500FD03D2 /* XCTestCase+FatalError.swift */; };
		4DF7C78B25BB666F00EB1E5C /* FontModifiers.swift in Sources */ = {isa = PBXBuildFile; fileRef = 4DF7C78A25BB666F00EB1E5C /* FontModifiers.swift */; };
		4DF7C7AF25BFB87600EB1E5C /* String+ExtTests.swift in Sources */ = {isa = PBXBuildFile; fileRef = 4DF7C7AE25BFB87600EB1E5C /* String+ExtTests.swift */; };
		7F03C0D125D72EB500F7AA5B /* SortieTypeView.swift in Sources */ = {isa = PBXBuildFile; fileRef = 7F03C0D025D72EB500F7AA5B /* SortieTypeView.swift */; };
		7F03C0DE25D7304F00F7AA5B /* TrainingEventsView.swift in Sources */ = {isa = PBXBuildFile; fileRef = 7F03C0DD25D7304F00F7AA5B /* TrainingEventsView.swift */; };
		7F03C0E325D7347D00F7AA5B /* TextView.swift in Sources */ = {isa = PBXBuildFile; fileRef = 7F03C0E225D7347D00F7AA5B /* TextView.swift */; };
		7F03C0EB25DC0CCE00F7AA5B /* ToggleStyle+Ext.swift in Sources */ = {isa = PBXBuildFile; fileRef = 7F03C0EA25DC0CCE00F7AA5B /* ToggleStyle+Ext.swift */; };
		7F36016225C365AE009FF74E /* AircrewListView.swift in Sources */ = {isa = PBXBuildFile; fileRef = 7F36016125C365AE009FF74E /* AircrewListView.swift */; };
		7F3E513125E0584800B59CBF /* Binding+OnChange.swift in Sources */ = {isa = PBXBuildFile; fileRef = 7F3E513025E0584800B59CBF /* Binding+OnChange.swift */; };
		7F510EBA25E062EB00821D5D /* ThickDivider.swift in Sources */ = {isa = PBXBuildFile; fileRef = 7F510EB925E062EB00821D5D /* ThickDivider.swift */; };
		7F707B5325F002CF0035E3F2 /* CGFloat+Ext.swift in Sources */ = {isa = PBXBuildFile; fileRef = 7F707B5225F002CF0035E3F2 /* CGFloat+Ext.swift */; };
		7F707B9025F01E850035E3F2 /* SortieCommentsView.swift in Sources */ = {isa = PBXBuildFile; fileRef = 7F707B8F25F01E850035E3F2 /* SortieCommentsView.swift */; };
		7F707BA625F14DEA0035E3F2 /* BorderModifiers.swift in Sources */ = {isa = PBXBuildFile; fileRef = 7F707BA525F14DEA0035E3F2 /* BorderModifiers.swift */; };
		7F83DA7725A3B22300D5860C /* DMSans-Medium.ttf in Resources */ = {isa = PBXBuildFile; fileRef = 7F83DA7425A3B22300D5860C /* DMSans-Medium.ttf */; };
		7F83DA7825A3B22300D5860C /* DMSans-Regular.ttf in Resources */ = {isa = PBXBuildFile; fileRef = 7F83DA7525A3B22300D5860C /* DMSans-Regular.ttf */; };
		7F83DA7925A3B22300D5860C /* DMSans-Bold.ttf in Resources */ = {isa = PBXBuildFile; fileRef = 7F83DA7625A3B22300D5860C /* DMSans-Bold.ttf */; };
		7F83DAB225A4C2EF00D5860C /* TextAndIconButton.swift in Sources */ = {isa = PBXBuildFile; fileRef = 7F83DAB125A4C2EF00D5860C /* TextAndIconButton.swift */; };
		7FB30E1F25D1CCF700797B4A /* FormTabView.swift in Sources */ = {isa = PBXBuildFile; fileRef = 7FB30E1E25D1CCF700797B4A /* FormTabView.swift */; };
		7FB30E3525D44A0700797B4A /* MissionDataView.swift in Sources */ = {isa = PBXBuildFile; fileRef = 7FB30E3425D44A0700797B4A /* MissionDataView.swift */; };
		7FB30E4525D483FD00797B4A /* MissionDataAndFlightSeqView.swift in Sources */ = {isa = PBXBuildFile; fileRef = 7FB30E4425D483FD00797B4A /* MissionDataAndFlightSeqView.swift */; };
		7FF0FEFC25B137FA00097C66 /* TextFieldWithLabel.swift in Sources */ = {isa = PBXBuildFile; fileRef = 7FF0FEFB25B137FA00097C66 /* TextFieldWithLabel.swift */; };
		BF16A56E25F13B4C00CF6F41 /* PilotTimeAuditor.swift in Sources */ = {isa = PBXBuildFile; fileRef = BF16A56D25F13B4C00CF6F41 /* PilotTimeAuditor.swift */; };
		BF16A57725F13D9600CF6F41 /* AuditingFlightTimeView.swift in Sources */ = {isa = PBXBuildFile; fileRef = BF16A57625F13D9600CF6F41 /* AuditingFlightTimeView.swift */; };
		BF16A57F25F1704D00CF6F41 /* PilotLoadmasterSwitcherView.swift in Sources */ = {isa = PBXBuildFile; fileRef = BF16A57E25F1704D00CF6F41 /* PilotLoadmasterSwitcherView.swift */; };
		BF22CE4625F28C8D0050C589 /* LoadmasterTimeAuditor.swift in Sources */ = {isa = PBXBuildFile; fileRef = BF22CE4525F28C8D0050C589 /* LoadmasterTimeAuditor.swift */; };
		BF22CE4B25F28CE80050C589 /* DoubleItem.swift in Sources */ = {isa = PBXBuildFile; fileRef = BF22CE4A25F28CE80050C589 /* DoubleItem.swift */; };
		BF22CE5025F28D1C0050C589 /* DisplayRow.swift in Sources */ = {isa = PBXBuildFile; fileRef = BF22CE4F25F28D1C0050C589 /* DisplayRow.swift */; };
		BF22CE5525F28D5B0050C589 /* TimeRow.swift in Sources */ = {isa = PBXBuildFile; fileRef = BF22CE5425F28D5B0050C589 /* TimeRow.swift */; };
		BF22CE5A25F28D950050C589 /* Double+Ext.swift in Sources */ = {isa = PBXBuildFile; fileRef = BF22CE5925F28D950050C589 /* Double+Ext.swift */; };
		BF22CE6425F28FC10050C589 /* FlightTimeShared.swift in Sources */ = {isa = PBXBuildFile; fileRef = BF22CE6325F28FC10050C589 /* FlightTimeShared.swift */; };
		BF22CE7225F292120050C589 /* AuditingProtocol.swift in Sources */ = {isa = PBXBuildFile; fileRef = BF22CE7125F292120050C589 /* AuditingProtocol.swift */; };
		BF5C1F2425A683690075404C /* AlertProvider.swift in Sources */ = {isa = PBXBuildFile; fileRef = BF5C1F2325A683690075404C /* AlertProvider.swift */; };
		BF634B1D25AD170A00BE6425 /* Animation+Ext.swift in Sources */ = {isa = PBXBuildFile; fileRef = BF634B1B25AD170A00BE6425 /* Animation+Ext.swift */; };
		BF634B1E25AD170A00BE6425 /* UIDevice+Ext.swift in Sources */ = {isa = PBXBuildFile; fileRef = BF634B1C25AD170A00BE6425 /* UIDevice+Ext.swift */; };
		BF76D3AB25E63C070045A4DA /* Event+CalculationsTests.swift in Sources */ = {isa = PBXBuildFile; fileRef = BF76D3AA25E63C070045A4DA /* Event+CalculationsTests.swift */; };
		BF76D3B025E63CAA0045A4DA /* Sortie+CalculationsTests.swift in Sources */ = {isa = PBXBuildFile; fileRef = BF76D3AF25E63CAA0045A4DA /* Sortie+CalculationsTests.swift */; };
		BF76D3B525E63CFD0045A4DA /* Sortie+AccessorsTests.swift in Sources */ = {isa = PBXBuildFile; fileRef = BF76D3B425E63CFD0045A4DA /* Sortie+AccessorsTests.swift */; };
		BF8B81EC25AD816200EC91C7 /* Font+Ext.swift in Sources */ = {isa = PBXBuildFile; fileRef = BF8B81EB25AD816200EC91C7 /* Font+Ext.swift */; };
		BF982CEF25A54EFE00C14019 /* Date+Ext.swift in Sources */ = {isa = PBXBuildFile; fileRef = BF982CEE25A54EFE00C14019 /* Date+Ext.swift */; };
		BFCCCDF125E82387004E0AB8 /* PDFPreviewView.swift in Sources */ = {isa = PBXBuildFile; fileRef = BFCCCDF025E82387004E0AB8 /* PDFPreviewView.swift */; };
		BFDB3AC225DDAA74000A16ED /* DataController.swift in Sources */ = {isa = PBXBuildFile; fileRef = BFDB3ABE25DDAA74000A16ED /* DataController.swift */; };
		BFDB3AC425DDAA74000A16ED /* SampleData.swift in Sources */ = {isa = PBXBuildFile; fileRef = BFDB3AC125DDAA74000A16ED /* SampleData.swift */; };
		BFDB3B0325DDAAF3000A16ED /* Sortie+Calculations.swift in Sources */ = {isa = PBXBuildFile; fileRef = BFDB3AF925DDAAF3000A16ED /* Sortie+Calculations.swift */; };
		BFDB3B0425DDAAF3000A16ED /* Person+Accessors.swift in Sources */ = {isa = PBXBuildFile; fileRef = BFDB3AFA25DDAAF3000A16ED /* Person+Accessors.swift */; };
		BFDB3B0525DDAAF3000A16ED /* Sortie+Accessors.swift in Sources */ = {isa = PBXBuildFile; fileRef = BFDB3AFB25DDAAF3000A16ED /* Sortie+Accessors.swift */; };
		BFDB3B0625DDAAF3000A16ED /* CrewLine+Accessors.swift in Sources */ = {isa = PBXBuildFile; fileRef = BFDB3AFC25DDAAF3000A16ED /* CrewLine+Accessors.swift */; };
		BFDB3B0725DDAAF3000A16ED /* CrewLine+Comparable.swift in Sources */ = {isa = PBXBuildFile; fileRef = BFDB3AFD25DDAAF3000A16ED /* CrewLine+Comparable.swift */; };
		BFDB3B0825DDAAF3000A16ED /* Event+Accessors.swift in Sources */ = {isa = PBXBuildFile; fileRef = BFDB3AFE25DDAAF3000A16ED /* Event+Accessors.swift */; };
		BFDB3B0925DDAAF3000A16ED /* Event+Calculations.swift in Sources */ = {isa = PBXBuildFile; fileRef = BFDB3AFF25DDAAF3000A16ED /* Event+Calculations.swift */; };
		BFDB3B0A25DDAAF3000A16ED /* AllEntityAwake.swift in Sources */ = {isa = PBXBuildFile; fileRef = BFDB3B0025DDAAF3000A16ED /* AllEntityAwake.swift */; };
		BFDB3B0B25DDAAF3000A16ED /* Sortie+Comparable.swift in Sources */ = {isa = PBXBuildFile; fileRef = BFDB3B0125DDAAF3000A16ED /* Sortie+Comparable.swift */; };
		BFDB3B0C25DDAAF3000A16ED /* SortieType+Accessors.swift in Sources */ = {isa = PBXBuildFile; fileRef = BFDB3B0225DDAAF3000A16ED /* SortieType+Accessors.swift */; };
		BFDB3B1125DDAB02000A16ED /* README.md in Resources */ = {isa = PBXBuildFile; fileRef = BFDB3B1025DDAB02000A16ED /* README.md */; };
		BFDB3B1E25DDBC35000A16ED /* EventTests.swift in Sources */ = {isa = PBXBuildFile; fileRef = BFDB3B1B25DDBC35000A16ED /* EventTests.swift */; };
		BFDB3B1F25DDBC35000A16ED /* CrewLine+ComparableTests.swift in Sources */ = {isa = PBXBuildFile; fileRef = BFDB3B1C25DDBC35000A16ED /* CrewLine+ComparableTests.swift */; };
		BFDB3B5425DDD76E000A16ED /* AllEntityAwakeTests.swift in Sources */ = {isa = PBXBuildFile; fileRef = BFDB3B5325DDD76E000A16ED /* AllEntityAwakeTests.swift */; };
		BFDB3C7325DF5C67000A16ED /* CollectorWebView.swift in Sources */ = {isa = PBXBuildFile; fileRef = BFDB3C7225DF5C67000A16ED /* CollectorWebView.swift */; };
		BFDD329425A4FE83000FE732 /* Color+PBLStyle.swift in Sources */ = {isa = PBXBuildFile; fileRef = BFDD329325A4FE83000FE732 /* Color+PBLStyle.swift */; };
		BFEB66F925E5D29E00980700 /* MissionEventRecord+CoreDataClass.swift in Sources */ = {isa = PBXBuildFile; fileRef = BFEB66E325E5D29E00980700 /* MissionEventRecord+CoreDataClass.swift */; };
		BFEB66FA25E5D29E00980700 /* MissionEventRecord+CoreDataProperties.swift in Sources */ = {isa = PBXBuildFile; fileRef = BFEB66E425E5D29E00980700 /* MissionEventRecord+CoreDataProperties.swift */; };
		BFEB66FF25E5D29E00980700 /* Metrics+CoreDataClass.swift in Sources */ = {isa = PBXBuildFile; fileRef = BFEB66E925E5D29E00980700 /* Metrics+CoreDataClass.swift */; };
		BFEB670025E5D29E00980700 /* Metrics+CoreDataProperties.swift in Sources */ = {isa = PBXBuildFile; fileRef = BFEB66EA25E5D29E00980700 /* Metrics+CoreDataProperties.swift */; };
		BFEB670125E5D29E00980700 /* FlightTime+CoreDataClass.swift in Sources */ = {isa = PBXBuildFile; fileRef = BFEB66EB25E5D29E00980700 /* FlightTime+CoreDataClass.swift */; };
		BFEB670225E5D29E00980700 /* FlightTime+CoreDataProperties.swift in Sources */ = {isa = PBXBuildFile; fileRef = BFEB66EC25E5D29E00980700 /* FlightTime+CoreDataProperties.swift */; };
		BFEB670325E5D29E00980700 /* Person+CoreDataClass.swift in Sources */ = {isa = PBXBuildFile; fileRef = BFEB66ED25E5D29E00980700 /* Person+CoreDataClass.swift */; };
		BFEB670425E5D29E00980700 /* Person+CoreDataProperties.swift in Sources */ = {isa = PBXBuildFile; fileRef = BFEB66EE25E5D29E00980700 /* Person+CoreDataProperties.swift */; };
		BFEB670525E5D29E00980700 /* FlightConditions+CoreDataClass.swift in Sources */ = {isa = PBXBuildFile; fileRef = BFEB66EF25E5D29E00980700 /* FlightConditions+CoreDataClass.swift */; };
		BFEB670625E5D29E00980700 /* FlightConditions+CoreDataProperties.swift in Sources */ = {isa = PBXBuildFile; fileRef = BFEB66F025E5D29E00980700 /* FlightConditions+CoreDataProperties.swift */; };
		BFEB670725E5D29E00980700 /* Fuel+CoreDataClass.swift in Sources */ = {isa = PBXBuildFile; fileRef = BFEB66F125E5D29E00980700 /* Fuel+CoreDataClass.swift */; };
		BFEB670825E5D29E00980700 /* Fuel+CoreDataProperties.swift in Sources */ = {isa = PBXBuildFile; fileRef = BFEB66F225E5D29E00980700 /* Fuel+CoreDataProperties.swift */; };
		BFEB670925E5D29E00980700 /* Sortie+CoreDataClass.swift in Sources */ = {isa = PBXBuildFile; fileRef = BFEB66F325E5D29E00980700 /* Sortie+CoreDataClass.swift */; };
		BFEB670A25E5D29E00980700 /* Sortie+CoreDataProperties.swift in Sources */ = {isa = PBXBuildFile; fileRef = BFEB66F425E5D29E00980700 /* Sortie+CoreDataProperties.swift */; };
		BFEB670D25E5D29E00980700 /* SortieType+CoreDataClass.swift in Sources */ = {isa = PBXBuildFile; fileRef = BFEB66F725E5D29E00980700 /* SortieType+CoreDataClass.swift */; };
		BFEB670E25E5D29E00980700 /* SortieType+CoreDataProperties.swift in Sources */ = {isa = PBXBuildFile; fileRef = BFEB66F825E5D29E00980700 /* SortieType+CoreDataProperties.swift */; };
		BFEB671925E5D4F800980700 /* MissionEventTypes+Accessors.swift in Sources */ = {isa = PBXBuildFile; fileRef = BFEB671825E5D4F800980700 /* MissionEventTypes+Accessors.swift */; };
		BFEB672C25E5DBAF00980700 /* MissionEventTypes+CoreDataClass.swift in Sources */ = {isa = PBXBuildFile; fileRef = BFEB672A25E5DBAF00980700 /* MissionEventTypes+CoreDataClass.swift */; };
		BFEB672D25E5DBAF00980700 /* MissionEventTypes+CoreDataProperties.swift in Sources */ = {isa = PBXBuildFile; fileRef = BFEB672B25E5DBAF00980700 /* MissionEventTypes+CoreDataProperties.swift */; };
		BFEB675A25E5E0CA00980700 /* DataModel.xcdatamodeld in Sources */ = {isa = PBXBuildFile; fileRef = BFEB675825E5E0CA00980700 /* DataModel.xcdatamodeld */; };
		BFEB676025E5E0E900980700 /* Event+CoreDataClass.swift in Sources */ = {isa = PBXBuildFile; fileRef = BFEB675E25E5E0E900980700 /* Event+CoreDataClass.swift */; };
		BFEB676125E5E0E900980700 /* Event+CoreDataProperties.swift in Sources */ = {isa = PBXBuildFile; fileRef = BFEB675F25E5E0E900980700 /* Event+CoreDataProperties.swift */; };
		BFEB677C25E6064300980700 /* CrewLine+CoreDataClass.swift in Sources */ = {isa = PBXBuildFile; fileRef = BFEB677A25E6064300980700 /* CrewLine+CoreDataClass.swift */; };
		BFEB677D25E6064300980700 /* CrewLine+CoreDataProperties.swift in Sources */ = {isa = PBXBuildFile; fileRef = BFEB677B25E6064300980700 /* CrewLine+CoreDataProperties.swift */; };
		BFF38E1925E6F4D30043BDD5 /* OptionalDatePicker.swift in Sources */ = {isa = PBXBuildFile; fileRef = BFF38E1825E6F4D30043BDD5 /* OptionalDatePicker.swift */; };
		BFF38E2A25E700BF0043BDD5 /* Form781.swift in Sources */ = {isa = PBXBuildFile; fileRef = BFF38E2925E700BF0043BDD5 /* Form781.swift */; };
		BFF38E3425E70BBF0043BDD5 /* Event+Form781s.swift in Sources */ = {isa = PBXBuildFile; fileRef = BFF38E3325E70BBF0043BDD5 /* Event+Form781s.swift */; };
		D2223E5625B7691C00B6A33F /* PreviewMods.swift in Sources */ = {isa = PBXBuildFile; fileRef = D2223E5525B7691C00B6A33F /* PreviewMods.swift */; };
/* End PBXBuildFile section */

/* Begin PBXContainerItemProxy section */
		4DD13FEF259ED18700C98EB8 /* PBXContainerItemProxy */ = {
			isa = PBXContainerItemProxy;
			containerPortal = 4DD13FCD259ED18300C98EB8 /* Project object */;
			proxyType = 1;
			remoteGlobalIDString = 4DD13FD4259ED18300C98EB8;
			remoteInfo = Logging;
		};
		4DD13FFA259ED18700C98EB8 /* PBXContainerItemProxy */ = {
			isa = PBXContainerItemProxy;
			containerPortal = 4DD13FCD259ED18300C98EB8 /* Project object */;
			proxyType = 1;
			remoteGlobalIDString = 4DD13FD4259ED18300C98EB8;
			remoteInfo = Logging;
		};
/* End PBXContainerItemProxy section */

/* Begin PBXFileReference section */
		13549C0225B103210000C875 /* String+Ext.swift */ = {isa = PBXFileReference; lastKnownFileType = sourcecode.swift; path = "String+Ext.swift"; sourceTree = "<group>"; };
		4D8A7E0425E9A5EE00C70D7E /* View+Ext.swift */ = {isa = PBXFileReference; lastKnownFileType = sourcecode.swift; path = "View+Ext.swift"; sourceTree = "<group>"; };
		4D9E3F6125E097B0003903B0 /* SortieFuelInfoView.swift */ = {isa = PBXFileReference; lastKnownFileType = sourcecode.swift; path = SortieFuelInfoView.swift; sourceTree = "<group>"; };
		4D9E3F6625E0A908003903B0 /* SortieAirlandInfoView.swift */ = {isa = PBXFileReference; lastKnownFileType = sourcecode.swift; path = SortieAirlandInfoView.swift; sourceTree = "<group>"; };
		4D9E3F6E25E0C62E003903B0 /* SortieAirdropInfoView.swift */ = {isa = PBXFileReference; lastKnownFileType = sourcecode.swift; path = SortieAirdropInfoView.swift; sourceTree = "<group>"; };
		4DA26E0925AE7D2E00D0A66D /* fillable781v3.pdf */ = {isa = PBXFileReference; lastKnownFileType = image.pdf; path = fillable781v3.pdf; sourceTree = "<group>"; };
		4DCD426325DC83A200EB6FF3 /* ContentView.swift */ = {isa = PBXFileReference; fileEncoding = 4; lastKnownFileType = sourcecode.swift; name = ContentView.swift; path = PBLogging/Views/Overview/ContentView.swift; sourceTree = SOURCE_ROOT; };
		4DCD426825DC83AF00EB6FF3 /* ContentHeaderView.swift */ = {isa = PBXFileReference; fileEncoding = 4; lastKnownFileType = sourcecode.swift; name = ContentHeaderView.swift; path = PBLogging/Views/Overview/ContentHeaderView.swift; sourceTree = SOURCE_ROOT; };
		4DCD426D25DC83BD00EB6FF3 /* EventsOverview.swift */ = {isa = PBXFileReference; fileEncoding = 4; lastKnownFileType = sourcecode.swift; name = EventsOverview.swift; path = PBLogging/Views/Overview/EventsOverview.swift; sourceTree = SOURCE_ROOT; };
		4DCD427225DC83C600EB6FF3 /* EventCard.swift */ = {isa = PBXFileReference; fileEncoding = 4; lastKnownFileType = sourcecode.swift; name = EventCard.swift; path = PBLogging/Views/Overview/EventCard.swift; sourceTree = SOURCE_ROOT; };
		4DCD42B125DC9B0000EB6FF3 /* RecentSortiesList.swift */ = {isa = PBXFileReference; lastKnownFileType = sourcecode.swift; path = RecentSortiesList.swift; sourceTree = "<group>"; };
		4DCD42B625DCA29B00EB6FF3 /* SortieCard.swift */ = {isa = PBXFileReference; lastKnownFileType = sourcecode.swift; path = SortieCard.swift; sourceTree = "<group>"; };
		4DD13FD5259ED18300C98EB8 /* Logging.app */ = {isa = PBXFileReference; explicitFileType = wrapper.application; includeInIndex = 0; path = Logging.app; sourceTree = BUILT_PRODUCTS_DIR; };
		4DD13FD8259ED18300C98EB8 /* AppDelegate.swift */ = {isa = PBXFileReference; lastKnownFileType = sourcecode.swift; path = AppDelegate.swift; sourceTree = "<group>"; };
		4DD13FDA259ED18300C98EB8 /* SceneDelegate.swift */ = {isa = PBXFileReference; lastKnownFileType = sourcecode.swift; path = SceneDelegate.swift; sourceTree = "<group>"; };
		4DD13FE1259ED18600C98EB8 /* Assets.xcassets */ = {isa = PBXFileReference; lastKnownFileType = folder.assetcatalog; path = Assets.xcassets; sourceTree = "<group>"; };
		4DD13FE4259ED18600C98EB8 /* PreviewAssets.xcassets */ = {isa = PBXFileReference; lastKnownFileType = folder.assetcatalog; path = PreviewAssets.xcassets; sourceTree = "<group>"; };
		4DD13FE9259ED18600C98EB8 /* Info.plist */ = {isa = PBXFileReference; lastKnownFileType = text.plist.xml; path = Info.plist; sourceTree = "<group>"; };
		4DD13FEE259ED18700C98EB8 /* LoggingTests.xctest */ = {isa = PBXFileReference; explicitFileType = wrapper.cfbundle; includeInIndex = 0; path = LoggingTests.xctest; sourceTree = BUILT_PRODUCTS_DIR; };
		4DD13FF4259ED18700C98EB8 /* Info.plist */ = {isa = PBXFileReference; lastKnownFileType = text.plist.xml; path = Info.plist; sourceTree = "<group>"; };
		4DD13FF9259ED18700C98EB8 /* LoggingUITests.xctest */ = {isa = PBXFileReference; explicitFileType = wrapper.cfbundle; includeInIndex = 0; path = LoggingUITests.xctest; sourceTree = BUILT_PRODUCTS_DIR; };
		4DD13FFD259ED18700C98EB8 /* LoggingUITests.swift */ = {isa = PBXFileReference; lastKnownFileType = sourcecode.swift; path = LoggingUITests.swift; sourceTree = "<group>"; };
		4DD13FFF259ED18700C98EB8 /* Info.plist */ = {isa = PBXFileReference; lastKnownFileType = text.plist.xml; path = Info.plist; sourceTree = "<group>"; };
		4DE18EEF25A38E3B0027A580 /* LaunchScreen.storyboard */ = {isa = PBXFileReference; fileEncoding = 4; lastKnownFileType = file.storyboard; path = LaunchScreen.storyboard; sourceTree = "<group>"; };
		4DE7A98325E822A700FD03D2 /* FatalErrorUtil.swift */ = {isa = PBXFileReference; lastKnownFileType = sourcecode.swift; path = FatalErrorUtil.swift; sourceTree = "<group>"; };
		4DE7A99025E83A4500FD03D2 /* XCTestCase+FatalError.swift */ = {isa = PBXFileReference; lastKnownFileType = sourcecode.swift; path = "XCTestCase+FatalError.swift"; sourceTree = "<group>"; };
		4DF7C78A25BB666F00EB1E5C /* FontModifiers.swift */ = {isa = PBXFileReference; fileEncoding = 4; lastKnownFileType = sourcecode.swift; path = FontModifiers.swift; sourceTree = "<group>"; };
		4DF7C7AE25BFB87600EB1E5C /* String+ExtTests.swift */ = {isa = PBXFileReference; lastKnownFileType = sourcecode.swift; path = "String+ExtTests.swift"; sourceTree = "<group>"; };
		7F03C0CB25D6F91300F7AA5B /* MissionSortieInfoView.swift */ = {isa = PBXFileReference; lastKnownFileType = sourcecode.swift; path = MissionSortieInfoView.swift; sourceTree = "<group>"; };
		7F03C0D025D72EB500F7AA5B /* SortieTypeView.swift */ = {isa = PBXFileReference; lastKnownFileType = sourcecode.swift; path = SortieTypeView.swift; sourceTree = "<group>"; };
		7F03C0DD25D7304F00F7AA5B /* TrainingEventsView.swift */ = {isa = PBXFileReference; lastKnownFileType = sourcecode.swift; path = TrainingEventsView.swift; sourceTree = "<group>"; };
		7F03C0E225D7347D00F7AA5B /* TextView.swift */ = {isa = PBXFileReference; lastKnownFileType = sourcecode.swift; path = TextView.swift; sourceTree = "<group>"; };
		7F03C0EA25DC0CCE00F7AA5B /* ToggleStyle+Ext.swift */ = {isa = PBXFileReference; lastKnownFileType = sourcecode.swift; path = "ToggleStyle+Ext.swift"; sourceTree = "<group>"; };
		7F36016125C365AE009FF74E /* AircrewListView.swift */ = {isa = PBXFileReference; lastKnownFileType = sourcecode.swift; path = AircrewListView.swift; sourceTree = "<group>"; };
		7F3E513025E0584800B59CBF /* Binding+OnChange.swift */ = {isa = PBXFileReference; lastKnownFileType = sourcecode.swift; path = "Binding+OnChange.swift"; sourceTree = "<group>"; };
		7F510EB925E062EB00821D5D /* ThickDivider.swift */ = {isa = PBXFileReference; lastKnownFileType = sourcecode.swift; path = ThickDivider.swift; sourceTree = "<group>"; };
		7F707B5225F002CF0035E3F2 /* CGFloat+Ext.swift */ = {isa = PBXFileReference; lastKnownFileType = sourcecode.swift; path = "CGFloat+Ext.swift"; sourceTree = "<group>"; };
		7F707B8F25F01E850035E3F2 /* SortieCommentsView.swift */ = {isa = PBXFileReference; lastKnownFileType = sourcecode.swift; path = SortieCommentsView.swift; sourceTree = "<group>"; };
		7F707BA525F14DEA0035E3F2 /* BorderModifiers.swift */ = {isa = PBXFileReference; lastKnownFileType = sourcecode.swift; path = BorderModifiers.swift; sourceTree = "<group>"; };
		7F83DA7425A3B22300D5860C /* DMSans-Medium.ttf */ = {isa = PBXFileReference; lastKnownFileType = file; path = "DMSans-Medium.ttf"; sourceTree = "<group>"; };
		7F83DA7525A3B22300D5860C /* DMSans-Regular.ttf */ = {isa = PBXFileReference; lastKnownFileType = file; path = "DMSans-Regular.ttf"; sourceTree = "<group>"; };
		7F83DA7625A3B22300D5860C /* DMSans-Bold.ttf */ = {isa = PBXFileReference; lastKnownFileType = file; path = "DMSans-Bold.ttf"; sourceTree = "<group>"; };
		7F83DAB125A4C2EF00D5860C /* TextAndIconButton.swift */ = {isa = PBXFileReference; lastKnownFileType = sourcecode.swift; path = TextAndIconButton.swift; sourceTree = "<group>"; };
		7FB30E1E25D1CCF700797B4A /* FormTabView.swift */ = {isa = PBXFileReference; lastKnownFileType = sourcecode.swift; path = FormTabView.swift; sourceTree = "<group>"; };
		7FB30E3425D44A0700797B4A /* MissionDataView.swift */ = {isa = PBXFileReference; lastKnownFileType = sourcecode.swift; path = MissionDataView.swift; sourceTree = "<group>"; };
		7FB30E4425D483FD00797B4A /* MissionDataAndFlightSeqView.swift */ = {isa = PBXFileReference; lastKnownFileType = sourcecode.swift; path = MissionDataAndFlightSeqView.swift; sourceTree = "<group>"; };
		7FF0FEFB25B137FA00097C66 /* TextFieldWithLabel.swift */ = {isa = PBXFileReference; lastKnownFileType = sourcecode.swift; path = TextFieldWithLabel.swift; sourceTree = "<group>"; };
		BF16A56D25F13B4C00CF6F41 /* PilotTimeAuditor.swift */ = {isa = PBXFileReference; lastKnownFileType = sourcecode.swift; path = PilotTimeAuditor.swift; sourceTree = "<group>"; };
		BF16A57625F13D9600CF6F41 /* AuditingFlightTimeView.swift */ = {isa = PBXFileReference; lastKnownFileType = sourcecode.swift; path = AuditingFlightTimeView.swift; sourceTree = "<group>"; };
		BF16A57E25F1704D00CF6F41 /* PilotLoadmasterSwitcherView.swift */ = {isa = PBXFileReference; lastKnownFileType = sourcecode.swift; path = PilotLoadmasterSwitcherView.swift; sourceTree = "<group>"; };
		BF22CE4525F28C8D0050C589 /* LoadmasterTimeAuditor.swift */ = {isa = PBXFileReference; lastKnownFileType = sourcecode.swift; path = LoadmasterTimeAuditor.swift; sourceTree = "<group>"; };
		BF22CE4A25F28CE80050C589 /* DoubleItem.swift */ = {isa = PBXFileReference; lastKnownFileType = sourcecode.swift; path = DoubleItem.swift; sourceTree = "<group>"; };
		BF22CE4F25F28D1C0050C589 /* DisplayRow.swift */ = {isa = PBXFileReference; lastKnownFileType = sourcecode.swift; path = DisplayRow.swift; sourceTree = "<group>"; };
		BF22CE5425F28D5B0050C589 /* TimeRow.swift */ = {isa = PBXFileReference; lastKnownFileType = sourcecode.swift; path = TimeRow.swift; sourceTree = "<group>"; };
		BF22CE5925F28D950050C589 /* Double+Ext.swift */ = {isa = PBXFileReference; lastKnownFileType = sourcecode.swift; path = "Double+Ext.swift"; sourceTree = "<group>"; };
		BF22CE6325F28FC10050C589 /* FlightTimeShared.swift */ = {isa = PBXFileReference; lastKnownFileType = sourcecode.swift; path = FlightTimeShared.swift; sourceTree = "<group>"; };
		BF22CE7125F292120050C589 /* AuditingProtocol.swift */ = {isa = PBXFileReference; lastKnownFileType = sourcecode.swift; path = AuditingProtocol.swift; sourceTree = "<group>"; };
		BF5C1F2325A683690075404C /* AlertProvider.swift */ = {isa = PBXFileReference; lastKnownFileType = sourcecode.swift; path = AlertProvider.swift; sourceTree = "<group>"; };
		BF634B1B25AD170A00BE6425 /* Animation+Ext.swift */ = {isa = PBXFileReference; fileEncoding = 4; lastKnownFileType = sourcecode.swift; path = "Animation+Ext.swift"; sourceTree = "<group>"; };
		BF634B1C25AD170A00BE6425 /* UIDevice+Ext.swift */ = {isa = PBXFileReference; fileEncoding = 4; lastKnownFileType = sourcecode.swift; path = "UIDevice+Ext.swift"; sourceTree = "<group>"; };
		BF76D3AA25E63C070045A4DA /* Event+CalculationsTests.swift */ = {isa = PBXFileReference; lastKnownFileType = sourcecode.swift; path = "Event+CalculationsTests.swift"; sourceTree = "<group>"; };
		BF76D3AF25E63CAA0045A4DA /* Sortie+CalculationsTests.swift */ = {isa = PBXFileReference; lastKnownFileType = sourcecode.swift; path = "Sortie+CalculationsTests.swift"; sourceTree = "<group>"; };
		BF76D3B425E63CFD0045A4DA /* Sortie+AccessorsTests.swift */ = {isa = PBXFileReference; lastKnownFileType = sourcecode.swift; path = "Sortie+AccessorsTests.swift"; sourceTree = "<group>"; };
		BF8B81EB25AD816200EC91C7 /* Font+Ext.swift */ = {isa = PBXFileReference; lastKnownFileType = sourcecode.swift; path = "Font+Ext.swift"; sourceTree = "<group>"; };
		BF982CEE25A54EFE00C14019 /* Date+Ext.swift */ = {isa = PBXFileReference; fileEncoding = 4; lastKnownFileType = sourcecode.swift; path = "Date+Ext.swift"; sourceTree = "<group>"; };
		BFCCCDF025E82387004E0AB8 /* PDFPreviewView.swift */ = {isa = PBXFileReference; lastKnownFileType = sourcecode.swift; path = PDFPreviewView.swift; sourceTree = "<group>"; };
		BFDB3ABE25DDAA74000A16ED /* DataController.swift */ = {isa = PBXFileReference; fileEncoding = 4; lastKnownFileType = sourcecode.swift; path = DataController.swift; sourceTree = "<group>"; };
		BFDB3AC125DDAA74000A16ED /* SampleData.swift */ = {isa = PBXFileReference; fileEncoding = 4; lastKnownFileType = sourcecode.swift; path = SampleData.swift; sourceTree = "<group>"; };
		BFDB3AF925DDAAF3000A16ED /* Sortie+Calculations.swift */ = {isa = PBXFileReference; fileEncoding = 4; lastKnownFileType = sourcecode.swift; path = "Sortie+Calculations.swift"; sourceTree = "<group>"; };
		BFDB3AFA25DDAAF3000A16ED /* Person+Accessors.swift */ = {isa = PBXFileReference; fileEncoding = 4; lastKnownFileType = sourcecode.swift; path = "Person+Accessors.swift"; sourceTree = "<group>"; };
		BFDB3AFB25DDAAF3000A16ED /* Sortie+Accessors.swift */ = {isa = PBXFileReference; fileEncoding = 4; lastKnownFileType = sourcecode.swift; path = "Sortie+Accessors.swift"; sourceTree = "<group>"; };
		BFDB3AFC25DDAAF3000A16ED /* CrewLine+Accessors.swift */ = {isa = PBXFileReference; fileEncoding = 4; lastKnownFileType = sourcecode.swift; path = "CrewLine+Accessors.swift"; sourceTree = "<group>"; };
		BFDB3AFD25DDAAF3000A16ED /* CrewLine+Comparable.swift */ = {isa = PBXFileReference; fileEncoding = 4; lastKnownFileType = sourcecode.swift; path = "CrewLine+Comparable.swift"; sourceTree = "<group>"; };
		BFDB3AFE25DDAAF3000A16ED /* Event+Accessors.swift */ = {isa = PBXFileReference; fileEncoding = 4; lastKnownFileType = sourcecode.swift; path = "Event+Accessors.swift"; sourceTree = "<group>"; };
		BFDB3AFF25DDAAF3000A16ED /* Event+Calculations.swift */ = {isa = PBXFileReference; fileEncoding = 4; lastKnownFileType = sourcecode.swift; path = "Event+Calculations.swift"; sourceTree = "<group>"; };
		BFDB3B0025DDAAF3000A16ED /* AllEntityAwake.swift */ = {isa = PBXFileReference; fileEncoding = 4; lastKnownFileType = sourcecode.swift; path = AllEntityAwake.swift; sourceTree = "<group>"; };
		BFDB3B0125DDAAF3000A16ED /* Sortie+Comparable.swift */ = {isa = PBXFileReference; fileEncoding = 4; lastKnownFileType = sourcecode.swift; path = "Sortie+Comparable.swift"; sourceTree = "<group>"; };
		BFDB3B0225DDAAF3000A16ED /* SortieType+Accessors.swift */ = {isa = PBXFileReference; fileEncoding = 4; lastKnownFileType = sourcecode.swift; path = "SortieType+Accessors.swift"; sourceTree = "<group>"; };
		BFDB3B1025DDAB02000A16ED /* README.md */ = {isa = PBXFileReference; fileEncoding = 4; lastKnownFileType = net.daringfireball.markdown; path = README.md; sourceTree = "<group>"; };
		BFDB3B1B25DDBC35000A16ED /* EventTests.swift */ = {isa = PBXFileReference; fileEncoding = 4; lastKnownFileType = sourcecode.swift; path = EventTests.swift; sourceTree = "<group>"; };
		BFDB3B1C25DDBC35000A16ED /* CrewLine+ComparableTests.swift */ = {isa = PBXFileReference; fileEncoding = 4; lastKnownFileType = sourcecode.swift; path = "CrewLine+ComparableTests.swift"; sourceTree = "<group>"; };
		BFDB3B5325DDD76E000A16ED /* AllEntityAwakeTests.swift */ = {isa = PBXFileReference; lastKnownFileType = sourcecode.swift; path = AllEntityAwakeTests.swift; sourceTree = "<group>"; };
		BFDB3C7225DF5C67000A16ED /* CollectorWebView.swift */ = {isa = PBXFileReference; lastKnownFileType = sourcecode.swift; path = CollectorWebView.swift; sourceTree = "<group>"; };
		BFDD329325A4FE83000FE732 /* Color+PBLStyle.swift */ = {isa = PBXFileReference; lastKnownFileType = sourcecode.swift; path = "Color+PBLStyle.swift"; sourceTree = "<group>"; };
		BFEB66E325E5D29E00980700 /* MissionEventRecord+CoreDataClass.swift */ = {isa = PBXFileReference; lastKnownFileType = sourcecode.swift; path = "MissionEventRecord+CoreDataClass.swift"; sourceTree = "<group>"; };
		BFEB66E425E5D29E00980700 /* MissionEventRecord+CoreDataProperties.swift */ = {isa = PBXFileReference; lastKnownFileType = sourcecode.swift; path = "MissionEventRecord+CoreDataProperties.swift"; sourceTree = "<group>"; };
		BFEB66E925E5D29E00980700 /* Metrics+CoreDataClass.swift */ = {isa = PBXFileReference; lastKnownFileType = sourcecode.swift; path = "Metrics+CoreDataClass.swift"; sourceTree = "<group>"; };
		BFEB66EA25E5D29E00980700 /* Metrics+CoreDataProperties.swift */ = {isa = PBXFileReference; lastKnownFileType = sourcecode.swift; path = "Metrics+CoreDataProperties.swift"; sourceTree = "<group>"; };
		BFEB66EB25E5D29E00980700 /* FlightTime+CoreDataClass.swift */ = {isa = PBXFileReference; lastKnownFileType = sourcecode.swift; path = "FlightTime+CoreDataClass.swift"; sourceTree = "<group>"; };
		BFEB66EC25E5D29E00980700 /* FlightTime+CoreDataProperties.swift */ = {isa = PBXFileReference; lastKnownFileType = sourcecode.swift; path = "FlightTime+CoreDataProperties.swift"; sourceTree = "<group>"; };
		BFEB66ED25E5D29E00980700 /* Person+CoreDataClass.swift */ = {isa = PBXFileReference; lastKnownFileType = sourcecode.swift; path = "Person+CoreDataClass.swift"; sourceTree = "<group>"; };
		BFEB66EE25E5D29E00980700 /* Person+CoreDataProperties.swift */ = {isa = PBXFileReference; lastKnownFileType = sourcecode.swift; path = "Person+CoreDataProperties.swift"; sourceTree = "<group>"; };
		BFEB66EF25E5D29E00980700 /* FlightConditions+CoreDataClass.swift */ = {isa = PBXFileReference; lastKnownFileType = sourcecode.swift; path = "FlightConditions+CoreDataClass.swift"; sourceTree = "<group>"; };
		BFEB66F025E5D29E00980700 /* FlightConditions+CoreDataProperties.swift */ = {isa = PBXFileReference; lastKnownFileType = sourcecode.swift; path = "FlightConditions+CoreDataProperties.swift"; sourceTree = "<group>"; };
		BFEB66F125E5D29E00980700 /* Fuel+CoreDataClass.swift */ = {isa = PBXFileReference; lastKnownFileType = sourcecode.swift; path = "Fuel+CoreDataClass.swift"; sourceTree = "<group>"; };
		BFEB66F225E5D29E00980700 /* Fuel+CoreDataProperties.swift */ = {isa = PBXFileReference; lastKnownFileType = sourcecode.swift; path = "Fuel+CoreDataProperties.swift"; sourceTree = "<group>"; };
		BFEB66F325E5D29E00980700 /* Sortie+CoreDataClass.swift */ = {isa = PBXFileReference; lastKnownFileType = sourcecode.swift; path = "Sortie+CoreDataClass.swift"; sourceTree = "<group>"; };
		BFEB66F425E5D29E00980700 /* Sortie+CoreDataProperties.swift */ = {isa = PBXFileReference; lastKnownFileType = sourcecode.swift; path = "Sortie+CoreDataProperties.swift"; sourceTree = "<group>"; };
		BFEB66F725E5D29E00980700 /* SortieType+CoreDataClass.swift */ = {isa = PBXFileReference; lastKnownFileType = sourcecode.swift; path = "SortieType+CoreDataClass.swift"; sourceTree = "<group>"; };
		BFEB66F825E5D29E00980700 /* SortieType+CoreDataProperties.swift */ = {isa = PBXFileReference; lastKnownFileType = sourcecode.swift; path = "SortieType+CoreDataProperties.swift"; sourceTree = "<group>"; };
		BFEB671825E5D4F800980700 /* MissionEventTypes+Accessors.swift */ = {isa = PBXFileReference; lastKnownFileType = sourcecode.swift; path = "MissionEventTypes+Accessors.swift"; sourceTree = "<group>"; };
		BFEB672A25E5DBAF00980700 /* MissionEventTypes+CoreDataClass.swift */ = {isa = PBXFileReference; lastKnownFileType = sourcecode.swift; path = "MissionEventTypes+CoreDataClass.swift"; sourceTree = "<group>"; };
		BFEB672B25E5DBAF00980700 /* MissionEventTypes+CoreDataProperties.swift */ = {isa = PBXFileReference; lastKnownFileType = sourcecode.swift; path = "MissionEventTypes+CoreDataProperties.swift"; sourceTree = "<group>"; };
		BFEB675925E5E0CA00980700 /* DataModel.xcdatamodel */ = {isa = PBXFileReference; lastKnownFileType = wrapper.xcdatamodel; path = DataModel.xcdatamodel; sourceTree = "<group>"; };
		BFEB675E25E5E0E900980700 /* Event+CoreDataClass.swift */ = {isa = PBXFileReference; lastKnownFileType = sourcecode.swift; path = "Event+CoreDataClass.swift"; sourceTree = "<group>"; };
		BFEB675F25E5E0E900980700 /* Event+CoreDataProperties.swift */ = {isa = PBXFileReference; lastKnownFileType = sourcecode.swift; path = "Event+CoreDataProperties.swift"; sourceTree = "<group>"; };
		BFEB677A25E6064300980700 /* CrewLine+CoreDataClass.swift */ = {isa = PBXFileReference; lastKnownFileType = sourcecode.swift; path = "CrewLine+CoreDataClass.swift"; sourceTree = "<group>"; };
		BFEB677B25E6064300980700 /* CrewLine+CoreDataProperties.swift */ = {isa = PBXFileReference; lastKnownFileType = sourcecode.swift; path = "CrewLine+CoreDataProperties.swift"; sourceTree = "<group>"; };
		BFF38E1825E6F4D30043BDD5 /* OptionalDatePicker.swift */ = {isa = PBXFileReference; lastKnownFileType = sourcecode.swift; path = OptionalDatePicker.swift; sourceTree = "<group>"; };
		BFF38E2925E700BF0043BDD5 /* Form781.swift */ = {isa = PBXFileReference; lastKnownFileType = sourcecode.swift; path = Form781.swift; sourceTree = "<group>"; };
		BFF38E3325E70BBF0043BDD5 /* Event+Form781s.swift */ = {isa = PBXFileReference; lastKnownFileType = sourcecode.swift; path = "Event+Form781s.swift"; sourceTree = "<group>"; };
		D2223E5525B7691C00B6A33F /* PreviewMods.swift */ = {isa = PBXFileReference; lastKnownFileType = sourcecode.swift; path = PreviewMods.swift; sourceTree = "<group>"; };
/* End PBXFileReference section */

/* Begin PBXFrameworksBuildPhase section */
		4DD13FD2259ED18300C98EB8 /* Frameworks */ = {
			isa = PBXFrameworksBuildPhase;
			buildActionMask = 2147483647;
			files = (
			);
			runOnlyForDeploymentPostprocessing = 0;
		};
		4DD13FEB259ED18700C98EB8 /* Frameworks */ = {
			isa = PBXFrameworksBuildPhase;
			buildActionMask = 2147483647;
			files = (
			);
			runOnlyForDeploymentPostprocessing = 0;
		};
		4DD13FF6259ED18700C98EB8 /* Frameworks */ = {
			isa = PBXFrameworksBuildPhase;
			buildActionMask = 2147483647;
			files = (
			);
			runOnlyForDeploymentPostprocessing = 0;
		};
/* End PBXFrameworksBuildPhase section */

/* Begin PBXGroup section */
		4DB3178025BA4E9400DB1201 /* Modifiers */ = {
			isa = PBXGroup;
			children = (
				4DF7C78A25BB666F00EB1E5C /* FontModifiers.swift */,
				7F707BA525F14DEA0035E3F2 /* BorderModifiers.swift */,
			);
			path = Modifiers;
			sourceTree = "<group>";
		};
		4DB3178D25BA516F00DB1201 /* TabViews */ = {
			isa = PBXGroup;
			children = (
				7FB30E1E25D1CCF700797B4A /* FormTabView.swift */,
				7FBE15AE25D5CFB5009A0DEF /* MissionDataTab */,
				7F707B7225F01BCB0035E3F2 /* FlightTimeTab */,
				7F03C0B425D5D17000F7AA5B /* TrainingEventsTab */,
				7F03C0B525D5D17E00F7AA5B /* MissionSortieInfoTab */,
			);
			path = TabViews;
			sourceTree = "<group>";
		};
		4DBDD02A25B78FFE00C7C3DB /* Overview */ = {
			isa = PBXGroup;
			children = (
				4DCD426325DC83A200EB6FF3 /* ContentView.swift */,
				4DCD426825DC83AF00EB6FF3 /* ContentHeaderView.swift */,
				4DCD426D25DC83BD00EB6FF3 /* EventsOverview.swift */,
				4DCD427225DC83C600EB6FF3 /* EventCard.swift */,
			);
			path = Overview;
			sourceTree = "<group>";
		};
		4DBDD02E25B790AC00C7C3DB /* UtilityViews */ = {
			isa = PBXGroup;
			children = (
				BFDB3C7225DF5C67000A16ED /* CollectorWebView.swift */,
				BFCCCDF025E82387004E0AB8 /* PDFPreviewView.swift */,
				7F83DAB125A4C2EF00D5860C /* TextAndIconButton.swift */,
				7FF0FEFB25B137FA00097C66 /* TextFieldWithLabel.swift */,
				7F510EB925E062EB00821D5D /* ThickDivider.swift */,
			);
			path = UtilityViews;
			sourceTree = "<group>";
		};
		4DCD42B025DC9AD100EB6FF3 /* RecentSorties */ = {
			isa = PBXGroup;
			children = (
				4DCD42B125DC9B0000EB6FF3 /* RecentSortiesList.swift */,
				4DCD42B625DCA29B00EB6FF3 /* SortieCard.swift */,
			);
			path = RecentSorties;
			sourceTree = "<group>";
		};
		4DD13FCC259ED18300C98EB8 = {
			isa = PBXGroup;
			children = (
				4DD13FD7259ED18300C98EB8 /* PBLogging */,
				4DD13FF1259ED18700C98EB8 /* LoggingTests */,
				4DD13FFC259ED18700C98EB8 /* LoggingUITests */,
				4DD13FD6259ED18300C98EB8 /* Products */,
			);
			sourceTree = "<group>";
		};
		4DD13FD6259ED18300C98EB8 /* Products */ = {
			isa = PBXGroup;
			children = (
				4DD13FD5259ED18300C98EB8 /* Logging.app */,
				4DD13FEE259ED18700C98EB8 /* LoggingTests.xctest */,
				4DD13FF9259ED18700C98EB8 /* LoggingUITests.xctest */,
			);
			name = Products;
			sourceTree = "<group>";
		};
		4DD13FD7259ED18300C98EB8 /* PBLogging */ = {
			isa = PBXGroup;
			children = (
				4DD1400E259ED1DB00C98EB8 /* App */,
				BFF38E1725E6F4BE0043BDD5 /* Components */,
				4DD14011259ED23900C98EB8 /* Data */,
				BFDD329225A4FE70000FE732 /* Extensions */,
				4DD13FE9259ED18600C98EB8 /* Info.plist */,
				4DE18EEF25A38E3B0027A580 /* LaunchScreen.storyboard */,
				4DB3178025BA4E9400DB1201 /* Modifiers */,
				4DD13FE3259ED18600C98EB8 /* PreviewContent */,
				4DD1400F259ED1F500C98EB8 /* Resources */,
				BF5C1F2225A6835A0075404C /* Utilities */,
				BF16A56C25F13B3D00CF6F41 /* ViewModels */,
				BFBAF95725AFA93A00BBFBD8 /* Views */,
			);
			path = PBLogging;
			sourceTree = "<group>";
		};
		4DD13FE3259ED18600C98EB8 /* PreviewContent */ = {
			isa = PBXGroup;
			children = (
				4DD13FE4259ED18600C98EB8 /* PreviewAssets.xcassets */,
			);
			path = PreviewContent;
			sourceTree = "<group>";
		};
		4DD13FF1259ED18700C98EB8 /* LoggingTests */ = {
			isa = PBXGroup;
			children = (
				BFDB3B1C25DDBC35000A16ED /* CrewLine+ComparableTests.swift */,
				BFDB3B5325DDD76E000A16ED /* AllEntityAwakeTests.swift */,
				BFDB3B1B25DDBC35000A16ED /* EventTests.swift */,
				4DF7C7AE25BFB87600EB1E5C /* String+ExtTests.swift */,
				4DD13FF4259ED18700C98EB8 /* Info.plist */,
				BF76D3AA25E63C070045A4DA /* Event+CalculationsTests.swift */,
				BF76D3AF25E63CAA0045A4DA /* Sortie+CalculationsTests.swift */,
				BF76D3B425E63CFD0045A4DA /* Sortie+AccessorsTests.swift */,
				4DE7A99025E83A4500FD03D2 /* XCTestCase+FatalError.swift */,
			);
			path = LoggingTests;
			sourceTree = "<group>";
		};
		4DD13FFC259ED18700C98EB8 /* LoggingUITests */ = {
			isa = PBXGroup;
			children = (
				4DD13FFD259ED18700C98EB8 /* LoggingUITests.swift */,
				4DD13FFF259ED18700C98EB8 /* Info.plist */,
			);
			path = LoggingUITests;
			sourceTree = "<group>";
		};
		4DD1400E259ED1DB00C98EB8 /* App */ = {
			isa = PBXGroup;
			children = (
				4DD13FD8259ED18300C98EB8 /* AppDelegate.swift */,
				4DD13FDA259ED18300C98EB8 /* SceneDelegate.swift */,
			);
			path = App;
			sourceTree = "<group>";
		};
		4DD1400F259ED1F500C98EB8 /* Resources */ = {
			isa = PBXGroup;
			children = (
				4DD13FE1259ED18600C98EB8 /* Assets.xcassets */,
				4DA26E0925AE7D2E00D0A66D /* fillable781v3.pdf */,
				7F83DA7325A3B17400D5860C /* Fonts */,
			);
			path = Resources;
			sourceTree = "<group>";
		};
		4DD14011259ED23900C98EB8 /* Data */ = {
			isa = PBXGroup;
			children = (
				BFDB3ABE25DDAA74000A16ED /* DataController.swift */,
				BFEB675825E5E0CA00980700 /* DataModel.xcdatamodeld */,
				BFDB3AF825DDAADC000A16ED /* EntityExtensions */,
				BFDB3AC825DDAA81000A16ED /* Generated */,
				BFDB3AC125DDAA74000A16ED /* SampleData.swift */,
				BFF38E2925E700BF0043BDD5 /* Form781.swift */,
			);
			path = Data;
			sourceTree = "<group>";
		};
		7F03C0B425D5D17000F7AA5B /* TrainingEventsTab */ = {
			isa = PBXGroup;
			children = (
				7F03C0DD25D7304F00F7AA5B /* TrainingEventsView.swift */,
			);
			path = TrainingEventsTab;
			sourceTree = "<group>";
		};
		7F03C0B525D5D17E00F7AA5B /* MissionSortieInfoTab */ = {
			isa = PBXGroup;
			children = (
				7F03C0CB25D6F91300F7AA5B /* MissionSortieInfoView.swift */,
				4D9E3F6125E097B0003903B0 /* SortieFuelInfoView.swift */,
				4D9E3F6625E0A908003903B0 /* SortieAirlandInfoView.swift */,
				4D9E3F6E25E0C62E003903B0 /* SortieAirdropInfoView.swift */,
				7F03C0D025D72EB500F7AA5B /* SortieTypeView.swift */,
				7F707B8F25F01E850035E3F2 /* SortieCommentsView.swift */,
			);
			path = MissionSortieInfoTab;
			sourceTree = "<group>";
		};
		7F707B7225F01BCB0035E3F2 /* FlightTimeTab */ = {
			isa = PBXGroup;
			children = (
				BF22CE6325F28FC10050C589 /* FlightTimeShared.swift */,
				BF16A57E25F1704D00CF6F41 /* PilotLoadmasterSwitcherView.swift */,
				BF16A57625F13D9600CF6F41 /* AuditingFlightTimeView.swift */,
			);
			path = FlightTimeTab;
			sourceTree = "<group>";
		};
		7F83DA7325A3B17400D5860C /* Fonts */ = {
			isa = PBXGroup;
			children = (
				7F83DA7625A3B22300D5860C /* DMSans-Bold.ttf */,
				7F83DA7425A3B22300D5860C /* DMSans-Medium.ttf */,
				7F83DA7525A3B22300D5860C /* DMSans-Regular.ttf */,
			);
			path = Fonts;
			sourceTree = "<group>";
		};
		7FBE15AE25D5CFB5009A0DEF /* MissionDataTab */ = {
			isa = PBXGroup;
			children = (
				7FB30E3425D44A0700797B4A /* MissionDataView.swift */,
				7F36016125C365AE009FF74E /* AircrewListView.swift */,
				7FB30E4425D483FD00797B4A /* MissionDataAndFlightSeqView.swift */,
			);
			path = MissionDataTab;
			sourceTree = "<group>";
		};
		BF16A56C25F13B3D00CF6F41 /* ViewModels */ = {
			isa = PBXGroup;
			children = (
				BF16A56D25F13B4C00CF6F41 /* PilotTimeAuditor.swift */,
				BF22CE4525F28C8D0050C589 /* LoadmasterTimeAuditor.swift */,
				BF22CE4A25F28CE80050C589 /* DoubleItem.swift */,
				BF22CE4F25F28D1C0050C589 /* DisplayRow.swift */,
				BF22CE5425F28D5B0050C589 /* TimeRow.swift */,
				BF22CE7125F292120050C589 /* AuditingProtocol.swift */,
			);
			path = ViewModels;
			sourceTree = "<group>";
		};
		BF5C1F2225A6835A0075404C /* Utilities */ = {
			isa = PBXGroup;
			children = (
				BF5C1F2325A683690075404C /* AlertProvider.swift */,
				D2223E5525B7691C00B6A33F /* PreviewMods.swift */,
				7F03C0E225D7347D00F7AA5B /* TextView.swift */,
				4DE7A98325E822A700FD03D2 /* FatalErrorUtil.swift */,
			);
			path = Utilities;
			sourceTree = "<group>";
		};
		BFBAF95725AFA93A00BBFBD8 /* Views */ = {
			isa = PBXGroup;
			children = (
				4DBDD02A25B78FFE00C7C3DB /* Overview */,
				4DCD42B025DC9AD100EB6FF3 /* RecentSorties */,
				4DB3178D25BA516F00DB1201 /* TabViews */,
				4DBDD02E25B790AC00C7C3DB /* UtilityViews */,
			);
			path = Views;
			sourceTree = "<group>";
		};
		BFDB3AC825DDAA81000A16ED /* Generated */ = {
			isa = PBXGroup;
			children = (
				BFEB677A25E6064300980700 /* CrewLine+CoreDataClass.swift */,
				BFEB677B25E6064300980700 /* CrewLine+CoreDataProperties.swift */,
				BFEB675E25E5E0E900980700 /* Event+CoreDataClass.swift */,
				BFEB675F25E5E0E900980700 /* Event+CoreDataProperties.swift */,
				BFEB672A25E5DBAF00980700 /* MissionEventTypes+CoreDataClass.swift */,
				BFEB672B25E5DBAF00980700 /* MissionEventTypes+CoreDataProperties.swift */,
				BFEB66E325E5D29E00980700 /* MissionEventRecord+CoreDataClass.swift */,
				BFEB66E425E5D29E00980700 /* MissionEventRecord+CoreDataProperties.swift */,
				BFEB66E925E5D29E00980700 /* Metrics+CoreDataClass.swift */,
				BFEB66EA25E5D29E00980700 /* Metrics+CoreDataProperties.swift */,
				BFEB66EB25E5D29E00980700 /* FlightTime+CoreDataClass.swift */,
				BFEB66EC25E5D29E00980700 /* FlightTime+CoreDataProperties.swift */,
				BFEB66ED25E5D29E00980700 /* Person+CoreDataClass.swift */,
				BFEB66EE25E5D29E00980700 /* Person+CoreDataProperties.swift */,
				BFEB66EF25E5D29E00980700 /* FlightConditions+CoreDataClass.swift */,
				BFEB66F025E5D29E00980700 /* FlightConditions+CoreDataProperties.swift */,
				BFEB66F125E5D29E00980700 /* Fuel+CoreDataClass.swift */,
				BFEB66F225E5D29E00980700 /* Fuel+CoreDataProperties.swift */,
				BFEB66F325E5D29E00980700 /* Sortie+CoreDataClass.swift */,
				BFEB66F425E5D29E00980700 /* Sortie+CoreDataProperties.swift */,
				BFEB66F725E5D29E00980700 /* SortieType+CoreDataClass.swift */,
				BFEB66F825E5D29E00980700 /* SortieType+CoreDataProperties.swift */,
				BFDB3B1025DDAB02000A16ED /* README.md */,
			);
			path = Generated;
			sourceTree = "<group>";
		};
		BFDB3AF825DDAADC000A16ED /* EntityExtensions */ = {
			isa = PBXGroup;
			children = (
				BFDB3B0025DDAAF3000A16ED /* AllEntityAwake.swift */,
				BFDB3AFC25DDAAF3000A16ED /* CrewLine+Accessors.swift */,
				BFDB3AFD25DDAAF3000A16ED /* CrewLine+Comparable.swift */,
				BFDB3AFE25DDAAF3000A16ED /* Event+Accessors.swift */,
				BFDB3AFF25DDAAF3000A16ED /* Event+Calculations.swift */,
				BFF38E3325E70BBF0043BDD5 /* Event+Form781s.swift */,
				BFDB3AFA25DDAAF3000A16ED /* Person+Accessors.swift */,
				BFDB3AFB25DDAAF3000A16ED /* Sortie+Accessors.swift */,
				BFDB3AF925DDAAF3000A16ED /* Sortie+Calculations.swift */,
				BFDB3B0125DDAAF3000A16ED /* Sortie+Comparable.swift */,
				BFDB3B0225DDAAF3000A16ED /* SortieType+Accessors.swift */,
				BFEB671825E5D4F800980700 /* MissionEventTypes+Accessors.swift */,
			);
			path = EntityExtensions;
			sourceTree = "<group>";
		};
		BFDD329225A4FE70000FE732 /* Extensions */ = {
			isa = PBXGroup;
			children = (
				BF634B1B25AD170A00BE6425 /* Animation+Ext.swift */,
				BFDD329325A4FE83000FE732 /* Color+PBLStyle.swift */,
				BF982CEE25A54EFE00C14019 /* Date+Ext.swift */,
				BF8B81EB25AD816200EC91C7 /* Font+Ext.swift */,
				13549C0225B103210000C875 /* String+Ext.swift */,
				7F03C0EA25DC0CCE00F7AA5B /* ToggleStyle+Ext.swift */,
				BF634B1C25AD170A00BE6425 /* UIDevice+Ext.swift */,
				7F3E513025E0584800B59CBF /* Binding+OnChange.swift */,
				4D8A7E0425E9A5EE00C70D7E /* View+Ext.swift */,
				7F707B5225F002CF0035E3F2 /* CGFloat+Ext.swift */,
				BF22CE5925F28D950050C589 /* Double+Ext.swift */,
			);
			path = Extensions;
			sourceTree = "<group>";
		};
		BFF38E1725E6F4BE0043BDD5 /* Components */ = {
			isa = PBXGroup;
			children = (
				BFF38E1825E6F4D30043BDD5 /* OptionalDatePicker.swift */,
			);
			path = Components;
			sourceTree = "<group>";
		};
/* End PBXGroup section */

/* Begin PBXNativeTarget section */
		4DD13FD4259ED18300C98EB8 /* Logging */ = {
			isa = PBXNativeTarget;
			buildConfigurationList = 4DD14002259ED18700C98EB8 /* Build configuration list for PBXNativeTarget "Logging" */;
			buildPhases = (
				4DD13FD1259ED18300C98EB8 /* Sources */,
				4DD13FD2259ED18300C98EB8 /* Frameworks */,
				4DD13FD3259ED18300C98EB8 /* Resources */,
				4D6E40F6259FECFC00F89538 /* Set Build Version Script */,
			);
			buildRules = (
			);
			dependencies = (
			);
			name = Logging;
			productName = Logging;
			productReference = 4DD13FD5259ED18300C98EB8 /* Logging.app */;
			productType = "com.apple.product-type.application";
		};
		4DD13FED259ED18700C98EB8 /* LoggingTests */ = {
			isa = PBXNativeTarget;
			buildConfigurationList = 4DD14005259ED18700C98EB8 /* Build configuration list for PBXNativeTarget "LoggingTests" */;
			buildPhases = (
				4DD13FEA259ED18700C98EB8 /* Sources */,
				4DD13FEB259ED18700C98EB8 /* Frameworks */,
				4DD13FEC259ED18700C98EB8 /* Resources */,
			);
			buildRules = (
			);
			dependencies = (
				4DD13FF0259ED18700C98EB8 /* PBXTargetDependency */,
			);
			name = LoggingTests;
			productName = LoggingTests;
			productReference = 4DD13FEE259ED18700C98EB8 /* LoggingTests.xctest */;
			productType = "com.apple.product-type.bundle.unit-test";
		};
		4DD13FF8259ED18700C98EB8 /* LoggingUITests */ = {
			isa = PBXNativeTarget;
			buildConfigurationList = 4DD14008259ED18700C98EB8 /* Build configuration list for PBXNativeTarget "LoggingUITests" */;
			buildPhases = (
				4DD13FF5259ED18700C98EB8 /* Sources */,
				4DD13FF6259ED18700C98EB8 /* Frameworks */,
				4DD13FF7259ED18700C98EB8 /* Resources */,
			);
			buildRules = (
			);
			dependencies = (
				4DD13FFB259ED18700C98EB8 /* PBXTargetDependency */,
			);
			name = LoggingUITests;
			productName = LoggingUITests;
			productReference = 4DD13FF9259ED18700C98EB8 /* LoggingUITests.xctest */;
			productType = "com.apple.product-type.bundle.ui-testing";
		};
/* End PBXNativeTarget section */

/* Begin PBXProject section */
		4DD13FCD259ED18300C98EB8 /* Project object */ = {
			isa = PBXProject;
			attributes = {
				LastSwiftUpdateCheck = 1230;
				LastUpgradeCheck = 1230;
				TargetAttributes = {
					4DD13FD4259ED18300C98EB8 = {
						CreatedOnToolsVersion = 12.3;
					};
					4DD13FED259ED18700C98EB8 = {
						CreatedOnToolsVersion = 12.3;
						TestTargetID = 4DD13FD4259ED18300C98EB8;
					};
					4DD13FF8259ED18700C98EB8 = {
						CreatedOnToolsVersion = 12.3;
						TestTargetID = 4DD13FD4259ED18300C98EB8;
					};
				};
			};
			buildConfigurationList = 4DD13FD0259ED18300C98EB8 /* Build configuration list for PBXProject "PBLogging" */;
			compatibilityVersion = "Xcode 9.3";
			developmentRegion = en;
			hasScannedForEncodings = 0;
			knownRegions = (
				en,
				Base,
			);
			mainGroup = 4DD13FCC259ED18300C98EB8;
			productRefGroup = 4DD13FD6259ED18300C98EB8 /* Products */;
			projectDirPath = "";
			projectRoot = "";
			targets = (
				4DD13FD4259ED18300C98EB8 /* Logging */,
				4DD13FED259ED18700C98EB8 /* LoggingTests */,
				4DD13FF8259ED18700C98EB8 /* LoggingUITests */,
			);
		};
/* End PBXProject section */

/* Begin PBXResourcesBuildPhase section */
		4DD13FD3259ED18300C98EB8 /* Resources */ = {
			isa = PBXResourcesBuildPhase;
			buildActionMask = 2147483647;
			files = (
				7F83DA7825A3B22300D5860C /* DMSans-Regular.ttf in Resources */,
				4DA26E0A25AE7D2E00D0A66D /* fillable781v3.pdf in Resources */,
				7F83DA7925A3B22300D5860C /* DMSans-Bold.ttf in Resources */,
				4DE18EF025A38E3C0027A580 /* LaunchScreen.storyboard in Resources */,
				7F83DA7725A3B22300D5860C /* DMSans-Medium.ttf in Resources */,
				4DD13FE5259ED18600C98EB8 /* PreviewAssets.xcassets in Resources */,
				BFDB3B1125DDAB02000A16ED /* README.md in Resources */,
				4DD13FE2259ED18600C98EB8 /* Assets.xcassets in Resources */,
			);
			runOnlyForDeploymentPostprocessing = 0;
		};
		4DD13FEC259ED18700C98EB8 /* Resources */ = {
			isa = PBXResourcesBuildPhase;
			buildActionMask = 2147483647;
			files = (
			);
			runOnlyForDeploymentPostprocessing = 0;
		};
		4DD13FF7259ED18700C98EB8 /* Resources */ = {
			isa = PBXResourcesBuildPhase;
			buildActionMask = 2147483647;
			files = (
			);
			runOnlyForDeploymentPostprocessing = 0;
		};
/* End PBXResourcesBuildPhase section */

/* Begin PBXShellScriptBuildPhase section */
		4D6E40F6259FECFC00F89538 /* Set Build Version Script */ = {
			isa = PBXShellScriptBuildPhase;
			buildActionMask = 2147483647;
			files = (
			);
			inputFileListPaths = (
			);
			inputPaths = (
			);
			name = "Set Build Version Script";
			outputFileListPaths = (
			);
			outputPaths = (
			);
			runOnlyForDeploymentPostprocessing = 0;
			shellPath = /bin/sh;
			shellScript = "# Type a script or drag a script file from your workspace to insert its path.\ngit=`sh /etc/profile; which git`\nbundleVersion=`\"$git\" log --oneline | wc -l`\n/usr/libexec/PlistBuddy -c \"Set :CFBundleVersion $bundleVersion\" \"${TARGET_BUILD_DIR}/${INFOPLIST_PATH}\"    \n";
		};
/* End PBXShellScriptBuildPhase section */

/* Begin PBXSourcesBuildPhase section */
		4DD13FD1259ED18300C98EB8 /* Sources */ = {
			isa = PBXSourcesBuildPhase;
			buildActionMask = 2147483647;
			files = (
				BFDB3B0925DDAAF3000A16ED /* Event+Calculations.swift in Sources */,
				13549C0325B103210000C875 /* String+Ext.swift in Sources */,
				BFDB3B0425DDAAF3000A16ED /* Person+Accessors.swift in Sources */,
				BF22CE5525F28D5B0050C589 /* TimeRow.swift in Sources */,
				BFEB670525E5D29E00980700 /* FlightConditions+CoreDataClass.swift in Sources */,
				4D9E3F6725E0A908003903B0 /* SortieAirlandInfoView.swift in Sources */,
				BF22CE4B25F28CE80050C589 /* DoubleItem.swift in Sources */,
				BFEB66FA25E5D29E00980700 /* MissionEventRecord+CoreDataProperties.swift in Sources */,
				BFDB3B0725DDAAF3000A16ED /* CrewLine+Comparable.swift in Sources */,
				BFEB670A25E5D29E00980700 /* Sortie+CoreDataProperties.swift in Sources */,
				BFDB3AC425DDAA74000A16ED /* SampleData.swift in Sources */,
				BFEB670925E5D29E00980700 /* Sortie+CoreDataClass.swift in Sources */,
				4DCD426925DC83AF00EB6FF3 /* ContentHeaderView.swift in Sources */,
				BFF38E2A25E700BF0043BDD5 /* Form781.swift in Sources */,
				4D9E3F6225E097B0003903B0 /* SortieFuelInfoView.swift in Sources */,
				BF5C1F2425A683690075404C /* AlertProvider.swift in Sources */,
				BFDB3B0525DDAAF3000A16ED /* Sortie+Accessors.swift in Sources */,
				BFEB670425E5D29E00980700 /* Person+CoreDataProperties.swift in Sources */,
				BFDB3AC225DDAA74000A16ED /* DataController.swift in Sources */,
				BFF38E1925E6F4D30043BDD5 /* OptionalDatePicker.swift in Sources */,
				BFEB670125E5D29E00980700 /* FlightTime+CoreDataClass.swift in Sources */,
				BFEB66F925E5D29E00980700 /* MissionEventRecord+CoreDataClass.swift in Sources */,
				7F03C0E325D7347D00F7AA5B /* TextView.swift in Sources */,
				7FB30E1F25D1CCF700797B4A /* FormTabView.swift in Sources */,
				7F510EBA25E062EB00821D5D /* ThickDivider.swift in Sources */,
				D2223E5625B7691C00B6A33F /* PreviewMods.swift in Sources */,
				BFEB670E25E5D29E00980700 /* SortieType+CoreDataProperties.swift in Sources */,
				4DCD427325DC83C600EB6FF3 /* EventCard.swift in Sources */,
				BFDB3B0C25DDAAF3000A16ED /* SortieType+Accessors.swift in Sources */,
				7FB30E4525D483FD00797B4A /* MissionDataAndFlightSeqView.swift in Sources */,
				BFDB3B0B25DDAAF3000A16ED /* Sortie+Comparable.swift in Sources */,
				BFEB676125E5E0E900980700 /* Event+CoreDataProperties.swift in Sources */,
				BF16A57725F13D9600CF6F41 /* AuditingFlightTimeView.swift in Sources */,
				7F707BA625F14DEA0035E3F2 /* BorderModifiers.swift in Sources */,
				4D9E3F6F25E0C62E003903B0 /* SortieAirdropInfoView.swift in Sources */,
				BFEB675A25E5E0CA00980700 /* DataModel.xcdatamodeld in Sources */,
				BFEB670625E5D29E00980700 /* FlightConditions+CoreDataProperties.swift in Sources */,
				BFEB670725E5D29E00980700 /* Fuel+CoreDataClass.swift in Sources */,
				4DD13FD9259ED18300C98EB8 /* AppDelegate.swift in Sources */,
				BF22CE4625F28C8D0050C589 /* LoadmasterTimeAuditor.swift in Sources */,
				BFF38E3425E70BBF0043BDD5 /* Event+Form781s.swift in Sources */,
				BF982CEF25A54EFE00C14019 /* Date+Ext.swift in Sources */,
				7FF0FEFC25B137FA00097C66 /* TextFieldWithLabel.swift in Sources */,
				4DCD426425DC83A200EB6FF3 /* ContentView.swift in Sources */,
				BFEB670825E5D29E00980700 /* Fuel+CoreDataProperties.swift in Sources */,
				7F03C0DE25D7304F00F7AA5B /* TrainingEventsView.swift in Sources */,
				BF22CE6425F28FC10050C589 /* FlightTimeShared.swift in Sources */,
				4DF7C78B25BB666F00EB1E5C /* FontModifiers.swift in Sources */,
				7F707B9025F01E850035E3F2 /* SortieCommentsView.swift in Sources */,
				BFEB670225E5D29E00980700 /* FlightTime+CoreDataProperties.swift in Sources */,
				7F36016225C365AE009FF74E /* AircrewListView.swift in Sources */,
				4DCD426E25DC83BD00EB6FF3 /* EventsOverview.swift in Sources */,
				BF634B1D25AD170A00BE6425 /* Animation+Ext.swift in Sources */,
				4D8A7E0525E9A5EE00C70D7E /* View+Ext.swift in Sources */,
				4DCD42B725DCA29B00EB6FF3 /* SortieCard.swift in Sources */,
				7F707B5325F002CF0035E3F2 /* CGFloat+Ext.swift in Sources */,
				BFEB672C25E5DBAF00980700 /* MissionEventTypes+CoreDataClass.swift in Sources */,
				BFDD329425A4FE83000FE732 /* Color+PBLStyle.swift in Sources */,
				4DE7A98925E8321E00FD03D2 /* FatalErrorUtil.swift in Sources */,
				BFEB66FF25E5D29E00980700 /* Metrics+CoreDataClass.swift in Sources */,
				BFDB3B0A25DDAAF3000A16ED /* AllEntityAwake.swift in Sources */,
				4D26117425D770B90016A27E /* MissionSortieInfoView.swift in Sources */,
				4DD13FDB259ED18300C98EB8 /* SceneDelegate.swift in Sources */,
				BF16A56E25F13B4C00CF6F41 /* PilotTimeAuditor.swift in Sources */,
				BFDB3B0325DDAAF3000A16ED /* Sortie+Calculations.swift in Sources */,
				BF22CE5A25F28D950050C589 /* Double+Ext.swift in Sources */,
				BFEB672D25E5DBAF00980700 /* MissionEventTypes+CoreDataProperties.swift in Sources */,
				BFEB676025E5E0E900980700 /* Event+CoreDataClass.swift in Sources */,
				BF634B1E25AD170A00BE6425 /* UIDevice+Ext.swift in Sources */,
				BFEB670325E5D29E00980700 /* Person+CoreDataClass.swift in Sources */,
				BFDB3B0625DDAAF3000A16ED /* CrewLine+Accessors.swift in Sources */,
				7F83DAB225A4C2EF00D5860C /* TextAndIconButton.swift in Sources */,
				BFEB670025E5D29E00980700 /* Metrics+CoreDataProperties.swift in Sources */,
				4DCD42B225DC9B0000EB6FF3 /* RecentSortiesList.swift in Sources */,
				BFEB670D25E5D29E00980700 /* SortieType+CoreDataClass.swift in Sources */,
				BFEB671925E5D4F800980700 /* MissionEventTypes+Accessors.swift in Sources */,
				BFCCCDF125E82387004E0AB8 /* PDFPreviewView.swift in Sources */,
				BFEB677C25E6064300980700 /* CrewLine+CoreDataClass.swift in Sources */,
				BF22CE5025F28D1C0050C589 /* DisplayRow.swift in Sources */,
				BFEB677D25E6064300980700 /* CrewLine+CoreDataProperties.swift in Sources */,
				7F03C0D125D72EB500F7AA5B /* SortieTypeView.swift in Sources */,
				BF22CE7225F292120050C589 /* AuditingProtocol.swift in Sources */,
				7F3E513125E0584800B59CBF /* Binding+OnChange.swift in Sources */,
				BF8B81EC25AD816200EC91C7 /* Font+Ext.swift in Sources */,
				7FB30E3525D44A0700797B4A /* MissionDataView.swift in Sources */,
				BFDB3C7325DF5C67000A16ED /* CollectorWebView.swift in Sources */,
				BF16A57F25F1704D00CF6F41 /* PilotLoadmasterSwitcherView.swift in Sources */,
				7F03C0EB25DC0CCE00F7AA5B /* ToggleStyle+Ext.swift in Sources */,
				BFDB3B0825DDAAF3000A16ED /* Event+Accessors.swift in Sources */,
			);
			runOnlyForDeploymentPostprocessing = 0;
		};
		4DD13FEA259ED18700C98EB8 /* Sources */ = {
			isa = PBXSourcesBuildPhase;
			buildActionMask = 2147483647;
			files = (
				BF76D3AB25E63C070045A4DA /* Event+CalculationsTests.swift in Sources */,
				BFDB3B1E25DDBC35000A16ED /* EventTests.swift in Sources */,
				4DE7A99125E83A4500FD03D2 /* XCTestCase+FatalError.swift in Sources */,
				BFDB3B1F25DDBC35000A16ED /* CrewLine+ComparableTests.swift in Sources */,
				4DF7C7AF25BFB87600EB1E5C /* String+ExtTests.swift in Sources */,
				BF76D3B525E63CFD0045A4DA /* Sortie+AccessorsTests.swift in Sources */,
				BFDB3B5425DDD76E000A16ED /* AllEntityAwakeTests.swift in Sources */,
				BF76D3B025E63CAA0045A4DA /* Sortie+CalculationsTests.swift in Sources */,
			);
			runOnlyForDeploymentPostprocessing = 0;
		};
		4DD13FF5259ED18700C98EB8 /* Sources */ = {
			isa = PBXSourcesBuildPhase;
			buildActionMask = 2147483647;
			files = (
				4DD13FFE259ED18700C98EB8 /* LoggingUITests.swift in Sources */,
			);
			runOnlyForDeploymentPostprocessing = 0;
		};
/* End PBXSourcesBuildPhase section */

/* Begin PBXTargetDependency section */
		4DD13FF0259ED18700C98EB8 /* PBXTargetDependency */ = {
			isa = PBXTargetDependency;
			target = 4DD13FD4259ED18300C98EB8 /* Logging */;
			targetProxy = 4DD13FEF259ED18700C98EB8 /* PBXContainerItemProxy */;
		};
		4DD13FFB259ED18700C98EB8 /* PBXTargetDependency */ = {
			isa = PBXTargetDependency;
			target = 4DD13FD4259ED18300C98EB8 /* Logging */;
			targetProxy = 4DD13FFA259ED18700C98EB8 /* PBXContainerItemProxy */;
		};
/* End PBXTargetDependency section */

/* Begin XCBuildConfiguration section */
		4DD14000259ED18700C98EB8 /* Debug */ = {
			isa = XCBuildConfiguration;
			buildSettings = {
				ALWAYS_SEARCH_USER_PATHS = NO;
				CLANG_ANALYZER_NONNULL = YES;
				CLANG_ANALYZER_NUMBER_OBJECT_CONVERSION = YES_AGGRESSIVE;
				CLANG_CXX_LANGUAGE_STANDARD = "gnu++14";
				CLANG_CXX_LIBRARY = "libc++";
				CLANG_ENABLE_MODULES = YES;
				CLANG_ENABLE_OBJC_ARC = YES;
				CLANG_ENABLE_OBJC_WEAK = YES;
				CLANG_WARN_BLOCK_CAPTURE_AUTORELEASING = YES;
				CLANG_WARN_BOOL_CONVERSION = YES;
				CLANG_WARN_COMMA = YES;
				CLANG_WARN_CONSTANT_CONVERSION = YES;
				CLANG_WARN_DEPRECATED_OBJC_IMPLEMENTATIONS = YES;
				CLANG_WARN_DIRECT_OBJC_ISA_USAGE = YES_ERROR;
				CLANG_WARN_DOCUMENTATION_COMMENTS = YES;
				CLANG_WARN_EMPTY_BODY = YES;
				CLANG_WARN_ENUM_CONVERSION = YES;
				CLANG_WARN_INFINITE_RECURSION = YES;
				CLANG_WARN_INT_CONVERSION = YES;
				CLANG_WARN_NON_LITERAL_NULL_CONVERSION = YES;
				CLANG_WARN_OBJC_IMPLICIT_RETAIN_SELF = YES;
				CLANG_WARN_OBJC_LITERAL_CONVERSION = YES;
				CLANG_WARN_OBJC_ROOT_CLASS = YES_ERROR;
				CLANG_WARN_QUOTED_INCLUDE_IN_FRAMEWORK_HEADER = YES;
				CLANG_WARN_RANGE_LOOP_ANALYSIS = YES;
				CLANG_WARN_STRICT_PROTOTYPES = YES;
				CLANG_WARN_SUSPICIOUS_MOVE = YES;
				CLANG_WARN_UNGUARDED_AVAILABILITY = YES_AGGRESSIVE;
				CLANG_WARN_UNREACHABLE_CODE = YES;
				CLANG_WARN__DUPLICATE_METHOD_MATCH = YES;
				COPY_PHASE_STRIP = NO;
				DEBUG_INFORMATION_FORMAT = "dwarf-with-dsym";
				ENABLE_STRICT_OBJC_MSGSEND = YES;
				ENABLE_TESTABILITY = YES;
				GCC_C_LANGUAGE_STANDARD = gnu11;
				GCC_DYNAMIC_NO_PIC = NO;
				GCC_NO_COMMON_BLOCKS = YES;
				GCC_OPTIMIZATION_LEVEL = 0;
				GCC_PREPROCESSOR_DEFINITIONS = (
					"DEBUG=1",
					"$(inherited)",
				);
				GCC_TREAT_INCOMPATIBLE_POINTER_TYPE_WARNINGS_AS_ERRORS = YES;
				GCC_TREAT_WARNINGS_AS_ERRORS = YES;
				GCC_WARN_64_TO_32_BIT_CONVERSION = YES;
				GCC_WARN_ABOUT_RETURN_TYPE = YES_ERROR;
				GCC_WARN_UNDECLARED_SELECTOR = YES;
				GCC_WARN_UNINITIALIZED_AUTOS = YES_AGGRESSIVE;
				GCC_WARN_UNUSED_FUNCTION = YES;
				GCC_WARN_UNUSED_VARIABLE = YES;
				IPHONEOS_DEPLOYMENT_TARGET = 13.0;
				MTL_ENABLE_DEBUG_INFO = INCLUDE_SOURCE;
				MTL_FAST_MATH = YES;
				ONLY_ACTIVE_ARCH = YES;
				SDKROOT = iphoneos;
				SWIFT_ACTIVE_COMPILATION_CONDITIONS = DEBUG;
				SWIFT_OPTIMIZATION_LEVEL = "-Onone";
				SWIFT_TREAT_WARNINGS_AS_ERRORS = YES;
			};
			name = Debug;
		};
		4DD14001259ED18700C98EB8 /* Release */ = {
			isa = XCBuildConfiguration;
			buildSettings = {
				ALWAYS_SEARCH_USER_PATHS = NO;
				CLANG_ANALYZER_NONNULL = YES;
				CLANG_ANALYZER_NUMBER_OBJECT_CONVERSION = YES_AGGRESSIVE;
				CLANG_CXX_LANGUAGE_STANDARD = "gnu++14";
				CLANG_CXX_LIBRARY = "libc++";
				CLANG_ENABLE_MODULES = YES;
				CLANG_ENABLE_OBJC_ARC = YES;
				CLANG_ENABLE_OBJC_WEAK = YES;
				CLANG_WARN_BLOCK_CAPTURE_AUTORELEASING = YES;
				CLANG_WARN_BOOL_CONVERSION = YES;
				CLANG_WARN_COMMA = YES;
				CLANG_WARN_CONSTANT_CONVERSION = YES;
				CLANG_WARN_DEPRECATED_OBJC_IMPLEMENTATIONS = YES;
				CLANG_WARN_DIRECT_OBJC_ISA_USAGE = YES_ERROR;
				CLANG_WARN_DOCUMENTATION_COMMENTS = YES;
				CLANG_WARN_EMPTY_BODY = YES;
				CLANG_WARN_ENUM_CONVERSION = YES;
				CLANG_WARN_INFINITE_RECURSION = YES;
				CLANG_WARN_INT_CONVERSION = YES;
				CLANG_WARN_NON_LITERAL_NULL_CONVERSION = YES;
				CLANG_WARN_OBJC_IMPLICIT_RETAIN_SELF = YES;
				CLANG_WARN_OBJC_LITERAL_CONVERSION = YES;
				CLANG_WARN_OBJC_ROOT_CLASS = YES_ERROR;
				CLANG_WARN_QUOTED_INCLUDE_IN_FRAMEWORK_HEADER = YES;
				CLANG_WARN_RANGE_LOOP_ANALYSIS = YES;
				CLANG_WARN_STRICT_PROTOTYPES = YES;
				CLANG_WARN_SUSPICIOUS_MOVE = YES;
				CLANG_WARN_UNGUARDED_AVAILABILITY = YES_AGGRESSIVE;
				CLANG_WARN_UNREACHABLE_CODE = YES;
				CLANG_WARN__DUPLICATE_METHOD_MATCH = YES;
				COPY_PHASE_STRIP = NO;
				DEBUG_INFORMATION_FORMAT = "dwarf-with-dsym";
				ENABLE_NS_ASSERTIONS = NO;
				ENABLE_STRICT_OBJC_MSGSEND = YES;
				GCC_C_LANGUAGE_STANDARD = gnu11;
				GCC_NO_COMMON_BLOCKS = YES;
				GCC_TREAT_INCOMPATIBLE_POINTER_TYPE_WARNINGS_AS_ERRORS = YES;
				GCC_TREAT_WARNINGS_AS_ERRORS = YES;
				GCC_WARN_64_TO_32_BIT_CONVERSION = YES;
				GCC_WARN_ABOUT_RETURN_TYPE = YES_ERROR;
				GCC_WARN_UNDECLARED_SELECTOR = YES;
				GCC_WARN_UNINITIALIZED_AUTOS = YES_AGGRESSIVE;
				GCC_WARN_UNUSED_FUNCTION = YES;
				GCC_WARN_UNUSED_VARIABLE = YES;
				IPHONEOS_DEPLOYMENT_TARGET = 13.0;
				MTL_ENABLE_DEBUG_INFO = NO;
				MTL_FAST_MATH = YES;
				SDKROOT = iphoneos;
				SWIFT_COMPILATION_MODE = wholemodule;
				SWIFT_OPTIMIZATION_LEVEL = "-O";
				SWIFT_TREAT_WARNINGS_AS_ERRORS = YES;
				VALIDATE_PRODUCT = YES;
			};
			name = Release;
		};
		4DD14003259ED18700C98EB8 /* Debug */ = {
			isa = XCBuildConfiguration;
			buildSettings = {
				ASSETCATALOG_COMPILER_APPICON_NAME = AppIcon;
				ASSETCATALOG_COMPILER_GLOBAL_ACCENT_COLOR_NAME = primary;
				CODE_SIGN_STYLE = Automatic;
				CURRENT_PROJECT_VERSION = 0;
				DEVELOPMENT_ASSET_PATHS = "\"PBLogging/PreviewContent\"";
				DEVELOPMENT_TEAM = RQ9T47YT3S;
				ENABLE_PREVIEWS = YES;
				INFOPLIST_FILE = PBLogging/Info.plist;
				IPHONEOS_DEPLOYMENT_TARGET = 13.0;
				LD_RUNPATH_SEARCH_PATHS = (
					"$(inherited)",
					"@executable_path/Frameworks",
				);
				MARKETING_VERSION = 0.2.0;
				PRODUCT_BUNDLE_IDENTIFIER = mil.airmencoders.logging;
				PRODUCT_NAME = "$(TARGET_NAME)";
				SWIFT_VERSION = 5.0;
				TARGETED_DEVICE_FAMILY = 2;
			};
			name = Debug;
		};
		4DD14004259ED18700C98EB8 /* Release */ = {
			isa = XCBuildConfiguration;
			buildSettings = {
				ASSETCATALOG_COMPILER_APPICON_NAME = AppIcon;
				ASSETCATALOG_COMPILER_GLOBAL_ACCENT_COLOR_NAME = primary;
				CODE_SIGN_IDENTITY = "iPhone Distribution";
				CODE_SIGN_STYLE = Manual;
				CURRENT_PROJECT_VERSION = 0;
				DEVELOPMENT_ASSET_PATHS = "\"PBLogging/PreviewContent\"";
				DEVELOPMENT_TEAM = RQ9T47YT3S;
				ENABLE_PREVIEWS = YES;
				INFOPLIST_FILE = PBLogging/Info.plist;
				IPHONEOS_DEPLOYMENT_TARGET = 13.0;
				LD_RUNPATH_SEARCH_PATHS = (
					"$(inherited)",
					"@executable_path/Frameworks",
				);
				MARKETING_VERSION = 0.2.0;
				PRODUCT_BUNDLE_IDENTIFIER = mil.airmencoders.logging;
				PRODUCT_NAME = "$(TARGET_NAME)";
				PROVISIONING_PROFILE_SPECIFIER = "GitHub Actions PBL";
				SWIFT_VERSION = 5.0;
				TARGETED_DEVICE_FAMILY = 2;
			};
			name = Release;
		};
		4DD14006259ED18700C98EB8 /* Debug */ = {
			isa = XCBuildConfiguration;
			buildSettings = {
				ALWAYS_EMBED_SWIFT_STANDARD_LIBRARIES = YES;
				BUNDLE_LOADER = "$(TEST_HOST)";
				CODE_SIGN_STYLE = Automatic;
				DEVELOPMENT_TEAM = RQ9T47YT3S;
				INFOPLIST_FILE = LoggingTests/Info.plist;
				IPHONEOS_DEPLOYMENT_TARGET = 13.0;
				LD_RUNPATH_SEARCH_PATHS = (
					"$(inherited)",
					"@executable_path/Frameworks",
					"@loader_path/Frameworks",
				);
				PRODUCT_BUNDLE_IDENTIFIER = mil.airmencoders.LoggingTests;
				PRODUCT_NAME = "$(TARGET_NAME)";
				SWIFT_VERSION = 5.0;
				TARGETED_DEVICE_FAMILY = "1,2";
				TEST_HOST = "$(BUILT_PRODUCTS_DIR)/Logging.app/Logging";
			};
			name = Debug;
		};
		4DD14007259ED18700C98EB8 /* Release */ = {
			isa = XCBuildConfiguration;
			buildSettings = {
				ALWAYS_EMBED_SWIFT_STANDARD_LIBRARIES = YES;
				BUNDLE_LOADER = "$(TEST_HOST)";
				CODE_SIGN_STYLE = Automatic;
				DEVELOPMENT_TEAM = RQ9T47YT3S;
				INFOPLIST_FILE = LoggingTests/Info.plist;
				IPHONEOS_DEPLOYMENT_TARGET = 13.0;
				LD_RUNPATH_SEARCH_PATHS = (
					"$(inherited)",
					"@executable_path/Frameworks",
					"@loader_path/Frameworks",
				);
				PRODUCT_BUNDLE_IDENTIFIER = mil.airmencoders.LoggingTests;
				PRODUCT_NAME = "$(TARGET_NAME)";
				SWIFT_VERSION = 5.0;
				TARGETED_DEVICE_FAMILY = "1,2";
				TEST_HOST = "$(BUILT_PRODUCTS_DIR)/Logging.app/Logging";
			};
			name = Release;
		};
		4DD14009259ED18700C98EB8 /* Debug */ = {
			isa = XCBuildConfiguration;
			buildSettings = {
				ALWAYS_EMBED_SWIFT_STANDARD_LIBRARIES = YES;
				CODE_SIGN_STYLE = Automatic;
				DEVELOPMENT_TEAM = RQ9T47YT3S;
				INFOPLIST_FILE = LoggingUITests/Info.plist;
				LD_RUNPATH_SEARCH_PATHS = (
					"$(inherited)",
					"@executable_path/Frameworks",
					"@loader_path/Frameworks",
				);
				PRODUCT_BUNDLE_IDENTIFIER = mil.airmencoders.LoggingUITests;
				PRODUCT_NAME = "$(TARGET_NAME)";
				SWIFT_VERSION = 5.0;
				TARGETED_DEVICE_FAMILY = "1,2";
				TEST_TARGET_NAME = Logging;
			};
			name = Debug;
		};
		4DD1400A259ED18700C98EB8 /* Release */ = {
			isa = XCBuildConfiguration;
			buildSettings = {
				ALWAYS_EMBED_SWIFT_STANDARD_LIBRARIES = YES;
				CODE_SIGN_STYLE = Automatic;
				DEVELOPMENT_TEAM = RQ9T47YT3S;
				INFOPLIST_FILE = LoggingUITests/Info.plist;
				LD_RUNPATH_SEARCH_PATHS = (
					"$(inherited)",
					"@executable_path/Frameworks",
					"@loader_path/Frameworks",
				);
				PRODUCT_BUNDLE_IDENTIFIER = mil.airmencoders.LoggingUITests;
				PRODUCT_NAME = "$(TARGET_NAME)";
				SWIFT_VERSION = 5.0;
				TARGETED_DEVICE_FAMILY = "1,2";
				TEST_TARGET_NAME = Logging;
			};
			name = Release;
		};
/* End XCBuildConfiguration section */

/* Begin XCConfigurationList section */
		4DD13FD0259ED18300C98EB8 /* Build configuration list for PBXProject "PBLogging" */ = {
			isa = XCConfigurationList;
			buildConfigurations = (
				4DD14000259ED18700C98EB8 /* Debug */,
				4DD14001259ED18700C98EB8 /* Release */,
			);
			defaultConfigurationIsVisible = 0;
			defaultConfigurationName = Release;
		};
		4DD14002259ED18700C98EB8 /* Build configuration list for PBXNativeTarget "Logging" */ = {
			isa = XCConfigurationList;
			buildConfigurations = (
				4DD14003259ED18700C98EB8 /* Debug */,
				4DD14004259ED18700C98EB8 /* Release */,
			);
			defaultConfigurationIsVisible = 0;
			defaultConfigurationName = Release;
		};
		4DD14005259ED18700C98EB8 /* Build configuration list for PBXNativeTarget "LoggingTests" */ = {
			isa = XCConfigurationList;
			buildConfigurations = (
				4DD14006259ED18700C98EB8 /* Debug */,
				4DD14007259ED18700C98EB8 /* Release */,
			);
			defaultConfigurationIsVisible = 0;
			defaultConfigurationName = Release;
		};
		4DD14008259ED18700C98EB8 /* Build configuration list for PBXNativeTarget "LoggingUITests" */ = {
			isa = XCConfigurationList;
			buildConfigurations = (
				4DD14009259ED18700C98EB8 /* Debug */,
				4DD1400A259ED18700C98EB8 /* Release */,
			);
			defaultConfigurationIsVisible = 0;
			defaultConfigurationName = Release;
		};
/* End XCConfigurationList section */

/* Begin XCVersionGroup section */
		BFEB675825E5E0CA00980700 /* DataModel.xcdatamodeld */ = {
			isa = XCVersionGroup;
			children = (
				BFEB675925E5E0CA00980700 /* DataModel.xcdatamodel */,
			);
			currentVersion = BFEB675925E5E0CA00980700 /* DataModel.xcdatamodel */;
			path = DataModel.xcdatamodeld;
			sourceTree = "<group>";
			versionGroupType = wrapper.xcdatamodel;
		};
/* End XCVersionGroup section */
	};
	rootObject = 4DD13FCD259ED18300C98EB8 /* Project object */;
}
